// !$*UTF8*$!
{
	archiveVersion = 1;
	classes = {
	};
	objectVersion = 46;
	objects = {

/* Begin PBXBuildFile section */
		7703A375158AEEA400CF326C /* GDIAutoFocusingScrollViewController.h in Headers */ = {isa = PBXBuildFile; fileRef = 7703A373158AEEA400CF326C /* GDIAutoFocusingScrollViewController.h */; settings = {ATTRIBUTES = (Public, ); }; };
		7703A376158AEEA400CF326C /* GDIAutoFocusingScrollViewController.m in Sources */ = {isa = PBXBuildFile; fileRef = 7703A374158AEEA400CF326C /* GDIAutoFocusingScrollViewController.m */; };
		7772C64B158AAE2400A8AF93 /* NSObject+PerformBlockAfterDelay.h in Headers */ = {isa = PBXBuildFile; fileRef = 7772C649158AAE2300A8AF93 /* NSObject+PerformBlockAfterDelay.h */; settings = {ATTRIBUTES = (Public, ); }; };
		7772C64C158AAE2400A8AF93 /* NSObject+PerformBlockAfterDelay.m in Sources */ = {isa = PBXBuildFile; fileRef = 7772C64A158AAE2300A8AF93 /* NSObject+PerformBlockAfterDelay.m */; };
		77DAEC5715790DE80035EFC5 /* Foundation.framework in Frameworks */ = {isa = PBXBuildFile; fileRef = 77DAEC5615790DE80035EFC5 /* Foundation.framework */; };
		77DAEC6515790DE80035EFC5 /* SenTestingKit.framework in Frameworks */ = {isa = PBXBuildFile; fileRef = 77DAEC6415790DE80035EFC5 /* SenTestingKit.framework */; };
		77DAEC6815790DE80035EFC5 /* Foundation.framework in Frameworks */ = {isa = PBXBuildFile; fileRef = 77DAEC5615790DE80035EFC5 /* Foundation.framework */; };
		77DAEC6B15790DE80035EFC5 /* libGravity.a in Frameworks */ = {isa = PBXBuildFile; fileRef = 77DAEC5315790DE80035EFC5 /* libGravity.a */; };
		77DAEC7115790DE80035EFC5 /* InfoPlist.strings in Resources */ = {isa = PBXBuildFile; fileRef = 77DAEC6F15790DE80035EFC5 /* InfoPlist.strings */; };
		77DAEC7415790DE80035EFC5 /* GravityTests.m in Sources */ = {isa = PBXBuildFile; fileRef = 77DAEC7315790DE80035EFC5 /* GravityTests.m */; };
		77DAECAA15790F3C0035EFC5 /* SharedImageCache.h in Headers */ = {isa = PBXBuildFile; fileRef = 77DAEC8415790F3B0035EFC5 /* SharedImageCache.h */; settings = {ATTRIBUTES = (Public, ); }; };
		77DAECAB15790F3C0035EFC5 /* SharedImageCache.m in Sources */ = {isa = PBXBuildFile; fileRef = 77DAEC8515790F3B0035EFC5 /* SharedImageCache.m */; };
		77DAECAC15790F3C0035EFC5 /* ImageCacheObject.h in Headers */ = {isa = PBXBuildFile; fileRef = 77DAEC8615790F3B0035EFC5 /* ImageCacheObject.h */; settings = {ATTRIBUTES = (Public, ); }; };
		77DAECAD15790F3C0035EFC5 /* ImageCacheObject.m in Sources */ = {isa = PBXBuildFile; fileRef = 77DAEC8715790F3C0035EFC5 /* ImageCacheObject.m */; };
		77DAECAE15790F3C0035EFC5 /* ImageCache.h in Headers */ = {isa = PBXBuildFile; fileRef = 77DAEC8815790F3C0035EFC5 /* ImageCache.h */; settings = {ATTRIBUTES = (Public, ); }; };
		77DAECAF15790F3C0035EFC5 /* ImageCache.m in Sources */ = {isa = PBXBuildFile; fileRef = 77DAEC8915790F3C0035EFC5 /* ImageCache.m */; };
		77DAECB015790F3C0035EFC5 /* GDITouchProxyView.h in Headers */ = {isa = PBXBuildFile; fileRef = 77DAEC8A15790F3C0035EFC5 /* GDITouchProxyView.h */; settings = {ATTRIBUTES = (Public, ); }; };
		77DAECB115790F3C0035EFC5 /* GDITouchProxyView.m in Sources */ = {isa = PBXBuildFile; fileRef = 77DAEC8B15790F3C0035EFC5 /* GDITouchProxyView.m */; };
		77DAECB215790F3C0035EFC5 /* GDISignatureCaptureView.h in Headers */ = {isa = PBXBuildFile; fileRef = 77DAEC8C15790F3C0035EFC5 /* GDISignatureCaptureView.h */; settings = {ATTRIBUTES = (Public, ); }; };
		77DAECB315790F3C0035EFC5 /* GDISignatureCaptureView.m in Sources */ = {isa = PBXBuildFile; fileRef = 77DAEC8D15790F3C0035EFC5 /* GDISignatureCaptureView.m */; };
		77DAECB415790F3C0035EFC5 /* UIAlertView+GDIAdditions.h in Headers */ = {isa = PBXBuildFile; fileRef = 77DAEC8E15790F3C0035EFC5 /* UIAlertView+GDIAdditions.h */; settings = {ATTRIBUTES = (Public, ); }; };
		77DAECB515790F3C0035EFC5 /* UIAlertView+GDIAdditions.m in Sources */ = {isa = PBXBuildFile; fileRef = 77DAEC8F15790F3C0035EFC5 /* UIAlertView+GDIAdditions.m */; };
		77DAECB615790F3C0035EFC5 /* UIColor+GDIAdditions.h in Headers */ = {isa = PBXBuildFile; fileRef = 77DAEC9015790F3C0035EFC5 /* UIColor+GDIAdditions.h */; settings = {ATTRIBUTES = (Public, ); }; };
		77DAECB715790F3C0035EFC5 /* UIColor+GDIAdditions.m in Sources */ = {isa = PBXBuildFile; fileRef = 77DAEC9115790F3C0035EFC5 /* UIColor+GDIAdditions.m */; };
		77DAECB815790F3C0035EFC5 /* UIDevice+GDIAdditions.h in Headers */ = {isa = PBXBuildFile; fileRef = 77DAEC9215790F3C0035EFC5 /* UIDevice+GDIAdditions.h */; settings = {ATTRIBUTES = (Public, ); }; };
		77DAECB915790F3C0035EFC5 /* UIDevice+GDIAdditions.m in Sources */ = {isa = PBXBuildFile; fileRef = 77DAEC9315790F3C0035EFC5 /* UIDevice+GDIAdditions.m */; };
		77DAECBA15790F3C0035EFC5 /* UIImage+GDIAdditions.h in Headers */ = {isa = PBXBuildFile; fileRef = 77DAEC9415790F3C0035EFC5 /* UIImage+GDIAdditions.h */; settings = {ATTRIBUTES = (Public, ); }; };
		77DAECBB15790F3C0035EFC5 /* UIImage+GDIAdditions.m in Sources */ = {isa = PBXBuildFile; fileRef = 77DAEC9515790F3C0035EFC5 /* UIImage+GDIAdditions.m */; };
		77DAECBC15790F3C0035EFC5 /* UIImageView+GDIAdditions.h in Headers */ = {isa = PBXBuildFile; fileRef = 77DAEC9615790F3C0035EFC5 /* UIImageView+GDIAdditions.h */; settings = {ATTRIBUTES = (Public, ); }; };
		77DAECBD15790F3C0035EFC5 /* UIImageView+GDIAdditions.m in Sources */ = {isa = PBXBuildFile; fileRef = 77DAEC9715790F3C0035EFC5 /* UIImageView+GDIAdditions.m */; };
		77DAECBE15790F3C0035EFC5 /* UILabel+GDIAdditions.h in Headers */ = {isa = PBXBuildFile; fileRef = 77DAEC9815790F3C0035EFC5 /* UILabel+GDIAdditions.h */; settings = {ATTRIBUTES = (Public, ); }; };
		77DAECBF15790F3C0035EFC5 /* UILabel+GDIAdditions.m in Sources */ = {isa = PBXBuildFile; fileRef = 77DAEC9915790F3C0035EFC5 /* UILabel+GDIAdditions.m */; };
		77DAECC015790F3C0035EFC5 /* UISearchBar+GDIAdditions.h in Headers */ = {isa = PBXBuildFile; fileRef = 77DAEC9A15790F3C0035EFC5 /* UISearchBar+GDIAdditions.h */; settings = {ATTRIBUTES = (Public, ); }; };
		77DAECC115790F3C0035EFC5 /* UISearchBar+GDIAdditions.m in Sources */ = {isa = PBXBuildFile; fileRef = 77DAEC9B15790F3C0035EFC5 /* UISearchBar+GDIAdditions.m */; };
		77DAECC215790F3C0035EFC5 /* UIView+GDIAdditions.h in Headers */ = {isa = PBXBuildFile; fileRef = 77DAEC9C15790F3C0035EFC5 /* UIView+GDIAdditions.h */; settings = {ATTRIBUTES = (Public, ); }; };
		77DAECC315790F3C0035EFC5 /* UIView+GDIAdditions.m in Sources */ = {isa = PBXBuildFile; fileRef = 77DAEC9D15790F3C0035EFC5 /* UIView+GDIAdditions.m */; };
		77DAECC415790F3C0035EFC5 /* NSData+GDIAdditions.h in Headers */ = {isa = PBXBuildFile; fileRef = 77DAEC9E15790F3C0035EFC5 /* NSData+GDIAdditions.h */; settings = {ATTRIBUTES = (Public, ); }; };
		77DAECC515790F3C0035EFC5 /* NSData+GDIAdditions.m in Sources */ = {isa = PBXBuildFile; fileRef = 77DAEC9F15790F3C0035EFC5 /* NSData+GDIAdditions.m */; };
		77DAECC615790F3C0035EFC5 /* NSDate+GDIAdditions.h in Headers */ = {isa = PBXBuildFile; fileRef = 77DAECA015790F3C0035EFC5 /* NSDate+GDIAdditions.h */; settings = {ATTRIBUTES = (Public, ); }; };
		77DAECC715790F3C0035EFC5 /* NSDate+GDIAdditions.m in Sources */ = {isa = PBXBuildFile; fileRef = 77DAECA115790F3C0035EFC5 /* NSDate+GDIAdditions.m */; };
		77DAECC815790F3C0035EFC5 /* NSString+GDIAdditions.h in Headers */ = {isa = PBXBuildFile; fileRef = 77DAECA215790F3C0035EFC5 /* NSString+GDIAdditions.h */; settings = {ATTRIBUTES = (Public, ); }; };
		77DAECC915790F3C0035EFC5 /* NSString+GDIAdditions.m in Sources */ = {isa = PBXBuildFile; fileRef = 77DAECA315790F3C0035EFC5 /* NSString+GDIAdditions.m */; };
		77DAECCA15790F3C0035EFC5 /* CAAnimation+Blocks.h in Headers */ = {isa = PBXBuildFile; fileRef = 77DAECA415790F3C0035EFC5 /* CAAnimation+Blocks.h */; settings = {ATTRIBUTES = (Public, ); }; };
		77DAECCB15790F3C0035EFC5 /* CAAnimation+Blocks.m in Sources */ = {isa = PBXBuildFile; fileRef = 77DAECA515790F3C0035EFC5 /* CAAnimation+Blocks.m */; };
		77DAECCC15790F3C0035EFC5 /* CoreGraphics+GDIAdditions.h in Headers */ = {isa = PBXBuildFile; fileRef = 77DAECA615790F3C0035EFC5 /* CoreGraphics+GDIAdditions.h */; settings = {ATTRIBUTES = (Public, ); }; };
		77DAECCD15790F3C0035EFC5 /* CoreGraphics+GDIAdditions.m in Sources */ = {isa = PBXBuildFile; fileRef = 77DAECA715790F3C0035EFC5 /* CoreGraphics+GDIAdditions.m */; };
		77DAECCE15790F3C0035EFC5 /* GDIMath.h in Headers */ = {isa = PBXBuildFile; fileRef = 77DAECA815790F3C0035EFC5 /* GDIMath.h */; settings = {ATTRIBUTES = (Public, ); }; };
		77DAECCF15790F3C0035EFC5 /* GDIMath.m in Sources */ = {isa = PBXBuildFile; fileRef = 77DAECA915790F3C0035EFC5 /* GDIMath.m */; };
		77DAECDD15790FEC0035EFC5 /* QuartzCore.framework in Frameworks */ = {isa = PBXBuildFile; fileRef = 77DAECDA15790FEC0035EFC5 /* QuartzCore.framework */; };
		77DAECDE15790FEC0035EFC5 /* CoreGraphics.framework in Frameworks */ = {isa = PBXBuildFile; fileRef = 77DAECDB15790FEC0035EFC5 /* CoreGraphics.framework */; };
		77DAECE11579104E0035EFC5 /* UIKit.framework in Frameworks */ = {isa = PBXBuildFile; fileRef = 77DAECE01579104E0035EFC5 /* UIKit.framework */; };
		77DAECE2157910770035EFC5 /* UIKit.framework in Frameworks */ = {isa = PBXBuildFile; fileRef = 77DAECE01579104E0035EFC5 /* UIKit.framework */; };
		77DAECF1157918CC0035EFC5 /* Gravity.h in Headers */ = {isa = PBXBuildFile; fileRef = 77DAEC5B15790DE80035EFC5 /* Gravity.h */; settings = {ATTRIBUTES = (Public, ); }; };
/* End PBXBuildFile section */

/* Begin PBXContainerItemProxy section */
		77DAEC6915790DE80035EFC5 /* PBXContainerItemProxy */ = {
			isa = PBXContainerItemProxy;
			containerPortal = 77DAEC4A15790DE80035EFC5 /* Project object */;
			proxyType = 1;
			remoteGlobalIDString = 77DAEC5215790DE80035EFC5;
			remoteInfo = Gravity;
		};
/* End PBXContainerItemProxy section */

/* Begin PBXFileReference section */
		7703A373158AEEA400CF326C /* GDIAutoFocusingScrollViewController.h */ = {isa = PBXFileReference; fileEncoding = 4; lastKnownFileType = sourcecode.c.h; path = GDIAutoFocusingScrollViewController.h; sourceTree = "<group>"; };
		7703A374158AEEA400CF326C /* GDIAutoFocusingScrollViewController.m */ = {isa = PBXFileReference; fileEncoding = 4; lastKnownFileType = sourcecode.c.objc; path = GDIAutoFocusingScrollViewController.m; sourceTree = "<group>"; };
		7772C649158AAE2300A8AF93 /* NSObject+PerformBlockAfterDelay.h */ = {isa = PBXFileReference; fileEncoding = 4; lastKnownFileType = sourcecode.c.h; path = "NSObject+PerformBlockAfterDelay.h"; sourceTree = "<group>"; };
		7772C64A158AAE2300A8AF93 /* NSObject+PerformBlockAfterDelay.m */ = {isa = PBXFileReference; fileEncoding = 4; lastKnownFileType = sourcecode.c.objc; path = "NSObject+PerformBlockAfterDelay.m"; sourceTree = "<group>"; };
		77DAEC5315790DE80035EFC5 /* libGravity.a */ = {isa = PBXFileReference; explicitFileType = archive.ar; includeInIndex = 0; path = libGravity.a; sourceTree = BUILT_PRODUCTS_DIR; };
		77DAEC5615790DE80035EFC5 /* Foundation.framework */ = {isa = PBXFileReference; lastKnownFileType = wrapper.framework; name = Foundation.framework; path = System/Library/Frameworks/Foundation.framework; sourceTree = SDKROOT; };
		77DAEC5A15790DE80035EFC5 /* Gravity-Prefix.pch */ = {isa = PBXFileReference; lastKnownFileType = sourcecode.c.h; path = "Gravity-Prefix.pch"; sourceTree = "<group>"; };
		77DAEC5B15790DE80035EFC5 /* Gravity.h */ = {isa = PBXFileReference; lastKnownFileType = sourcecode.c.h; path = Gravity.h; sourceTree = "<group>"; };
		77DAEC6315790DE80035EFC5 /* GravityTests.octest */ = {isa = PBXFileReference; explicitFileType = wrapper.cfbundle; includeInIndex = 0; path = GravityTests.octest; sourceTree = BUILT_PRODUCTS_DIR; };
		77DAEC6415790DE80035EFC5 /* SenTestingKit.framework */ = {isa = PBXFileReference; lastKnownFileType = wrapper.framework; name = SenTestingKit.framework; path = Library/Frameworks/SenTestingKit.framework; sourceTree = DEVELOPER_DIR; };
		77DAEC6E15790DE80035EFC5 /* GravityTests-Info.plist */ = {isa = PBXFileReference; lastKnownFileType = text.plist.xml; path = "GravityTests-Info.plist"; sourceTree = "<group>"; };
		77DAEC7015790DE80035EFC5 /* en */ = {isa = PBXFileReference; lastKnownFileType = text.plist.strings; name = en; path = en.lproj/InfoPlist.strings; sourceTree = "<group>"; };
		77DAEC7215790DE80035EFC5 /* GravityTests.h */ = {isa = PBXFileReference; lastKnownFileType = sourcecode.c.h; path = GravityTests.h; sourceTree = "<group>"; };
		77DAEC7315790DE80035EFC5 /* GravityTests.m */ = {isa = PBXFileReference; lastKnownFileType = sourcecode.c.objc; path = GravityTests.m; sourceTree = "<group>"; };
		77DAEC8415790F3B0035EFC5 /* SharedImageCache.h */ = {isa = PBXFileReference; fileEncoding = 4; lastKnownFileType = sourcecode.c.h; path = SharedImageCache.h; sourceTree = "<group>"; };
		77DAEC8515790F3B0035EFC5 /* SharedImageCache.m */ = {isa = PBXFileReference; fileEncoding = 4; lastKnownFileType = sourcecode.c.objc; path = SharedImageCache.m; sourceTree = "<group>"; };
		77DAEC8615790F3B0035EFC5 /* ImageCacheObject.h */ = {isa = PBXFileReference; fileEncoding = 4; lastKnownFileType = sourcecode.c.h; path = ImageCacheObject.h; sourceTree = "<group>"; };
		77DAEC8715790F3C0035EFC5 /* ImageCacheObject.m */ = {isa = PBXFileReference; fileEncoding = 4; lastKnownFileType = sourcecode.c.objc; path = ImageCacheObject.m; sourceTree = "<group>"; };
		77DAEC8815790F3C0035EFC5 /* ImageCache.h */ = {isa = PBXFileReference; fileEncoding = 4; lastKnownFileType = sourcecode.c.h; path = ImageCache.h; sourceTree = "<group>"; };
		77DAEC8915790F3C0035EFC5 /* ImageCache.m */ = {isa = PBXFileReference; fileEncoding = 4; lastKnownFileType = sourcecode.c.objc; path = ImageCache.m; sourceTree = "<group>"; };
		77DAEC8A15790F3C0035EFC5 /* GDITouchProxyView.h */ = {isa = PBXFileReference; fileEncoding = 4; lastKnownFileType = sourcecode.c.h; path = GDITouchProxyView.h; sourceTree = "<group>"; };
		77DAEC8B15790F3C0035EFC5 /* GDITouchProxyView.m */ = {isa = PBXFileReference; fileEncoding = 4; lastKnownFileType = sourcecode.c.objc; path = GDITouchProxyView.m; sourceTree = "<group>"; };
		77DAEC8C15790F3C0035EFC5 /* GDISignatureCaptureView.h */ = {isa = PBXFileReference; fileEncoding = 4; lastKnownFileType = sourcecode.c.h; path = GDISignatureCaptureView.h; sourceTree = "<group>"; };
		77DAEC8D15790F3C0035EFC5 /* GDISignatureCaptureView.m */ = {isa = PBXFileReference; fileEncoding = 4; lastKnownFileType = sourcecode.c.objc; path = GDISignatureCaptureView.m; sourceTree = "<group>"; };
		77DAEC8E15790F3C0035EFC5 /* UIAlertView+GDIAdditions.h */ = {isa = PBXFileReference; fileEncoding = 4; lastKnownFileType = sourcecode.c.h; path = "UIAlertView+GDIAdditions.h"; sourceTree = "<group>"; };
		77DAEC8F15790F3C0035EFC5 /* UIAlertView+GDIAdditions.m */ = {isa = PBXFileReference; fileEncoding = 4; lastKnownFileType = sourcecode.c.objc; path = "UIAlertView+GDIAdditions.m"; sourceTree = "<group>"; };
		77DAEC9015790F3C0035EFC5 /* UIColor+GDIAdditions.h */ = {isa = PBXFileReference; fileEncoding = 4; lastKnownFileType = sourcecode.c.h; path = "UIColor+GDIAdditions.h"; sourceTree = "<group>"; };
		77DAEC9115790F3C0035EFC5 /* UIColor+GDIAdditions.m */ = {isa = PBXFileReference; fileEncoding = 4; lastKnownFileType = sourcecode.c.objc; path = "UIColor+GDIAdditions.m"; sourceTree = "<group>"; };
		77DAEC9215790F3C0035EFC5 /* UIDevice+GDIAdditions.h */ = {isa = PBXFileReference; fileEncoding = 4; lastKnownFileType = sourcecode.c.h; path = "UIDevice+GDIAdditions.h"; sourceTree = "<group>"; };
		77DAEC9315790F3C0035EFC5 /* UIDevice+GDIAdditions.m */ = {isa = PBXFileReference; fileEncoding = 4; lastKnownFileType = sourcecode.c.objc; path = "UIDevice+GDIAdditions.m"; sourceTree = "<group>"; };
		77DAEC9415790F3C0035EFC5 /* UIImage+GDIAdditions.h */ = {isa = PBXFileReference; fileEncoding = 4; lastKnownFileType = sourcecode.c.h; path = "UIImage+GDIAdditions.h"; sourceTree = "<group>"; };
		77DAEC9515790F3C0035EFC5 /* UIImage+GDIAdditions.m */ = {isa = PBXFileReference; fileEncoding = 4; lastKnownFileType = sourcecode.c.objc; path = "UIImage+GDIAdditions.m"; sourceTree = "<group>"; };
		77DAEC9615790F3C0035EFC5 /* UIImageView+GDIAdditions.h */ = {isa = PBXFileReference; fileEncoding = 4; lastKnownFileType = sourcecode.c.h; path = "UIImageView+GDIAdditions.h"; sourceTree = "<group>"; };
		77DAEC9715790F3C0035EFC5 /* UIImageView+GDIAdditions.m */ = {isa = PBXFileReference; fileEncoding = 4; lastKnownFileType = sourcecode.c.objc; path = "UIImageView+GDIAdditions.m"; sourceTree = "<group>"; };
		77DAEC9815790F3C0035EFC5 /* UILabel+GDIAdditions.h */ = {isa = PBXFileReference; fileEncoding = 4; lastKnownFileType = sourcecode.c.h; path = "UILabel+GDIAdditions.h"; sourceTree = "<group>"; };
		77DAEC9915790F3C0035EFC5 /* UILabel+GDIAdditions.m */ = {isa = PBXFileReference; fileEncoding = 4; lastKnownFileType = sourcecode.c.objc; path = "UILabel+GDIAdditions.m"; sourceTree = "<group>"; };
		77DAEC9A15790F3C0035EFC5 /* UISearchBar+GDIAdditions.h */ = {isa = PBXFileReference; fileEncoding = 4; lastKnownFileType = sourcecode.c.h; path = "UISearchBar+GDIAdditions.h"; sourceTree = "<group>"; };
		77DAEC9B15790F3C0035EFC5 /* UISearchBar+GDIAdditions.m */ = {isa = PBXFileReference; fileEncoding = 4; lastKnownFileType = sourcecode.c.objc; path = "UISearchBar+GDIAdditions.m"; sourceTree = "<group>"; };
		77DAEC9C15790F3C0035EFC5 /* UIView+GDIAdditions.h */ = {isa = PBXFileReference; fileEncoding = 4; lastKnownFileType = sourcecode.c.h; path = "UIView+GDIAdditions.h"; sourceTree = "<group>"; };
		77DAEC9D15790F3C0035EFC5 /* UIView+GDIAdditions.m */ = {isa = PBXFileReference; fileEncoding = 4; lastKnownFileType = sourcecode.c.objc; path = "UIView+GDIAdditions.m"; sourceTree = "<group>"; };
		77DAEC9E15790F3C0035EFC5 /* NSData+GDIAdditions.h */ = {isa = PBXFileReference; fileEncoding = 4; lastKnownFileType = sourcecode.c.h; path = "NSData+GDIAdditions.h"; sourceTree = "<group>"; };
		77DAEC9F15790F3C0035EFC5 /* NSData+GDIAdditions.m */ = {isa = PBXFileReference; fileEncoding = 4; lastKnownFileType = sourcecode.c.objc; path = "NSData+GDIAdditions.m"; sourceTree = "<group>"; };
		77DAECA015790F3C0035EFC5 /* NSDate+GDIAdditions.h */ = {isa = PBXFileReference; fileEncoding = 4; lastKnownFileType = sourcecode.c.h; path = "NSDate+GDIAdditions.h"; sourceTree = "<group>"; };
		77DAECA115790F3C0035EFC5 /* NSDate+GDIAdditions.m */ = {isa = PBXFileReference; fileEncoding = 4; lastKnownFileType = sourcecode.c.objc; path = "NSDate+GDIAdditions.m"; sourceTree = "<group>"; };
		77DAECA215790F3C0035EFC5 /* NSString+GDIAdditions.h */ = {isa = PBXFileReference; fileEncoding = 4; lastKnownFileType = sourcecode.c.h; path = "NSString+GDIAdditions.h"; sourceTree = "<group>"; };
		77DAECA315790F3C0035EFC5 /* NSString+GDIAdditions.m */ = {isa = PBXFileReference; fileEncoding = 4; lastKnownFileType = sourcecode.c.objc; path = "NSString+GDIAdditions.m"; sourceTree = "<group>"; };
		77DAECA415790F3C0035EFC5 /* CAAnimation+Blocks.h */ = {isa = PBXFileReference; fileEncoding = 4; lastKnownFileType = sourcecode.c.h; path = "CAAnimation+Blocks.h"; sourceTree = "<group>"; };
		77DAECA515790F3C0035EFC5 /* CAAnimation+Blocks.m */ = {isa = PBXFileReference; fileEncoding = 4; lastKnownFileType = sourcecode.c.objc; path = "CAAnimation+Blocks.m"; sourceTree = "<group>"; };
		77DAECA615790F3C0035EFC5 /* CoreGraphics+GDIAdditions.h */ = {isa = PBXFileReference; fileEncoding = 4; lastKnownFileType = sourcecode.c.h; path = "CoreGraphics+GDIAdditions.h"; sourceTree = "<group>"; };
		77DAECA715790F3C0035EFC5 /* CoreGraphics+GDIAdditions.m */ = {isa = PBXFileReference; fileEncoding = 4; lastKnownFileType = sourcecode.c.objc; path = "CoreGraphics+GDIAdditions.m"; sourceTree = "<group>"; };
		77DAECA815790F3C0035EFC5 /* GDIMath.h */ = {isa = PBXFileReference; fileEncoding = 4; lastKnownFileType = sourcecode.c.h; path = GDIMath.h; sourceTree = "<group>"; };
		77DAECA915790F3C0035EFC5 /* GDIMath.m */ = {isa = PBXFileReference; fileEncoding = 4; lastKnownFileType = sourcecode.c.objc; path = GDIMath.m; sourceTree = "<group>"; };
		77DAECDA15790FEC0035EFC5 /* QuartzCore.framework */ = {isa = PBXFileReference; lastKnownFileType = wrapper.framework; name = QuartzCore.framework; path = System/Library/Frameworks/QuartzCore.framework; sourceTree = SDKROOT; };
		77DAECDB15790FEC0035EFC5 /* CoreGraphics.framework */ = {isa = PBXFileReference; lastKnownFileType = wrapper.framework; name = CoreGraphics.framework; path = System/Library/Frameworks/CoreGraphics.framework; sourceTree = SDKROOT; };
		77DAECE01579104E0035EFC5 /* UIKit.framework */ = {isa = PBXFileReference; lastKnownFileType = wrapper.framework; name = UIKit.framework; path = System/Library/Frameworks/UIKit.framework; sourceTree = SDKROOT; };
/* End PBXFileReference section */

/* Begin PBXFrameworksBuildPhase section */
		77DAEC5015790DE80035EFC5 /* Frameworks */ = {
			isa = PBXFrameworksBuildPhase;
			buildActionMask = 2147483647;
			files = (
				77DAEC5715790DE80035EFC5 /* Foundation.framework in Frameworks */,
				77DAECDD15790FEC0035EFC5 /* QuartzCore.framework in Frameworks */,
				77DAECDE15790FEC0035EFC5 /* CoreGraphics.framework in Frameworks */,
				77DAECE11579104E0035EFC5 /* UIKit.framework in Frameworks */,
			);
			runOnlyForDeploymentPostprocessing = 0;
		};
		77DAEC5F15790DE80035EFC5 /* Frameworks */ = {
			isa = PBXFrameworksBuildPhase;
			buildActionMask = 2147483647;
			files = (
				77DAEC6515790DE80035EFC5 /* SenTestingKit.framework in Frameworks */,
				77DAEC6815790DE80035EFC5 /* Foundation.framework in Frameworks */,
				77DAEC6B15790DE80035EFC5 /* libGravity.a in Frameworks */,
				77DAECE2157910770035EFC5 /* UIKit.framework in Frameworks */,
			);
			runOnlyForDeploymentPostprocessing = 0;
		};
/* End PBXFrameworksBuildPhase section */

/* Begin PBXGroup section */
		77DAEC4815790DE80035EFC5 = {
			isa = PBXGroup;
			children = (
				77DAEC5815790DE80035EFC5 /* Gravity */,
				77DAEC6C15790DE80035EFC5 /* GravityTests */,
				77DAEC5515790DE80035EFC5 /* Frameworks */,
				77DAEC5415790DE80035EFC5 /* Products */,
			);
			sourceTree = "<group>";
		};
		77DAEC5415790DE80035EFC5 /* Products */ = {
			isa = PBXGroup;
			children = (
				77DAEC5315790DE80035EFC5 /* libGravity.a */,
				77DAEC6315790DE80035EFC5 /* GravityTests.octest */,
			);
			name = Products;
			sourceTree = "<group>";
		};
		77DAEC5515790DE80035EFC5 /* Frameworks */ = {
			isa = PBXGroup;
			children = (
				77DAECDA15790FEC0035EFC5 /* QuartzCore.framework */,
				77DAECDB15790FEC0035EFC5 /* CoreGraphics.framework */,
				77DAEC5615790DE80035EFC5 /* Foundation.framework */,
				77DAEC6415790DE80035EFC5 /* SenTestingKit.framework */,
				77DAECE01579104E0035EFC5 /* UIKit.framework */,
			);
			name = Frameworks;
			sourceTree = "<group>";
		};
		77DAEC5815790DE80035EFC5 /* Gravity */ = {
			isa = PBXGroup;
			children = (
				77DAEC5B15790DE80035EFC5 /* Gravity.h */,
				77DAECD315790F6E0035EFC5 /* Categories */,
				77DAECD215790F560035EFC5 /* Components */,
				77DAECD115790F460035EFC5 /* Image Cache */,
				77DAECD815790FA20035EFC5 /* Utility */,
				77DAEC5915790DE80035EFC5 /* Supporting Files */,
			);
			path = Gravity;
			sourceTree = "<group>";
		};
		77DAEC5915790DE80035EFC5 /* Supporting Files */ = {
			isa = PBXGroup;
			children = (
				77DAEC5A15790DE80035EFC5 /* Gravity-Prefix.pch */,
			);
			name = "Supporting Files";
			sourceTree = "<group>";
		};
		77DAEC6C15790DE80035EFC5 /* GravityTests */ = {
			isa = PBXGroup;
			children = (
				77DAEC7215790DE80035EFC5 /* GravityTests.h */,
				77DAEC7315790DE80035EFC5 /* GravityTests.m */,
				77DAEC6D15790DE80035EFC5 /* Supporting Files */,
			);
			path = GravityTests;
			sourceTree = "<group>";
		};
		77DAEC6D15790DE80035EFC5 /* Supporting Files */ = {
			isa = PBXGroup;
			children = (
				77DAEC6E15790DE80035EFC5 /* GravityTests-Info.plist */,
				77DAEC6F15790DE80035EFC5 /* InfoPlist.strings */,
			);
			name = "Supporting Files";
			sourceTree = "<group>";
		};
		77DAECD115790F460035EFC5 /* Image Cache */ = {
			isa = PBXGroup;
			children = (
				77DAEC8415790F3B0035EFC5 /* SharedImageCache.h */,
				77DAEC8515790F3B0035EFC5 /* SharedImageCache.m */,
				77DAEC8615790F3B0035EFC5 /* ImageCacheObject.h */,
				77DAEC8715790F3C0035EFC5 /* ImageCacheObject.m */,
				77DAEC8815790F3C0035EFC5 /* ImageCache.h */,
				77DAEC8915790F3C0035EFC5 /* ImageCache.m */,
			);
			name = "Image Cache";
			sourceTree = "<group>";
		};
		77DAECD215790F560035EFC5 /* Components */ = {
			isa = PBXGroup;
			children = (
				77DAEC8A15790F3C0035EFC5 /* GDITouchProxyView.h */,
				77DAEC8B15790F3C0035EFC5 /* GDITouchProxyView.m */,
				77DAEC8C15790F3C0035EFC5 /* GDISignatureCaptureView.h */,
				77DAEC8D15790F3C0035EFC5 /* GDISignatureCaptureView.m */,
				7703A373158AEEA400CF326C /* GDIAutoFocusingScrollViewController.h */,
				7703A374158AEEA400CF326C /* GDIAutoFocusingScrollViewController.m */,
			);
			name = Components;
			sourceTree = "<group>";
		};
		77DAECD315790F6E0035EFC5 /* Categories */ = {
			isa = PBXGroup;
			children = (
				77DAECD715790F820035EFC5 /* Core Graphics */,
				77DAECD615790F7E0035EFC5 /* Core Animation */,
				77DAECD515790F7A0035EFC5 /* Foundation */,
				77DAECD415790F750035EFC5 /* UIKit */,
			);
			name = Categories;
			sourceTree = "<group>";
		};
		77DAECD415790F750035EFC5 /* UIKit */ = {
			isa = PBXGroup;
			children = (
				77DAEC8E15790F3C0035EFC5 /* UIAlertView+GDIAdditions.h */,
				77DAEC8F15790F3C0035EFC5 /* UIAlertView+GDIAdditions.m */,
				77DAEC9015790F3C0035EFC5 /* UIColor+GDIAdditions.h */,
				77DAEC9115790F3C0035EFC5 /* UIColor+GDIAdditions.m */,
				77DAEC9215790F3C0035EFC5 /* UIDevice+GDIAdditions.h */,
				77DAEC9315790F3C0035EFC5 /* UIDevice+GDIAdditions.m */,
				77DAEC9415790F3C0035EFC5 /* UIImage+GDIAdditions.h */,
				77DAEC9515790F3C0035EFC5 /* UIImage+GDIAdditions.m */,
				77DAEC9615790F3C0035EFC5 /* UIImageView+GDIAdditions.h */,
				77DAEC9715790F3C0035EFC5 /* UIImageView+GDIAdditions.m */,
				77DAEC9815790F3C0035EFC5 /* UILabel+GDIAdditions.h */,
				77DAEC9915790F3C0035EFC5 /* UILabel+GDIAdditions.m */,
				77DAEC9A15790F3C0035EFC5 /* UISearchBar+GDIAdditions.h */,
				77DAEC9B15790F3C0035EFC5 /* UISearchBar+GDIAdditions.m */,
				77DAEC9C15790F3C0035EFC5 /* UIView+GDIAdditions.h */,
				77DAEC9D15790F3C0035EFC5 /* UIView+GDIAdditions.m */,
			);
			name = UIKit;
			sourceTree = "<group>";
		};
		77DAECD515790F7A0035EFC5 /* Foundation */ = {
			isa = PBXGroup;
			children = (
				77DAEC9E15790F3C0035EFC5 /* NSData+GDIAdditions.h */,
				77DAEC9F15790F3C0035EFC5 /* NSData+GDIAdditions.m */,
				77DAECA015790F3C0035EFC5 /* NSDate+GDIAdditions.h */,
				77DAECA115790F3C0035EFC5 /* NSDate+GDIAdditions.m */,
				77DAECA215790F3C0035EFC5 /* NSString+GDIAdditions.h */,
				77DAECA315790F3C0035EFC5 /* NSString+GDIAdditions.m */,
				7772C649158AAE2300A8AF93 /* NSObject+PerformBlockAfterDelay.h */,
				7772C64A158AAE2300A8AF93 /* NSObject+PerformBlockAfterDelay.m */,
			);
			name = Foundation;
			sourceTree = "<group>";
		};
		77DAECD615790F7E0035EFC5 /* Core Animation */ = {
			isa = PBXGroup;
			children = (
				77DAECA415790F3C0035EFC5 /* CAAnimation+Blocks.h */,
				77DAECA515790F3C0035EFC5 /* CAAnimation+Blocks.m */,
			);
			name = "Core Animation";
			sourceTree = "<group>";
		};
		77DAECD715790F820035EFC5 /* Core Graphics */ = {
			isa = PBXGroup;
			children = (
				77DAECA615790F3C0035EFC5 /* CoreGraphics+GDIAdditions.h */,
				77DAECA715790F3C0035EFC5 /* CoreGraphics+GDIAdditions.m */,
			);
			name = "Core Graphics";
			sourceTree = "<group>";
		};
		77DAECD815790FA20035EFC5 /* Utility */ = {
			isa = PBXGroup;
			children = (
				77DAECA815790F3C0035EFC5 /* GDIMath.h */,
				77DAECA915790F3C0035EFC5 /* GDIMath.m */,
			);
			name = Utility;
			sourceTree = "<group>";
		};
/* End PBXGroup section */

/* Begin PBXHeadersBuildPhase section */
		77DAEC5115790DE80035EFC5 /* Headers */ = {
			isa = PBXHeadersBuildPhase;
			buildActionMask = 2147483647;
			files = (
				77DAECAA15790F3C0035EFC5 /* SharedImageCache.h in Headers */,
				77DAECAC15790F3C0035EFC5 /* ImageCacheObject.h in Headers */,
				77DAECAE15790F3C0035EFC5 /* ImageCache.h in Headers */,
				77DAECB015790F3C0035EFC5 /* GDITouchProxyView.h in Headers */,
				77DAECB215790F3C0035EFC5 /* GDISignatureCaptureView.h in Headers */,
				77DAECB415790F3C0035EFC5 /* UIAlertView+GDIAdditions.h in Headers */,
				77DAECB615790F3C0035EFC5 /* UIColor+GDIAdditions.h in Headers */,
				77DAECB815790F3C0035EFC5 /* UIDevice+GDIAdditions.h in Headers */,
				77DAECBA15790F3C0035EFC5 /* UIImage+GDIAdditions.h in Headers */,
				77DAECBC15790F3C0035EFC5 /* UIImageView+GDIAdditions.h in Headers */,
				77DAECBE15790F3C0035EFC5 /* UILabel+GDIAdditions.h in Headers */,
				7772C64B158AAE2400A8AF93 /* NSObject+PerformBlockAfterDelay.h in Headers */,
				77DAECF1157918CC0035EFC5 /* Gravity.h in Headers */,
				77DAECC015790F3C0035EFC5 /* UISearchBar+GDIAdditions.h in Headers */,
				77DAECC215790F3C0035EFC5 /* UIView+GDIAdditions.h in Headers */,
				7703A375158AEEA400CF326C /* GDIAutoFocusingScrollViewController.h in Headers */,
				77DAECC415790F3C0035EFC5 /* NSData+GDIAdditions.h in Headers */,
				77DAECC615790F3C0035EFC5 /* NSDate+GDIAdditions.h in Headers */,
				77DAECC815790F3C0035EFC5 /* NSString+GDIAdditions.h in Headers */,
				77DAECCA15790F3C0035EFC5 /* CAAnimation+Blocks.h in Headers */,
				77DAECCC15790F3C0035EFC5 /* CoreGraphics+GDIAdditions.h in Headers */,
				77DAECCE15790F3C0035EFC5 /* GDIMath.h in Headers */,
			);
			runOnlyForDeploymentPostprocessing = 0;
		};
/* End PBXHeadersBuildPhase section */

/* Begin PBXNativeTarget section */
		77DAEC5215790DE80035EFC5 /* Gravity */ = {
			isa = PBXNativeTarget;
			buildConfigurationList = 77DAEC7715790DE80035EFC5 /* Build configuration list for PBXNativeTarget "Gravity" */;
			buildPhases = (
				77DAEC4F15790DE80035EFC5 /* Sources */,
				77DAEC5015790DE80035EFC5 /* Frameworks */,
				77DAEC5115790DE80035EFC5 /* Headers */,
			);
			buildRules = (
			);
			dependencies = (
			);
			name = Gravity;
			productName = Gravity;
			productReference = 77DAEC5315790DE80035EFC5 /* libGravity.a */;
			productType = "com.apple.product-type.library.static";
		};
		77DAEC6215790DE80035EFC5 /* GravityTests */ = {
			isa = PBXNativeTarget;
			buildConfigurationList = 77DAEC7A15790DE80035EFC5 /* Build configuration list for PBXNativeTarget "GravityTests" */;
			buildPhases = (
				77DAEC5E15790DE80035EFC5 /* Sources */,
				77DAEC5F15790DE80035EFC5 /* Frameworks */,
				77DAEC6015790DE80035EFC5 /* Resources */,
				77DAEC6115790DE80035EFC5 /* ShellScript */,
			);
			buildRules = (
			);
			dependencies = (
				77DAEC6A15790DE80035EFC5 /* PBXTargetDependency */,
			);
			name = GravityTests;
			productName = GravityTests;
			productReference = 77DAEC6315790DE80035EFC5 /* GravityTests.octest */;
			productType = "com.apple.product-type.bundle";
		};
/* End PBXNativeTarget section */

/* Begin PBXProject section */
		77DAEC4A15790DE80035EFC5 /* Project object */ = {
			isa = PBXProject;
			attributes = {
				CLASSPREFIX = GDI;
				LastUpgradeCheck = 0430;
				ORGANIZATIONNAME = "Grant Davis Interactive, LLC";
			};
			buildConfigurationList = 77DAEC4D15790DE80035EFC5 /* Build configuration list for PBXProject "Gravity" */;
			compatibilityVersion = "Xcode 3.2";
			developmentRegion = English;
			hasScannedForEncodings = 0;
			knownRegions = (
				en,
			);
			mainGroup = 77DAEC4815790DE80035EFC5;
			productRefGroup = 77DAEC5415790DE80035EFC5 /* Products */;
			projectDirPath = "";
			projectRoot = "";
			targets = (
				77DAEC5215790DE80035EFC5 /* Gravity */,
				77DAEC6215790DE80035EFC5 /* GravityTests */,
			);
		};
/* End PBXProject section */

/* Begin PBXResourcesBuildPhase section */
		77DAEC6015790DE80035EFC5 /* Resources */ = {
			isa = PBXResourcesBuildPhase;
			buildActionMask = 2147483647;
			files = (
				77DAEC7115790DE80035EFC5 /* InfoPlist.strings in Resources */,
			);
			runOnlyForDeploymentPostprocessing = 0;
		};
/* End PBXResourcesBuildPhase section */

/* Begin PBXShellScriptBuildPhase section */
		77DAEC6115790DE80035EFC5 /* ShellScript */ = {
			isa = PBXShellScriptBuildPhase;
			buildActionMask = 2147483647;
			files = (
			);
			inputPaths = (
			);
			outputPaths = (
			);
			runOnlyForDeploymentPostprocessing = 0;
			shellPath = /bin/sh;
			shellScript = "# Run the unit tests in this test bundle.\n\"${SYSTEM_DEVELOPER_DIR}/Tools/RunUnitTests\"\n";
		};
/* End PBXShellScriptBuildPhase section */

/* Begin PBXSourcesBuildPhase section */
		77DAEC4F15790DE80035EFC5 /* Sources */ = {
			isa = PBXSourcesBuildPhase;
			buildActionMask = 2147483647;
			files = (
				77DAECAB15790F3C0035EFC5 /* SharedImageCache.m in Sources */,
				77DAECAD15790F3C0035EFC5 /* ImageCacheObject.m in Sources */,
				77DAECAF15790F3C0035EFC5 /* ImageCache.m in Sources */,
				77DAECB115790F3C0035EFC5 /* GDITouchProxyView.m in Sources */,
				77DAECB315790F3C0035EFC5 /* GDISignatureCaptureView.m in Sources */,
				77DAECB515790F3C0035EFC5 /* UIAlertView+GDIAdditions.m in Sources */,
				77DAECB715790F3C0035EFC5 /* UIColor+GDIAdditions.m in Sources */,
				77DAECB915790F3C0035EFC5 /* UIDevice+GDIAdditions.m in Sources */,
				77DAECBB15790F3C0035EFC5 /* UIImage+GDIAdditions.m in Sources */,
				77DAECBD15790F3C0035EFC5 /* UIImageView+GDIAdditions.m in Sources */,
				77DAECBF15790F3C0035EFC5 /* UILabel+GDIAdditions.m in Sources */,
				77DAECC115790F3C0035EFC5 /* UISearchBar+GDIAdditions.m in Sources */,
				77DAECC315790F3C0035EFC5 /* UIView+GDIAdditions.m in Sources */,
				77DAECC515790F3C0035EFC5 /* NSData+GDIAdditions.m in Sources */,
				77DAECC715790F3C0035EFC5 /* NSDate+GDIAdditions.m in Sources */,
				77DAECC915790F3C0035EFC5 /* NSString+GDIAdditions.m in Sources */,
				77DAECCB15790F3C0035EFC5 /* CAAnimation+Blocks.m in Sources */,
				77DAECCD15790F3C0035EFC5 /* CoreGraphics+GDIAdditions.m in Sources */,
				77DAECCF15790F3C0035EFC5 /* GDIMath.m in Sources */,
				7772C64C158AAE2400A8AF93 /* NSObject+PerformBlockAfterDelay.m in Sources */,
				7703A376158AEEA400CF326C /* GDIAutoFocusingScrollViewController.m in Sources */,
			);
			runOnlyForDeploymentPostprocessing = 0;
		};
		77DAEC5E15790DE80035EFC5 /* Sources */ = {
			isa = PBXSourcesBuildPhase;
			buildActionMask = 2147483647;
			files = (
				77DAEC7415790DE80035EFC5 /* GravityTests.m in Sources */,
			);
			runOnlyForDeploymentPostprocessing = 0;
		};
/* End PBXSourcesBuildPhase section */

/* Begin PBXTargetDependency section */
		77DAEC6A15790DE80035EFC5 /* PBXTargetDependency */ = {
			isa = PBXTargetDependency;
			target = 77DAEC5215790DE80035EFC5 /* Gravity */;
			targetProxy = 77DAEC6915790DE80035EFC5 /* PBXContainerItemProxy */;
		};
/* End PBXTargetDependency section */

/* Begin PBXVariantGroup section */
		77DAEC6F15790DE80035EFC5 /* InfoPlist.strings */ = {
			isa = PBXVariantGroup;
			children = (
				77DAEC7015790DE80035EFC5 /* en */,
			);
			name = InfoPlist.strings;
			sourceTree = "<group>";
		};
/* End PBXVariantGroup section */

/* Begin XCBuildConfiguration section */
		77DAEC7515790DE80035EFC5 /* Debug */ = {
			isa = XCBuildConfiguration;
			buildSettings = {
				ALWAYS_SEARCH_USER_PATHS = NO;
				ARCHS = "$(ARCHS_STANDARD_32_BIT)";
				CLANG_ENABLE_OBJC_ARC = YES;
				COPY_PHASE_STRIP = NO;
				GCC_C_LANGUAGE_STANDARD = gnu99;
				GCC_DYNAMIC_NO_PIC = NO;
				GCC_OPTIMIZATION_LEVEL = 0;
				GCC_PREPROCESSOR_DEFINITIONS = (
					"DEBUG=1",
					"$(inherited)",
				);
				GCC_SYMBOLS_PRIVATE_EXTERN = NO;
				GCC_VERSION = com.apple.compilers.llvm.clang.1_0;
				GCC_WARN_ABOUT_RETURN_TYPE = YES;
				GCC_WARN_UNINITIALIZED_AUTOS = YES;
				GCC_WARN_UNUSED_VARIABLE = YES;
				IPHONEOS_DEPLOYMENT_TARGET = 5.1;
				SDKROOT = iphoneos;
			};
			name = Debug;
		};
		77DAEC7615790DE80035EFC5 /* Release */ = {
			isa = XCBuildConfiguration;
			buildSettings = {
				ALWAYS_SEARCH_USER_PATHS = NO;
				ARCHS = "$(ARCHS_STANDARD_32_BIT)";
				CLANG_ENABLE_OBJC_ARC = YES;
				COPY_PHASE_STRIP = YES;
				GCC_C_LANGUAGE_STANDARD = gnu99;
				GCC_VERSION = com.apple.compilers.llvm.clang.1_0;
				GCC_WARN_ABOUT_RETURN_TYPE = YES;
				GCC_WARN_UNINITIALIZED_AUTOS = YES;
				GCC_WARN_UNUSED_VARIABLE = YES;
				IPHONEOS_DEPLOYMENT_TARGET = 5.1;
				SDKROOT = iphoneos;
				VALIDATE_PRODUCT = YES;
			};
			name = Release;
		};
		77DAEC7815790DE80035EFC5 /* Debug */ = {
			isa = XCBuildConfiguration;
			buildSettings = {
				DSTROOT = /tmp/Gravity.dst;
				FRAMEWORK_SEARCH_PATHS = (
					"$(inherited)",
					"\"$(SYSTEM_APPS_DIR)/Xcode.app/Contents/Developer/Library/Frameworks\"",
				);
				GCC_PRECOMPILE_PREFIX_HEADER = YES;
				GCC_PREFIX_HEADER = "Gravity/Gravity-Prefix.pch";
				IPHONEOS_DEPLOYMENT_TARGET = 5.0;
				LIBRARY_SEARCH_PATHS = (
					"$(inherited)",
					"\"$(SDKROOT)/usr/lib/system\"",
				);
				ONLY_ACTIVE_ARCH = NO;
				OTHER_LDFLAGS = "-ObjC";
				PRIVATE_HEADERS_FOLDER_PATH = "$(PUBLIC_HEADERS_FOLDER_PATH)/Private";
				PRODUCT_NAME = "$(TARGET_NAME)";
				PUBLIC_HEADERS_FOLDER_PATH = include/Gravity;
				SKIP_INSTALL = YES;
			};
			name = Debug;
		};
		77DAEC7915790DE80035EFC5 /* Release */ = {
			isa = XCBuildConfiguration;
			buildSettings = {
				DSTROOT = /tmp/Gravity.dst;
				FRAMEWORK_SEARCH_PATHS = (
					"$(inherited)",
					"\"$(SYSTEM_APPS_DIR)/Xcode.app/Contents/Developer/Library/Frameworks\"",
				);
				GCC_PRECOMPILE_PREFIX_HEADER = YES;
				GCC_PREFIX_HEADER = "Gravity/Gravity-Prefix.pch";
				IPHONEOS_DEPLOYMENT_TARGET = 5.0;
				LIBRARY_SEARCH_PATHS = (
					"$(inherited)",
					"\"$(SDKROOT)/usr/lib/system\"",
				);
				ONLY_ACTIVE_ARCH = NO;
				OTHER_LDFLAGS = "-ObjC";
				PRIVATE_HEADERS_FOLDER_PATH = "$(PUBLIC_HEADERS_FOLDER_PATH)/Private";
				PRODUCT_NAME = "$(TARGET_NAME)";
				PUBLIC_HEADERS_FOLDER_PATH = include/Gravity;
				SKIP_INSTALL = YES;
			};
			name = Release;
		};
		77DAEC7B15790DE80035EFC5 /* Debug */ = {
			isa = XCBuildConfiguration;
			buildSettings = {
				FRAMEWORK_SEARCH_PATHS = (
					"$(SDKROOT)/Developer/Library/Frameworks",
					"$(DEVELOPER_LIBRARY_DIR)/Frameworks",
				);
				GCC_PRECOMPILE_PREFIX_HEADER = YES;
				GCC_PREFIX_HEADER = "Gravity/Gravity-Prefix.pch";
				INFOPLIST_FILE = "GravityTests/GravityTests-Info.plist";
				PRODUCT_NAME = "$(TARGET_NAME)";
				WRAPPER_EXTENSION = octest;
			};
			name = Debug;
		};
		77DAEC7C15790DE80035EFC5 /* Release */ = {
			isa = XCBuildConfiguration;
			buildSettings = {
				FRAMEWORK_SEARCH_PATHS = (
					"$(SDKROOT)/Developer/Library/Frameworks",
					"$(DEVELOPER_LIBRARY_DIR)/Frameworks",
				);
				GCC_PRECOMPILE_PREFIX_HEADER = YES;
				GCC_PREFIX_HEADER = "Gravity/Gravity-Prefix.pch";
				INFOPLIST_FILE = "GravityTests/GravityTests-Info.plist";
				PRODUCT_NAME = "$(TARGET_NAME)";
				WRAPPER_EXTENSION = octest;
			};
			name = Release;
		};
/* End XCBuildConfiguration section */

/* Begin XCConfigurationList section */
		77DAEC4D15790DE80035EFC5 /* Build configuration list for PBXProject "Gravity" */ = {
			isa = XCConfigurationList;
			buildConfigurations = (
				77DAEC7515790DE80035EFC5 /* Debug */,
				77DAEC7615790DE80035EFC5 /* Release */,
			);
			defaultConfigurationIsVisible = 0;
			defaultConfigurationName = Release;
		};
		77DAEC7715790DE80035EFC5 /* Build configuration list for PBXNativeTarget "Gravity" */ = {
			isa = XCConfigurationList;
			buildConfigurations = (
				77DAEC7815790DE80035EFC5 /* Debug */,
				77DAEC7915790DE80035EFC5 /* Release */,
			);
			defaultConfigurationIsVisible = 0;
			defaultConfigurationName = Release;
		};
		77DAEC7A15790DE80035EFC5 /* Build configuration list for PBXNativeTarget "GravityTests" */ = {
			isa = XCConfigurationList;
			buildConfigurations = (
				77DAEC7B15790DE80035EFC5 /* Debug */,
				77DAEC7C15790DE80035EFC5 /* Release */,
			);
			defaultConfigurationIsVisible = 0;
			defaultConfigurationName = Release;
		};
/* End XCConfigurationList section */
	};
	rootObject = 77DAEC4A15790DE80035EFC5 /* Project object */;
}
