// !$*UTF8*$!
{
	archiveVersion = 1;
	classes = {
	};
	objectVersion = 46;
	objects = {

/* Begin PBXBuildFile section */
		7703A376158AEEA400CF326C /* GDIAutoFocusingScrollViewController.m in Sources */ = {isa = PBXBuildFile; fileRef = 7703A374158AEEA400CF326C /* GDIAutoFocusingScrollViewController.m */; };
		771773D215B0737F0024B32E /* UIView+GDIAnimation.m in Sources */ = {isa = PBXBuildFile; fileRef = 771773D015B0737F0024B32E /* UIView+GDIAnimation.m */; };
		773F065217AB0CE400799365 /* UIScrollView+GDIAdditions.m in Sources */ = {isa = PBXBuildFile; fileRef = 773F065017AB0CE400799365 /* UIScrollView+GDIAdditions.m */; };
		77414AF015D560CA0048B157 /* GDIDatePicker.m in Sources */ = {isa = PBXBuildFile; fileRef = 77414AEE15D560CA0048B157 /* GDIDatePicker.m */; };
		774679AE1592305C00D5DF6D /* GDIBoundTextView.m in Sources */ = {isa = PBXBuildFile; fileRef = 774679AC1592305C00D5DF6D /* GDIBoundTextView.m */; };
		775DCDC817E29CFD008C7D91 /* GDICoreDataStack.m in Sources */ = {isa = PBXBuildFile; fileRef = 775DCDC617E29CFD008C7D91 /* GDICoreDataStack.m */; };
		775DCDCA17E29EF2008C7D91 /* CoreData.framework in Frameworks */ = {isa = PBXBuildFile; fileRef = 775DCDC917E29EF2008C7D91 /* CoreData.framework */; };
		77632390185E907D0093EC82 /* CoreData.framework in Frameworks */ = {isa = PBXBuildFile; fileRef = 775DCDC917E29EF2008C7D91 /* CoreData.framework */; };
		77632391185E90820093EC82 /* QuartzCore.framework in Frameworks */ = {isa = PBXBuildFile; fileRef = 77DAECDA15790FEC0035EFC5 /* QuartzCore.framework */; };
		77632392185E90880093EC82 /* CoreGraphics.framework in Frameworks */ = {isa = PBXBuildFile; fileRef = 77DAECDB15790FEC0035EFC5 /* CoreGraphics.framework */; };
		77632394185E90B10093EC82 /* libz.dylib in Frameworks */ = {isa = PBXBuildFile; fileRef = 77632393185E90B10093EC82 /* libz.dylib */; };
		776E78E1165AEB7500B9C524 /* GDIKeyboardObserver.m in Sources */ = {isa = PBXBuildFile; fileRef = 776E78DF165AEB7500B9C524 /* GDIKeyboardObserver.m */; };
		7771953C15B9BFD400EEE868 /* UIFont+GDIAdditions.m in Sources */ = {isa = PBXBuildFile; fileRef = 7771953A15B9BFD400EEE868 /* UIFont+GDIAdditions.m */; };
		7772C64C158AAE2400A8AF93 /* NSObject+PerformBlockAfterDelay.m in Sources */ = {isa = PBXBuildFile; fileRef = 7772C64A158AAE2300A8AF93 /* NSObject+PerformBlockAfterDelay.m */; };
		7776030416F7A4D40042319C /* NSManagedObject+Clone.m in Sources */ = {isa = PBXBuildFile; fileRef = 7776030216F7A4D40042319C /* NSManagedObject+Clone.m */; };
		777B265317F484380035CE13 /* GDICoreDataStack.h in CopyFiles */ = {isa = PBXBuildFile; fileRef = 775DCDC517E29CFD008C7D91 /* GDICoreDataStack.h */; };
		777B265417F484380035CE13 /* GDIProgressiveMigration.h in CopyFiles */ = {isa = PBXBuildFile; fileRef = 77D1DEC016976B5B008CD85C /* GDIProgressiveMigration.h */; };
		777B265517F484380035CE13 /* NSManagedObject+GDIOrderedSetAccessors.h in CopyFiles */ = {isa = PBXBuildFile; fileRef = 77F60C8F15CF212F000AFF56 /* NSManagedObject+GDIOrderedSetAccessors.h */; };
		777B265617F484380035CE13 /* NSManagedObject+Clone.h in CopyFiles */ = {isa = PBXBuildFile; fileRef = 7776030116F7A4D40042319C /* NSManagedObject+Clone.h */; };
		777B265717F484380035CE13 /* CoreGraphics+GDIAdditions.h in CopyFiles */ = {isa = PBXBuildFile; fileRef = 77DAECA615790F3C0035EFC5 /* CoreGraphics+GDIAdditions.h */; };
		777B265817F484380035CE13 /* CAAnimation+Blocks.h in CopyFiles */ = {isa = PBXBuildFile; fileRef = 77DAECA415790F3C0035EFC5 /* CAAnimation+Blocks.h */; };
		777B265917F484380035CE13 /* NSData+GDIAdditions.h in CopyFiles */ = {isa = PBXBuildFile; fileRef = 77DAEC9E15790F3C0035EFC5 /* NSData+GDIAdditions.h */; };
		777B265A17F484380035CE13 /* NSDate+GDIAdditions.h in CopyFiles */ = {isa = PBXBuildFile; fileRef = 77DAECA015790F3C0035EFC5 /* NSDate+GDIAdditions.h */; };
		777B265B17F484380035CE13 /* NSString+GDIAdditions.h in CopyFiles */ = {isa = PBXBuildFile; fileRef = 77DAECA215790F3C0035EFC5 /* NSString+GDIAdditions.h */; };
		777B265C17F484380035CE13 /* NSObject+PerformBlockAfterDelay.h in CopyFiles */ = {isa = PBXBuildFile; fileRef = 7772C649158AAE2300A8AF93 /* NSObject+PerformBlockAfterDelay.h */; };
		777B265D17F484730035CE13 /* UIAlertView+GDIAdditions.h in CopyFiles */ = {isa = PBXBuildFile; fileRef = 77DAEC8E15790F3C0035EFC5 /* UIAlertView+GDIAdditions.h */; };
		777B265F17F484730035CE13 /* UIDevice+GDIAdditions.h in CopyFiles */ = {isa = PBXBuildFile; fileRef = 77DAEC9215790F3C0035EFC5 /* UIDevice+GDIAdditions.h */; };
		777B266017F484730035CE13 /* UIImage+GDIAdditions.h in CopyFiles */ = {isa = PBXBuildFile; fileRef = 77DAEC9415790F3C0035EFC5 /* UIImage+GDIAdditions.h */; };
		777B266117F484730035CE13 /* UIImageView+GDIAdditions.h in CopyFiles */ = {isa = PBXBuildFile; fileRef = 77DAEC9615790F3C0035EFC5 /* UIImageView+GDIAdditions.h */; };
		777B266217F484730035CE13 /* UILabel+GDIAdditions.h in CopyFiles */ = {isa = PBXBuildFile; fileRef = 77DAEC9815790F3C0035EFC5 /* UILabel+GDIAdditions.h */; };
		777B266317F484730035CE13 /* UISearchBar+GDIAdditions.h in CopyFiles */ = {isa = PBXBuildFile; fileRef = 77DAEC9A15790F3C0035EFC5 /* UISearchBar+GDIAdditions.h */; };
		777B266417F484730035CE13 /* UIView+GDIAdditions.h in CopyFiles */ = {isa = PBXBuildFile; fileRef = 77DAEC9C15790F3C0035EFC5 /* UIView+GDIAdditions.h */; };
		777B266517F484730035CE13 /* UIView+GDIAnimation.h in CopyFiles */ = {isa = PBXBuildFile; fileRef = 771773CF15B0737F0024B32E /* UIView+GDIAnimation.h */; };
		777B266617F484730035CE13 /* UIFont+GDIAdditions.h in CopyFiles */ = {isa = PBXBuildFile; fileRef = 7771953915B9BFD400EEE868 /* UIFont+GDIAdditions.h */; };
		777B266717F484730035CE13 /* UIApplication+GDIAddtions.h in CopyFiles */ = {isa = PBXBuildFile; fileRef = 77CE14FB169B7F8100C7F7F2 /* UIApplication+GDIAddtions.h */; };
		777B266817F484730035CE13 /* UIScrollView+GDIAdditions.h in CopyFiles */ = {isa = PBXBuildFile; fileRef = 773F064F17AB0CE400799365 /* UIScrollView+GDIAdditions.h */; };
		777B266917F484730035CE13 /* GDIServer.h in CopyFiles */ = {isa = PBXBuildFile; fileRef = 77850A2816F8E7A300006A35 /* GDIServer.h */; };
		777B266B17F484730035CE13 /* Gravity.h in CopyFiles */ = {isa = PBXBuildFile; fileRef = 77DAEC5B15790DE80035EFC5 /* Gravity.h */; };
		777B266C17F484730035CE13 /* GDIPageIndicator.h in CopyFiles */ = {isa = PBXBuildFile; fileRef = 77CB6FAF16ACA806003BCA38 /* GDIPageIndicator.h */; };
		777B266D17F484730035CE13 /* GDIKeyboardObserver.h in CopyFiles */ = {isa = PBXBuildFile; fileRef = 776E78DE165AEB7500B9C524 /* GDIKeyboardObserver.h */; };
		777B266E17F484730035CE13 /* GDITouchProxyView.h in CopyFiles */ = {isa = PBXBuildFile; fileRef = 77DAEC8A15790F3C0035EFC5 /* GDITouchProxyView.h */; };
		777B266F17F484730035CE13 /* GDISignatureCaptureView.h in CopyFiles */ = {isa = PBXBuildFile; fileRef = 77DAEC8C15790F3C0035EFC5 /* GDISignatureCaptureView.h */; };
		777B267017F484730035CE13 /* GDIAutoFocusingScrollViewController.h in CopyFiles */ = {isa = PBXBuildFile; fileRef = 7703A373158AEEA400CF326C /* GDIAutoFocusingScrollViewController.h */; };
		777B267117F484730035CE13 /* GDIBoundTextField.h in CopyFiles */ = {isa = PBXBuildFile; fileRef = 77C64BB8158FCC5D00D18066 /* GDIBoundTextField.h */; };
		777B267217F484730035CE13 /* GDIBoundTextView.h in CopyFiles */ = {isa = PBXBuildFile; fileRef = 774679AB1592305C00D5DF6D /* GDIBoundTextView.h */; };
		777B267317F484730035CE13 /* GDIDatePicker.h in CopyFiles */ = {isa = PBXBuildFile; fileRef = 77414AED15D560CA0048B157 /* GDIDatePicker.h */; };
		777B267417F484730035CE13 /* GDIPickerView.h in CopyFiles */ = {isa = PBXBuildFile; fileRef = 77EDB8BF1614B414007F6CFE /* GDIPickerView.h */; };
		777B267817F484730035CE13 /* GDIMath.h in CopyFiles */ = {isa = PBXBuildFile; fileRef = 77DAECA815790F3C0035EFC5 /* GDIMath.h */; };
		777B267917F484730035CE13 /* GDIPhoneNumberFormatting.h in CopyFiles */ = {isa = PBXBuildFile; fileRef = 7783436F15D584C400A0D362 /* GDIPhoneNumberFormatting.h */; };
		7783437215D584C400A0D362 /* GDIPhoneNumberFormatting.m in Sources */ = {isa = PBXBuildFile; fileRef = 7783437015D584C400A0D362 /* GDIPhoneNumberFormatting.m */; };
		77850A2B16F8E7A300006A35 /* GDIServer.m in Sources */ = {isa = PBXBuildFile; fileRef = 77850A2916F8E7A300006A35 /* GDIServer.m */; };
		77A1CE441877C28800550F4C /* XCTest.framework in Frameworks */ = {isa = PBXBuildFile; fileRef = 77A1CE431877C28800550F4C /* XCTest.framework */; };
		77A1CE451877C30A00550F4C /* GDIColorTests.m in Sources */ = {isa = PBXBuildFile; fileRef = 7763238E185E8C9C0093EC82 /* GDIColorTests.m */; };
		77A1CE471877CB9800550F4C /* GDIDeviceTests.m in Sources */ = {isa = PBXBuildFile; fileRef = 77A1CE461877CB9800550F4C /* GDIDeviceTests.m */; };
		77C64BBB158FCC5D00D18066 /* GDIBoundTextField.m in Sources */ = {isa = PBXBuildFile; fileRef = 77C64BB9158FCC5D00D18066 /* GDIBoundTextField.m */; };
		77CB6FB216ACA806003BCA38 /* GDIPageIndicator.m in Sources */ = {isa = PBXBuildFile; fileRef = 77CB6FB016ACA806003BCA38 /* GDIPageIndicator.m */; };
		77CE14FE169B7F8100C7F7F2 /* UIApplication+GDIAddtions.m in Sources */ = {isa = PBXBuildFile; fileRef = 77CE14FC169B7F8100C7F7F2 /* UIApplication+GDIAddtions.m */; };
		77D1DEC316976B5B008CD85C /* GDIProgressiveMigration.m in Sources */ = {isa = PBXBuildFile; fileRef = 77D1DEC116976B5B008CD85C /* GDIProgressiveMigration.m */; };
		77DAEC5715790DE80035EFC5 /* Foundation.framework in Frameworks */ = {isa = PBXBuildFile; fileRef = 77DAEC5615790DE80035EFC5 /* Foundation.framework */; };
		77DAEC6815790DE80035EFC5 /* Foundation.framework in Frameworks */ = {isa = PBXBuildFile; fileRef = 77DAEC5615790DE80035EFC5 /* Foundation.framework */; };
		77DAEC6B15790DE80035EFC5 /* libGravity.a in Frameworks */ = {isa = PBXBuildFile; fileRef = 77DAEC5315790DE80035EFC5 /* libGravity.a */; };
		77DAEC7115790DE80035EFC5 /* InfoPlist.strings in Resources */ = {isa = PBXBuildFile; fileRef = 77DAEC6F15790DE80035EFC5 /* InfoPlist.strings */; };
		77DAECB115790F3C0035EFC5 /* GDITouchProxyView.m in Sources */ = {isa = PBXBuildFile; fileRef = 77DAEC8B15790F3C0035EFC5 /* GDITouchProxyView.m */; };
		77DAECB315790F3C0035EFC5 /* GDISignatureCaptureView.m in Sources */ = {isa = PBXBuildFile; fileRef = 77DAEC8D15790F3C0035EFC5 /* GDISignatureCaptureView.m */; };
		77DAECB515790F3C0035EFC5 /* UIAlertView+GDIAdditions.m in Sources */ = {isa = PBXBuildFile; fileRef = 77DAEC8F15790F3C0035EFC5 /* UIAlertView+GDIAdditions.m */; };
		77DAECB915790F3C0035EFC5 /* UIDevice+GDIAdditions.m in Sources */ = {isa = PBXBuildFile; fileRef = 77DAEC9315790F3C0035EFC5 /* UIDevice+GDIAdditions.m */; };
		77DAECBB15790F3C0035EFC5 /* UIImage+GDIAdditions.m in Sources */ = {isa = PBXBuildFile; fileRef = 77DAEC9515790F3C0035EFC5 /* UIImage+GDIAdditions.m */; };
		77DAECBD15790F3C0035EFC5 /* UIImageView+GDIAdditions.m in Sources */ = {isa = PBXBuildFile; fileRef = 77DAEC9715790F3C0035EFC5 /* UIImageView+GDIAdditions.m */; };
		77DAECBF15790F3C0035EFC5 /* UILabel+GDIAdditions.m in Sources */ = {isa = PBXBuildFile; fileRef = 77DAEC9915790F3C0035EFC5 /* UILabel+GDIAdditions.m */; };
		77DAECC115790F3C0035EFC5 /* UISearchBar+GDIAdditions.m in Sources */ = {isa = PBXBuildFile; fileRef = 77DAEC9B15790F3C0035EFC5 /* UISearchBar+GDIAdditions.m */; };
		77DAECC315790F3C0035EFC5 /* UIView+GDIAdditions.m in Sources */ = {isa = PBXBuildFile; fileRef = 77DAEC9D15790F3C0035EFC5 /* UIView+GDIAdditions.m */; };
		77DAECC515790F3C0035EFC5 /* NSData+GDIAdditions.m in Sources */ = {isa = PBXBuildFile; fileRef = 77DAEC9F15790F3C0035EFC5 /* NSData+GDIAdditions.m */; };
		77DAECC715790F3C0035EFC5 /* NSDate+GDIAdditions.m in Sources */ = {isa = PBXBuildFile; fileRef = 77DAECA115790F3C0035EFC5 /* NSDate+GDIAdditions.m */; };
		77DAECC915790F3C0035EFC5 /* NSString+GDIAdditions.m in Sources */ = {isa = PBXBuildFile; fileRef = 77DAECA315790F3C0035EFC5 /* NSString+GDIAdditions.m */; };
		77DAECCB15790F3C0035EFC5 /* CAAnimation+Blocks.m in Sources */ = {isa = PBXBuildFile; fileRef = 77DAECA515790F3C0035EFC5 /* CAAnimation+Blocks.m */; };
		77DAECCD15790F3C0035EFC5 /* CoreGraphics+GDIAdditions.m in Sources */ = {isa = PBXBuildFile; fileRef = 77DAECA715790F3C0035EFC5 /* CoreGraphics+GDIAdditions.m */; };
		77DAECCF15790F3C0035EFC5 /* GDIMath.m in Sources */ = {isa = PBXBuildFile; fileRef = 77DAECA915790F3C0035EFC5 /* GDIMath.m */; };
		77DAECDD15790FEC0035EFC5 /* QuartzCore.framework in Frameworks */ = {isa = PBXBuildFile; fileRef = 77DAECDA15790FEC0035EFC5 /* QuartzCore.framework */; };
		77DAECDE15790FEC0035EFC5 /* CoreGraphics.framework in Frameworks */ = {isa = PBXBuildFile; fileRef = 77DAECDB15790FEC0035EFC5 /* CoreGraphics.framework */; };
		77DAECE11579104E0035EFC5 /* UIKit.framework in Frameworks */ = {isa = PBXBuildFile; fileRef = 77DAECE01579104E0035EFC5 /* UIKit.framework */; };
		77DAECE2157910770035EFC5 /* UIKit.framework in Frameworks */ = {isa = PBXBuildFile; fileRef = 77DAECE01579104E0035EFC5 /* UIKit.framework */; };
		77EDB8C21614B414007F6CFE /* GDIPickerView.m in Sources */ = {isa = PBXBuildFile; fileRef = 77EDB8C01614B414007F6CFE /* GDIPickerView.m */; };
		77F60C9215CF212F000AFF56 /* NSManagedObject+GDIOrderedSetAccessors.m in Sources */ = {isa = PBXBuildFile; fileRef = 77F60C9015CF212F000AFF56 /* NSManagedObject+GDIOrderedSetAccessors.m */; };
/* End PBXBuildFile section */

/* Begin PBXContainerItemProxy section */
		77DAEC6915790DE80035EFC5 /* PBXContainerItemProxy */ = {
			isa = PBXContainerItemProxy;
			containerPortal = 77DAEC4A15790DE80035EFC5 /* Project object */;
			proxyType = 1;
			remoteGlobalIDString = 77DAEC5215790DE80035EFC5;
			remoteInfo = Gravity;
		};
/* End PBXContainerItemProxy section */

/* Begin PBXCopyFilesBuildPhase section */
		777B265217F4841A0035CE13 /* CopyFiles */ = {
			isa = PBXCopyFilesBuildPhase;
			buildActionMask = 2147483647;
			dstPath = include/$PRODUCT_NAME;
			dstSubfolderSpec = 16;
			files = (
				777B265D17F484730035CE13 /* UIAlertView+GDIAdditions.h in CopyFiles */,
				777B265F17F484730035CE13 /* UIDevice+GDIAdditions.h in CopyFiles */,
				777B266017F484730035CE13 /* UIImage+GDIAdditions.h in CopyFiles */,
				777B266117F484730035CE13 /* UIImageView+GDIAdditions.h in CopyFiles */,
				777B266217F484730035CE13 /* UILabel+GDIAdditions.h in CopyFiles */,
				777B266317F484730035CE13 /* UISearchBar+GDIAdditions.h in CopyFiles */,
				777B266417F484730035CE13 /* UIView+GDIAdditions.h in CopyFiles */,
				777B266517F484730035CE13 /* UIView+GDIAnimation.h in CopyFiles */,
				777B266617F484730035CE13 /* UIFont+GDIAdditions.h in CopyFiles */,
				777B266717F484730035CE13 /* UIApplication+GDIAddtions.h in CopyFiles */,
				777B266817F484730035CE13 /* UIScrollView+GDIAdditions.h in CopyFiles */,
				777B266917F484730035CE13 /* GDIServer.h in CopyFiles */,
				777B266B17F484730035CE13 /* Gravity.h in CopyFiles */,
				777B266C17F484730035CE13 /* GDIPageIndicator.h in CopyFiles */,
				777B266D17F484730035CE13 /* GDIKeyboardObserver.h in CopyFiles */,
				777B266E17F484730035CE13 /* GDITouchProxyView.h in CopyFiles */,
				777B266F17F484730035CE13 /* GDISignatureCaptureView.h in CopyFiles */,
				777B267017F484730035CE13 /* GDIAutoFocusingScrollViewController.h in CopyFiles */,
				777B267117F484730035CE13 /* GDIBoundTextField.h in CopyFiles */,
				777B267217F484730035CE13 /* GDIBoundTextView.h in CopyFiles */,
				777B267317F484730035CE13 /* GDIDatePicker.h in CopyFiles */,
				777B267417F484730035CE13 /* GDIPickerView.h in CopyFiles */,
				777B267817F484730035CE13 /* GDIMath.h in CopyFiles */,
				777B267917F484730035CE13 /* GDIPhoneNumberFormatting.h in CopyFiles */,
				777B265317F484380035CE13 /* GDICoreDataStack.h in CopyFiles */,
				777B265417F484380035CE13 /* GDIProgressiveMigration.h in CopyFiles */,
				777B265517F484380035CE13 /* NSManagedObject+GDIOrderedSetAccessors.h in CopyFiles */,
				777B265617F484380035CE13 /* NSManagedObject+Clone.h in CopyFiles */,
				777B265717F484380035CE13 /* CoreGraphics+GDIAdditions.h in CopyFiles */,
				777B265817F484380035CE13 /* CAAnimation+Blocks.h in CopyFiles */,
				777B265917F484380035CE13 /* NSData+GDIAdditions.h in CopyFiles */,
				777B265A17F484380035CE13 /* NSDate+GDIAdditions.h in CopyFiles */,
				777B265B17F484380035CE13 /* NSString+GDIAdditions.h in CopyFiles */,
				777B265C17F484380035CE13 /* NSObject+PerformBlockAfterDelay.h in CopyFiles */,
			);
			runOnlyForDeploymentPostprocessing = 0;
		};
/* End PBXCopyFilesBuildPhase section */

/* Begin PBXFileReference section */
		7703A373158AEEA400CF326C /* GDIAutoFocusingScrollViewController.h */ = {isa = PBXFileReference; fileEncoding = 4; lastKnownFileType = sourcecode.c.h; path = GDIAutoFocusingScrollViewController.h; sourceTree = "<group>"; };
		7703A374158AEEA400CF326C /* GDIAutoFocusingScrollViewController.m */ = {isa = PBXFileReference; fileEncoding = 4; lastKnownFileType = sourcecode.c.objc; path = GDIAutoFocusingScrollViewController.m; sourceTree = "<group>"; };
		771773CF15B0737F0024B32E /* UIView+GDIAnimation.h */ = {isa = PBXFileReference; fileEncoding = 4; lastKnownFileType = sourcecode.c.h; path = "UIView+GDIAnimation.h"; sourceTree = "<group>"; };
		771773D015B0737F0024B32E /* UIView+GDIAnimation.m */ = {isa = PBXFileReference; fileEncoding = 4; lastKnownFileType = sourcecode.c.objc; path = "UIView+GDIAnimation.m"; sourceTree = "<group>"; };
		773F064F17AB0CE400799365 /* UIScrollView+GDIAdditions.h */ = {isa = PBXFileReference; fileEncoding = 4; lastKnownFileType = sourcecode.c.h; path = "UIScrollView+GDIAdditions.h"; sourceTree = "<group>"; };
		773F065017AB0CE400799365 /* UIScrollView+GDIAdditions.m */ = {isa = PBXFileReference; fileEncoding = 4; lastKnownFileType = sourcecode.c.objc; path = "UIScrollView+GDIAdditions.m"; sourceTree = "<group>"; };
		77414AED15D560CA0048B157 /* GDIDatePicker.h */ = {isa = PBXFileReference; fileEncoding = 4; lastKnownFileType = sourcecode.c.h; path = GDIDatePicker.h; sourceTree = "<group>"; };
		77414AEE15D560CA0048B157 /* GDIDatePicker.m */ = {isa = PBXFileReference; fileEncoding = 4; lastKnownFileType = sourcecode.c.objc; path = GDIDatePicker.m; sourceTree = "<group>"; };
		774679AB1592305C00D5DF6D /* GDIBoundTextView.h */ = {isa = PBXFileReference; fileEncoding = 4; lastKnownFileType = sourcecode.c.h; path = GDIBoundTextView.h; sourceTree = "<group>"; };
		774679AC1592305C00D5DF6D /* GDIBoundTextView.m */ = {isa = PBXFileReference; fileEncoding = 4; lastKnownFileType = sourcecode.c.objc; path = GDIBoundTextView.m; sourceTree = "<group>"; };
		775DCDC517E29CFD008C7D91 /* GDICoreDataStack.h */ = {isa = PBXFileReference; fileEncoding = 4; lastKnownFileType = sourcecode.c.h; path = GDICoreDataStack.h; sourceTree = "<group>"; };
		775DCDC617E29CFD008C7D91 /* GDICoreDataStack.m */ = {isa = PBXFileReference; fileEncoding = 4; lastKnownFileType = sourcecode.c.objc; path = GDICoreDataStack.m; sourceTree = "<group>"; };
		775DCDC917E29EF2008C7D91 /* CoreData.framework */ = {isa = PBXFileReference; lastKnownFileType = wrapper.framework; name = CoreData.framework; path = System/Library/Frameworks/CoreData.framework; sourceTree = SDKROOT; };
		7763238E185E8C9C0093EC82 /* GDIColorTests.m */ = {isa = PBXFileReference; fileEncoding = 4; lastKnownFileType = sourcecode.c.objc; path = GDIColorTests.m; sourceTree = "<group>"; };
		77632393185E90B10093EC82 /* libz.dylib */ = {isa = PBXFileReference; lastKnownFileType = "compiled.mach-o.dylib"; name = libz.dylib; path = usr/lib/libz.dylib; sourceTree = SDKROOT; };
		776E78DE165AEB7500B9C524 /* GDIKeyboardObserver.h */ = {isa = PBXFileReference; fileEncoding = 4; lastKnownFileType = sourcecode.c.h; path = GDIKeyboardObserver.h; sourceTree = "<group>"; };
		776E78DF165AEB7500B9C524 /* GDIKeyboardObserver.m */ = {isa = PBXFileReference; fileEncoding = 4; lastKnownFileType = sourcecode.c.objc; path = GDIKeyboardObserver.m; sourceTree = "<group>"; };
		7771953915B9BFD400EEE868 /* UIFont+GDIAdditions.h */ = {isa = PBXFileReference; fileEncoding = 4; lastKnownFileType = sourcecode.c.h; path = "UIFont+GDIAdditions.h"; sourceTree = "<group>"; };
		7771953A15B9BFD400EEE868 /* UIFont+GDIAdditions.m */ = {isa = PBXFileReference; fileEncoding = 4; lastKnownFileType = sourcecode.c.objc; path = "UIFont+GDIAdditions.m"; sourceTree = "<group>"; };
		7772C649158AAE2300A8AF93 /* NSObject+PerformBlockAfterDelay.h */ = {isa = PBXFileReference; fileEncoding = 4; lastKnownFileType = sourcecode.c.h; path = "NSObject+PerformBlockAfterDelay.h"; sourceTree = "<group>"; };
		7772C64A158AAE2300A8AF93 /* NSObject+PerformBlockAfterDelay.m */ = {isa = PBXFileReference; fileEncoding = 4; lastKnownFileType = sourcecode.c.objc; path = "NSObject+PerformBlockAfterDelay.m"; sourceTree = "<group>"; };
		7776030116F7A4D40042319C /* NSManagedObject+Clone.h */ = {isa = PBXFileReference; fileEncoding = 4; lastKnownFileType = sourcecode.c.h; path = "NSManagedObject+Clone.h"; sourceTree = "<group>"; };
		7776030216F7A4D40042319C /* NSManagedObject+Clone.m */ = {isa = PBXFileReference; fileEncoding = 4; lastKnownFileType = sourcecode.c.objc; path = "NSManagedObject+Clone.m"; sourceTree = "<group>"; };
		7783436F15D584C400A0D362 /* GDIPhoneNumberFormatting.h */ = {isa = PBXFileReference; fileEncoding = 4; lastKnownFileType = sourcecode.c.h; path = GDIPhoneNumberFormatting.h; sourceTree = "<group>"; };
		7783437015D584C400A0D362 /* GDIPhoneNumberFormatting.m */ = {isa = PBXFileReference; fileEncoding = 4; lastKnownFileType = sourcecode.c.objc; path = GDIPhoneNumberFormatting.m; sourceTree = "<group>"; };
		77850A2816F8E7A300006A35 /* GDIServer.h */ = {isa = PBXFileReference; fileEncoding = 4; lastKnownFileType = sourcecode.c.h; path = GDIServer.h; sourceTree = "<group>"; };
		77850A2916F8E7A300006A35 /* GDIServer.m */ = {isa = PBXFileReference; fileEncoding = 4; lastKnownFileType = sourcecode.c.objc; path = GDIServer.m; sourceTree = "<group>"; };
		77A1CE431877C28800550F4C /* XCTest.framework */ = {isa = PBXFileReference; lastKnownFileType = wrapper.framework; name = XCTest.framework; path = Library/Frameworks/XCTest.framework; sourceTree = DEVELOPER_DIR; };
		77A1CE461877CB9800550F4C /* GDIDeviceTests.m */ = {isa = PBXFileReference; fileEncoding = 4; lastKnownFileType = sourcecode.c.objc; path = GDIDeviceTests.m; sourceTree = "<group>"; };
		77A1CE481877CC9900550F4C /* GravityTests-Prefix.pch */ = {isa = PBXFileReference; lastKnownFileType = sourcecode.c.h; path = "GravityTests-Prefix.pch"; sourceTree = "<group>"; };
		77C64BB8158FCC5D00D18066 /* GDIBoundTextField.h */ = {isa = PBXFileReference; fileEncoding = 4; lastKnownFileType = sourcecode.c.h; path = GDIBoundTextField.h; sourceTree = "<group>"; };
		77C64BB9158FCC5D00D18066 /* GDIBoundTextField.m */ = {isa = PBXFileReference; fileEncoding = 4; lastKnownFileType = sourcecode.c.objc; path = GDIBoundTextField.m; sourceTree = "<group>"; };
		77CB6FAF16ACA806003BCA38 /* GDIPageIndicator.h */ = {isa = PBXFileReference; fileEncoding = 4; lastKnownFileType = sourcecode.c.h; path = GDIPageIndicator.h; sourceTree = "<group>"; };
		77CB6FB016ACA806003BCA38 /* GDIPageIndicator.m */ = {isa = PBXFileReference; fileEncoding = 4; lastKnownFileType = sourcecode.c.objc; path = GDIPageIndicator.m; sourceTree = "<group>"; };
		77CE14FB169B7F8100C7F7F2 /* UIApplication+GDIAddtions.h */ = {isa = PBXFileReference; fileEncoding = 4; lastKnownFileType = sourcecode.c.h; path = "UIApplication+GDIAddtions.h"; sourceTree = "<group>"; };
		77CE14FC169B7F8100C7F7F2 /* UIApplication+GDIAddtions.m */ = {isa = PBXFileReference; fileEncoding = 4; lastKnownFileType = sourcecode.c.objc; path = "UIApplication+GDIAddtions.m"; sourceTree = "<group>"; };
		77D1DEC016976B5B008CD85C /* GDIProgressiveMigration.h */ = {isa = PBXFileReference; fileEncoding = 4; lastKnownFileType = sourcecode.c.h; path = GDIProgressiveMigration.h; sourceTree = "<group>"; };
		77D1DEC116976B5B008CD85C /* GDIProgressiveMigration.m */ = {isa = PBXFileReference; fileEncoding = 4; lastKnownFileType = sourcecode.c.objc; path = GDIProgressiveMigration.m; sourceTree = "<group>"; };
		77DAEC5315790DE80035EFC5 /* libGravity.a */ = {isa = PBXFileReference; explicitFileType = archive.ar; includeInIndex = 0; path = libGravity.a; sourceTree = BUILT_PRODUCTS_DIR; };
		77DAEC5615790DE80035EFC5 /* Foundation.framework */ = {isa = PBXFileReference; lastKnownFileType = wrapper.framework; name = Foundation.framework; path = System/Library/Frameworks/Foundation.framework; sourceTree = SDKROOT; };
		77DAEC5A15790DE80035EFC5 /* Gravity-Prefix.pch */ = {isa = PBXFileReference; lastKnownFileType = sourcecode.c.h; path = "Gravity-Prefix.pch"; sourceTree = "<group>"; };
		77DAEC5B15790DE80035EFC5 /* Gravity.h */ = {isa = PBXFileReference; lastKnownFileType = sourcecode.c.h; path = Gravity.h; sourceTree = "<group>"; };
		77DAEC6315790DE80035EFC5 /* GravityTests.xctest */ = {isa = PBXFileReference; explicitFileType = wrapper.cfbundle; includeInIndex = 0; path = GravityTests.xctest; sourceTree = BUILT_PRODUCTS_DIR; };
		77DAEC6E15790DE80035EFC5 /* GravityTests-Info.plist */ = {isa = PBXFileReference; lastKnownFileType = text.plist.xml; path = "GravityTests-Info.plist"; sourceTree = "<group>"; };
		77DAEC7015790DE80035EFC5 /* en */ = {isa = PBXFileReference; lastKnownFileType = text.plist.strings; name = en; path = en.lproj/InfoPlist.strings; sourceTree = "<group>"; };
		77DAEC8A15790F3C0035EFC5 /* GDITouchProxyView.h */ = {isa = PBXFileReference; fileEncoding = 4; lastKnownFileType = sourcecode.c.h; path = GDITouchProxyView.h; sourceTree = "<group>"; };
		77DAEC8B15790F3C0035EFC5 /* GDITouchProxyView.m */ = {isa = PBXFileReference; fileEncoding = 4; lastKnownFileType = sourcecode.c.objc; path = GDITouchProxyView.m; sourceTree = "<group>"; };
		77DAEC8C15790F3C0035EFC5 /* GDISignatureCaptureView.h */ = {isa = PBXFileReference; fileEncoding = 4; lastKnownFileType = sourcecode.c.h; path = GDISignatureCaptureView.h; sourceTree = "<group>"; };
		77DAEC8D15790F3C0035EFC5 /* GDISignatureCaptureView.m */ = {isa = PBXFileReference; fileEncoding = 4; lastKnownFileType = sourcecode.c.objc; path = GDISignatureCaptureView.m; sourceTree = "<group>"; };
		77DAEC8E15790F3C0035EFC5 /* UIAlertView+GDIAdditions.h */ = {isa = PBXFileReference; fileEncoding = 4; lastKnownFileType = sourcecode.c.h; path = "UIAlertView+GDIAdditions.h"; sourceTree = "<group>"; };
		77DAEC8F15790F3C0035EFC5 /* UIAlertView+GDIAdditions.m */ = {isa = PBXFileReference; fileEncoding = 4; lastKnownFileType = sourcecode.c.objc; path = "UIAlertView+GDIAdditions.m"; sourceTree = "<group>"; };
		77DAEC9215790F3C0035EFC5 /* UIDevice+GDIAdditions.h */ = {isa = PBXFileReference; fileEncoding = 4; lastKnownFileType = sourcecode.c.h; path = "UIDevice+GDIAdditions.h"; sourceTree = "<group>"; };
		77DAEC9315790F3C0035EFC5 /* UIDevice+GDIAdditions.m */ = {isa = PBXFileReference; fileEncoding = 4; lastKnownFileType = sourcecode.c.objc; path = "UIDevice+GDIAdditions.m"; sourceTree = "<group>"; };
		77DAEC9415790F3C0035EFC5 /* UIImage+GDIAdditions.h */ = {isa = PBXFileReference; fileEncoding = 4; lastKnownFileType = sourcecode.c.h; path = "UIImage+GDIAdditions.h"; sourceTree = "<group>"; };
		77DAEC9515790F3C0035EFC5 /* UIImage+GDIAdditions.m */ = {isa = PBXFileReference; fileEncoding = 4; lastKnownFileType = sourcecode.c.objc; path = "UIImage+GDIAdditions.m"; sourceTree = "<group>"; };
		77DAEC9615790F3C0035EFC5 /* UIImageView+GDIAdditions.h */ = {isa = PBXFileReference; fileEncoding = 4; lastKnownFileType = sourcecode.c.h; path = "UIImageView+GDIAdditions.h"; sourceTree = "<group>"; };
		77DAEC9715790F3C0035EFC5 /* UIImageView+GDIAdditions.m */ = {isa = PBXFileReference; fileEncoding = 4; lastKnownFileType = sourcecode.c.objc; path = "UIImageView+GDIAdditions.m"; sourceTree = "<group>"; };
		77DAEC9815790F3C0035EFC5 /* UILabel+GDIAdditions.h */ = {isa = PBXFileReference; fileEncoding = 4; lastKnownFileType = sourcecode.c.h; path = "UILabel+GDIAdditions.h"; sourceTree = "<group>"; };
		77DAEC9915790F3C0035EFC5 /* UILabel+GDIAdditions.m */ = {isa = PBXFileReference; fileEncoding = 4; lastKnownFileType = sourcecode.c.objc; path = "UILabel+GDIAdditions.m"; sourceTree = "<group>"; };
		77DAEC9A15790F3C0035EFC5 /* UISearchBar+GDIAdditions.h */ = {isa = PBXFileReference; fileEncoding = 4; lastKnownFileType = sourcecode.c.h; path = "UISearchBar+GDIAdditions.h"; sourceTree = "<group>"; };
		77DAEC9B15790F3C0035EFC5 /* UISearchBar+GDIAdditions.m */ = {isa = PBXFileReference; fileEncoding = 4; lastKnownFileType = sourcecode.c.objc; path = "UISearchBar+GDIAdditions.m"; sourceTree = "<group>"; };
		77DAEC9C15790F3C0035EFC5 /* UIView+GDIAdditions.h */ = {isa = PBXFileReference; fileEncoding = 4; lastKnownFileType = sourcecode.c.h; path = "UIView+GDIAdditions.h"; sourceTree = "<group>"; };
		77DAEC9D15790F3C0035EFC5 /* UIView+GDIAdditions.m */ = {isa = PBXFileReference; fileEncoding = 4; lastKnownFileType = sourcecode.c.objc; path = "UIView+GDIAdditions.m"; sourceTree = "<group>"; };
		77DAEC9E15790F3C0035EFC5 /* NSData+GDIAdditions.h */ = {isa = PBXFileReference; fileEncoding = 4; lastKnownFileType = sourcecode.c.h; path = "NSData+GDIAdditions.h"; sourceTree = "<group>"; };
		77DAEC9F15790F3C0035EFC5 /* NSData+GDIAdditions.m */ = {isa = PBXFileReference; fileEncoding = 4; lastKnownFileType = sourcecode.c.objc; path = "NSData+GDIAdditions.m"; sourceTree = "<group>"; };
		77DAECA015790F3C0035EFC5 /* NSDate+GDIAdditions.h */ = {isa = PBXFileReference; fileEncoding = 4; lastKnownFileType = sourcecode.c.h; path = "NSDate+GDIAdditions.h"; sourceTree = "<group>"; };
		77DAECA115790F3C0035EFC5 /* NSDate+GDIAdditions.m */ = {isa = PBXFileReference; fileEncoding = 4; lastKnownFileType = sourcecode.c.objc; path = "NSDate+GDIAdditions.m"; sourceTree = "<group>"; };
		77DAECA215790F3C0035EFC5 /* NSString+GDIAdditions.h */ = {isa = PBXFileReference; fileEncoding = 4; lastKnownFileType = sourcecode.c.h; path = "NSString+GDIAdditions.h"; sourceTree = "<group>"; };
		77DAECA315790F3C0035EFC5 /* NSString+GDIAdditions.m */ = {isa = PBXFileReference; fileEncoding = 4; lastKnownFileType = sourcecode.c.objc; path = "NSString+GDIAdditions.m"; sourceTree = "<group>"; };
		77DAECA415790F3C0035EFC5 /* CAAnimation+Blocks.h */ = {isa = PBXFileReference; fileEncoding = 4; lastKnownFileType = sourcecode.c.h; path = "CAAnimation+Blocks.h"; sourceTree = "<group>"; };
		77DAECA515790F3C0035EFC5 /* CAAnimation+Blocks.m */ = {isa = PBXFileReference; fileEncoding = 4; lastKnownFileType = sourcecode.c.objc; path = "CAAnimation+Blocks.m"; sourceTree = "<group>"; };
		77DAECA615790F3C0035EFC5 /* CoreGraphics+GDIAdditions.h */ = {isa = PBXFileReference; fileEncoding = 4; lastKnownFileType = sourcecode.c.h; path = "CoreGraphics+GDIAdditions.h"; sourceTree = "<group>"; };
		77DAECA715790F3C0035EFC5 /* CoreGraphics+GDIAdditions.m */ = {isa = PBXFileReference; fileEncoding = 4; lastKnownFileType = sourcecode.c.objc; path = "CoreGraphics+GDIAdditions.m"; sourceTree = "<group>"; };
		77DAECA815790F3C0035EFC5 /* GDIMath.h */ = {isa = PBXFileReference; fileEncoding = 4; lastKnownFileType = sourcecode.c.h; path = GDIMath.h; sourceTree = "<group>"; };
		77DAECA915790F3C0035EFC5 /* GDIMath.m */ = {isa = PBXFileReference; fileEncoding = 4; lastKnownFileType = sourcecode.c.objc; path = GDIMath.m; sourceTree = "<group>"; };
		77DAECDA15790FEC0035EFC5 /* QuartzCore.framework */ = {isa = PBXFileReference; lastKnownFileType = wrapper.framework; name = QuartzCore.framework; path = System/Library/Frameworks/QuartzCore.framework; sourceTree = SDKROOT; };
		77DAECDB15790FEC0035EFC5 /* CoreGraphics.framework */ = {isa = PBXFileReference; lastKnownFileType = wrapper.framework; name = CoreGraphics.framework; path = System/Library/Frameworks/CoreGraphics.framework; sourceTree = SDKROOT; };
		77DAECE01579104E0035EFC5 /* UIKit.framework */ = {isa = PBXFileReference; lastKnownFileType = wrapper.framework; name = UIKit.framework; path = System/Library/Frameworks/UIKit.framework; sourceTree = SDKROOT; };
		77EDB8BF1614B414007F6CFE /* GDIPickerView.h */ = {isa = PBXFileReference; fileEncoding = 4; lastKnownFileType = sourcecode.c.h; path = GDIPickerView.h; sourceTree = "<group>"; };
		77EDB8C01614B414007F6CFE /* GDIPickerView.m */ = {isa = PBXFileReference; fileEncoding = 4; lastKnownFileType = sourcecode.c.objc; path = GDIPickerView.m; sourceTree = "<group>"; };
		77F60C8F15CF212F000AFF56 /* NSManagedObject+GDIOrderedSetAccessors.h */ = {isa = PBXFileReference; fileEncoding = 4; lastKnownFileType = sourcecode.c.h; path = "NSManagedObject+GDIOrderedSetAccessors.h"; sourceTree = "<group>"; };
		77F60C9015CF212F000AFF56 /* NSManagedObject+GDIOrderedSetAccessors.m */ = {isa = PBXFileReference; fileEncoding = 4; lastKnownFileType = sourcecode.c.objc; path = "NSManagedObject+GDIOrderedSetAccessors.m"; sourceTree = "<group>"; };
/* End PBXFileReference section */

/* Begin PBXFrameworksBuildPhase section */
		77DAEC5015790DE80035EFC5 /* Frameworks */ = {
			isa = PBXFrameworksBuildPhase;
			buildActionMask = 2147483647;
			files = (
				775DCDCA17E29EF2008C7D91 /* CoreData.framework in Frameworks */,
				77DAEC5715790DE80035EFC5 /* Foundation.framework in Frameworks */,
				77DAECDD15790FEC0035EFC5 /* QuartzCore.framework in Frameworks */,
				77DAECDE15790FEC0035EFC5 /* CoreGraphics.framework in Frameworks */,
				77DAECE11579104E0035EFC5 /* UIKit.framework in Frameworks */,
			);
			runOnlyForDeploymentPostprocessing = 0;
		};
		77DAEC5F15790DE80035EFC5 /* Frameworks */ = {
			isa = PBXFrameworksBuildPhase;
			buildActionMask = 2147483647;
			files = (
				77A1CE441877C28800550F4C /* XCTest.framework in Frameworks */,
				77632394185E90B10093EC82 /* libz.dylib in Frameworks */,
				77632392185E90880093EC82 /* CoreGraphics.framework in Frameworks */,
				77632391185E90820093EC82 /* QuartzCore.framework in Frameworks */,
				77632390185E907D0093EC82 /* CoreData.framework in Frameworks */,
				77DAEC6B15790DE80035EFC5 /* libGravity.a in Frameworks */,
				77DAEC6815790DE80035EFC5 /* Foundation.framework in Frameworks */,
				77DAECE2157910770035EFC5 /* UIKit.framework in Frameworks */,
			);
			runOnlyForDeploymentPostprocessing = 0;
		};
/* End PBXFrameworksBuildPhase section */

/* Begin PBXGroup section */
		77850A2716F8E76C00006A35 /* Services */ = {
			isa = PBXGroup;
			children = (
				77850A2816F8E7A300006A35 /* GDIServer.h */,
				77850A2916F8E7A300006A35 /* GDIServer.m */,
			);
			name = Services;
			sourceTree = "<group>";
		};
		77D1DEBF16976B35008CD85C /* Core Data */ = {
			isa = PBXGroup;
			children = (
				775DCDC517E29CFD008C7D91 /* GDICoreDataStack.h */,
				775DCDC617E29CFD008C7D91 /* GDICoreDataStack.m */,
				77D1DEC016976B5B008CD85C /* GDIProgressiveMigration.h */,
				77D1DEC116976B5B008CD85C /* GDIProgressiveMigration.m */,
				77F60C8F15CF212F000AFF56 /* NSManagedObject+GDIOrderedSetAccessors.h */,
				77F60C9015CF212F000AFF56 /* NSManagedObject+GDIOrderedSetAccessors.m */,
				7776030116F7A4D40042319C /* NSManagedObject+Clone.h */,
				7776030216F7A4D40042319C /* NSManagedObject+Clone.m */,
			);
			name = "Core Data";
			sourceTree = "<group>";
		};
		77DAEC4815790DE80035EFC5 = {
			isa = PBXGroup;
			children = (
				77DAEC5815790DE80035EFC5 /* Gravity */,
				77DAEC6C15790DE80035EFC5 /* GravityTests */,
				77DAEC5515790DE80035EFC5 /* Frameworks */,
				77DAEC5415790DE80035EFC5 /* Products */,
			);
			sourceTree = "<group>";
		};
		77DAEC5415790DE80035EFC5 /* Products */ = {
			isa = PBXGroup;
			children = (
				77DAEC5315790DE80035EFC5 /* libGravity.a */,
				77DAEC6315790DE80035EFC5 /* GravityTests.xctest */,
			);
			name = Products;
			sourceTree = "<group>";
		};
		77DAEC5515790DE80035EFC5 /* Frameworks */ = {
			isa = PBXGroup;
			children = (
				77A1CE431877C28800550F4C /* XCTest.framework */,
				77632393185E90B10093EC82 /* libz.dylib */,
				775DCDC917E29EF2008C7D91 /* CoreData.framework */,
				77DAECDA15790FEC0035EFC5 /* QuartzCore.framework */,
				77DAECDB15790FEC0035EFC5 /* CoreGraphics.framework */,
				77DAEC5615790DE80035EFC5 /* Foundation.framework */,
				77DAECE01579104E0035EFC5 /* UIKit.framework */,
			);
			name = Frameworks;
			sourceTree = "<group>";
		};
		77DAEC5815790DE80035EFC5 /* Gravity */ = {
			isa = PBXGroup;
			children = (
				77D1DEBF16976B35008CD85C /* Core Data */,
				77DAECD715790F820035EFC5 /* Core Graphics */,
				77DAECD615790F7E0035EFC5 /* Core Animation */,
				77DAECD515790F7A0035EFC5 /* Foundation */,
				77DAECD415790F750035EFC5 /* UIKit */,
				77850A2716F8E76C00006A35 /* Services */,
				77DAEC5B15790DE80035EFC5 /* Gravity.h */,
				77DAECD215790F560035EFC5 /* Components */,
				77DAECD815790FA20035EFC5 /* Utility */,
				77DAEC5915790DE80035EFC5 /* Supporting Files */,
			);
			path = Gravity;
			sourceTree = "<group>";
		};
		77DAEC5915790DE80035EFC5 /* Supporting Files */ = {
			isa = PBXGroup;
			children = (
				77DAEC5A15790DE80035EFC5 /* Gravity-Prefix.pch */,
			);
			name = "Supporting Files";
			sourceTree = "<group>";
		};
		77DAEC6C15790DE80035EFC5 /* GravityTests */ = {
			isa = PBXGroup;
			children = (
				7763238E185E8C9C0093EC82 /* GDIColorTests.m */,
				77A1CE461877CB9800550F4C /* GDIDeviceTests.m */,
				77DAEC6D15790DE80035EFC5 /* Supporting Files */,
			);
			path = GravityTests;
			sourceTree = "<group>";
		};
		77DAEC6D15790DE80035EFC5 /* Supporting Files */ = {
			isa = PBXGroup;
			children = (
				77DAEC6E15790DE80035EFC5 /* GravityTests-Info.plist */,
				77DAEC6F15790DE80035EFC5 /* InfoPlist.strings */,
				77A1CE481877CC9900550F4C /* GravityTests-Prefix.pch */,
			);
			name = "Supporting Files";
			sourceTree = "<group>";
		};
		77DAECD215790F560035EFC5 /* Components */ = {
			isa = PBXGroup;
			children = (
				77CB6FAF16ACA806003BCA38 /* GDIPageIndicator.h */,
				77CB6FB016ACA806003BCA38 /* GDIPageIndicator.m */,
				776E78DE165AEB7500B9C524 /* GDIKeyboardObserver.h */,
				776E78DF165AEB7500B9C524 /* GDIKeyboardObserver.m */,
				77DAEC8A15790F3C0035EFC5 /* GDITouchProxyView.h */,
				77DAEC8B15790F3C0035EFC5 /* GDITouchProxyView.m */,
				77DAEC8C15790F3C0035EFC5 /* GDISignatureCaptureView.h */,
				77DAEC8D15790F3C0035EFC5 /* GDISignatureCaptureView.m */,
				7703A373158AEEA400CF326C /* GDIAutoFocusingScrollViewController.h */,
				7703A374158AEEA400CF326C /* GDIAutoFocusingScrollViewController.m */,
				77C64BB8158FCC5D00D18066 /* GDIBoundTextField.h */,
				77C64BB9158FCC5D00D18066 /* GDIBoundTextField.m */,
				774679AB1592305C00D5DF6D /* GDIBoundTextView.h */,
				774679AC1592305C00D5DF6D /* GDIBoundTextView.m */,
				77414AED15D560CA0048B157 /* GDIDatePicker.h */,
				77414AEE15D560CA0048B157 /* GDIDatePicker.m */,
				77EDB8BF1614B414007F6CFE /* GDIPickerView.h */,
				77EDB8C01614B414007F6CFE /* GDIPickerView.m */,
			);
			name = Components;
			sourceTree = "<group>";
		};
		77DAECD415790F750035EFC5 /* UIKit */ = {
			isa = PBXGroup;
			children = (
				77DAEC8E15790F3C0035EFC5 /* UIAlertView+GDIAdditions.h */,
				77DAEC8F15790F3C0035EFC5 /* UIAlertView+GDIAdditions.m */,
				77DAEC9215790F3C0035EFC5 /* UIDevice+GDIAdditions.h */,
				77DAEC9315790F3C0035EFC5 /* UIDevice+GDIAdditions.m */,
				77DAEC9415790F3C0035EFC5 /* UIImage+GDIAdditions.h */,
				77DAEC9515790F3C0035EFC5 /* UIImage+GDIAdditions.m */,
				77DAEC9615790F3C0035EFC5 /* UIImageView+GDIAdditions.h */,
				77DAEC9715790F3C0035EFC5 /* UIImageView+GDIAdditions.m */,
				77DAEC9815790F3C0035EFC5 /* UILabel+GDIAdditions.h */,
				77DAEC9915790F3C0035EFC5 /* UILabel+GDIAdditions.m */,
				77DAEC9A15790F3C0035EFC5 /* UISearchBar+GDIAdditions.h */,
				77DAEC9B15790F3C0035EFC5 /* UISearchBar+GDIAdditions.m */,
				77DAEC9C15790F3C0035EFC5 /* UIView+GDIAdditions.h */,
				77DAEC9D15790F3C0035EFC5 /* UIView+GDIAdditions.m */,
				771773CF15B0737F0024B32E /* UIView+GDIAnimation.h */,
				771773D015B0737F0024B32E /* UIView+GDIAnimation.m */,
				7771953915B9BFD400EEE868 /* UIFont+GDIAdditions.h */,
				7771953A15B9BFD400EEE868 /* UIFont+GDIAdditions.m */,
				77CE14FB169B7F8100C7F7F2 /* UIApplication+GDIAddtions.h */,
				77CE14FC169B7F8100C7F7F2 /* UIApplication+GDIAddtions.m */,
				773F064F17AB0CE400799365 /* UIScrollView+GDIAdditions.h */,
				773F065017AB0CE400799365 /* UIScrollView+GDIAdditions.m */,
			);
			name = UIKit;
			sourceTree = "<group>";
		};
		77DAECD515790F7A0035EFC5 /* Foundation */ = {
			isa = PBXGroup;
			children = (
				77DAEC9E15790F3C0035EFC5 /* NSData+GDIAdditions.h */,
				77DAEC9F15790F3C0035EFC5 /* NSData+GDIAdditions.m */,
				77DAECA015790F3C0035EFC5 /* NSDate+GDIAdditions.h */,
				77DAECA115790F3C0035EFC5 /* NSDate+GDIAdditions.m */,
				77DAECA215790F3C0035EFC5 /* NSString+GDIAdditions.h */,
				77DAECA315790F3C0035EFC5 /* NSString+GDIAdditions.m */,
				7772C649158AAE2300A8AF93 /* NSObject+PerformBlockAfterDelay.h */,
				7772C64A158AAE2300A8AF93 /* NSObject+PerformBlockAfterDelay.m */,
			);
			name = Foundation;
			sourceTree = "<group>";
		};
		77DAECD615790F7E0035EFC5 /* Core Animation */ = {
			isa = PBXGroup;
			children = (
				77DAECA415790F3C0035EFC5 /* CAAnimation+Blocks.h */,
				77DAECA515790F3C0035EFC5 /* CAAnimation+Blocks.m */,
			);
			name = "Core Animation";
			sourceTree = "<group>";
		};
		77DAECD715790F820035EFC5 /* Core Graphics */ = {
			isa = PBXGroup;
			children = (
				77DAECA615790F3C0035EFC5 /* CoreGraphics+GDIAdditions.h */,
				77DAECA715790F3C0035EFC5 /* CoreGraphics+GDIAdditions.m */,
			);
			name = "Core Graphics";
			sourceTree = "<group>";
		};
		77DAECD815790FA20035EFC5 /* Utility */ = {
			isa = PBXGroup;
			children = (
				77DAECA815790F3C0035EFC5 /* GDIMath.h */,
				77DAECA915790F3C0035EFC5 /* GDIMath.m */,
				7783436F15D584C400A0D362 /* GDIPhoneNumberFormatting.h */,
				7783437015D584C400A0D362 /* GDIPhoneNumberFormatting.m */,
			);
			name = Utility;
			sourceTree = "<group>";
		};
/* End PBXGroup section */

/* Begin PBXNativeTarget section */
		77DAEC5215790DE80035EFC5 /* Gravity */ = {
			isa = PBXNativeTarget;
			buildConfigurationList = 77DAEC7715790DE80035EFC5 /* Build configuration list for PBXNativeTarget "Gravity" */;
			buildPhases = (
				77DAEC4F15790DE80035EFC5 /* Sources */,
				77DAEC5015790DE80035EFC5 /* Frameworks */,
				777B265217F4841A0035CE13 /* CopyFiles */,
			);
			buildRules = (
			);
			dependencies = (
			);
			name = Gravity;
			productName = Gravity;
			productReference = 77DAEC5315790DE80035EFC5 /* libGravity.a */;
			productType = "com.apple.product-type.library.static";
		};
		77DAEC6215790DE80035EFC5 /* GravityTests */ = {
			isa = PBXNativeTarget;
			buildConfigurationList = 77DAEC7A15790DE80035EFC5 /* Build configuration list for PBXNativeTarget "GravityTests" */;
			buildPhases = (
				77DAEC5E15790DE80035EFC5 /* Sources */,
				77DAEC5F15790DE80035EFC5 /* Frameworks */,
				77DAEC6015790DE80035EFC5 /* Resources */,
				77DAEC6115790DE80035EFC5 /* ShellScript */,
			);
			buildRules = (
			);
			dependencies = (
				77DAEC6A15790DE80035EFC5 /* PBXTargetDependency */,
			);
			name = GravityTests;
			productName = GravityTests;
			productReference = 77DAEC6315790DE80035EFC5 /* GravityTests.xctest */;
			productType = "com.apple.product-type.bundle.unit-test";
		};
/* End PBXNativeTarget section */

/* Begin PBXProject section */
		77DAEC4A15790DE80035EFC5 /* Project object */ = {
			isa = PBXProject;
			attributes = {
				CLASSPREFIX = GDI;
				LastUpgradeCheck = 0500;
				ORGANIZATIONNAME = "Grant Davis Interactive, LLC";
				TargetAttributes = {
					77DAEC6215790DE80035EFC5 = {
						TestTargetID = 77DAEC5215790DE80035EFC5;
					};
				};
			};
			buildConfigurationList = 77DAEC4D15790DE80035EFC5 /* Build configuration list for PBXProject "Gravity" */;
			compatibilityVersion = "Xcode 3.2";
			developmentRegion = English;
			hasScannedForEncodings = 0;
			knownRegions = (
				en,
			);
			mainGroup = 77DAEC4815790DE80035EFC5;
			productRefGroup = 77DAEC5415790DE80035EFC5 /* Products */;
			projectDirPath = "";
			projectRoot = "";
			targets = (
				77DAEC5215790DE80035EFC5 /* Gravity */,
				77DAEC6215790DE80035EFC5 /* GravityTests */,
			);
		};
/* End PBXProject section */

/* Begin PBXResourcesBuildPhase section */
		77DAEC6015790DE80035EFC5 /* Resources */ = {
			isa = PBXResourcesBuildPhase;
			buildActionMask = 2147483647;
			files = (
				77DAEC7115790DE80035EFC5 /* InfoPlist.strings in Resources */,
			);
			runOnlyForDeploymentPostprocessing = 0;
		};
/* End PBXResourcesBuildPhase section */

/* Begin PBXShellScriptBuildPhase section */
		77DAEC6115790DE80035EFC5 /* ShellScript */ = {
			isa = PBXShellScriptBuildPhase;
			buildActionMask = 2147483647;
			files = (
			);
			inputPaths = (
			);
			outputPaths = (
			);
			runOnlyForDeploymentPostprocessing = 0;
			shellPath = /bin/sh;
			shellScript = "# Run the unit tests in this test bundle.\n\"${SYSTEM_DEVELOPER_DIR}/Tools/RunUnitTests\"\n";
		};
/* End PBXShellScriptBuildPhase section */

/* Begin PBXSourcesBuildPhase section */
		77DAEC4F15790DE80035EFC5 /* Sources */ = {
			isa = PBXSourcesBuildPhase;
			buildActionMask = 2147483647;
			files = (
				77DAECB115790F3C0035EFC5 /* GDITouchProxyView.m in Sources */,
				77DAECB315790F3C0035EFC5 /* GDISignatureCaptureView.m in Sources */,
				77DAECB515790F3C0035EFC5 /* UIAlertView+GDIAdditions.m in Sources */,
				77DAECB915790F3C0035EFC5 /* UIDevice+GDIAdditions.m in Sources */,
				77DAECBB15790F3C0035EFC5 /* UIImage+GDIAdditions.m in Sources */,
				77DAECBD15790F3C0035EFC5 /* UIImageView+GDIAdditions.m in Sources */,
				77DAECBF15790F3C0035EFC5 /* UILabel+GDIAdditions.m in Sources */,
				77DAECC115790F3C0035EFC5 /* UISearchBar+GDIAdditions.m in Sources */,
				775DCDC817E29CFD008C7D91 /* GDICoreDataStack.m in Sources */,
				77DAECC315790F3C0035EFC5 /* UIView+GDIAdditions.m in Sources */,
				77DAECC515790F3C0035EFC5 /* NSData+GDIAdditions.m in Sources */,
				77DAECC715790F3C0035EFC5 /* NSDate+GDIAdditions.m in Sources */,
				77DAECC915790F3C0035EFC5 /* NSString+GDIAdditions.m in Sources */,
				77DAECCB15790F3C0035EFC5 /* CAAnimation+Blocks.m in Sources */,
				77DAECCD15790F3C0035EFC5 /* CoreGraphics+GDIAdditions.m in Sources */,
				77DAECCF15790F3C0035EFC5 /* GDIMath.m in Sources */,
				7772C64C158AAE2400A8AF93 /* NSObject+PerformBlockAfterDelay.m in Sources */,
				7703A376158AEEA400CF326C /* GDIAutoFocusingScrollViewController.m in Sources */,
				77C64BBB158FCC5D00D18066 /* GDIBoundTextField.m in Sources */,
				774679AE1592305C00D5DF6D /* GDIBoundTextView.m in Sources */,
				771773D215B0737F0024B32E /* UIView+GDIAnimation.m in Sources */,
				7771953C15B9BFD400EEE868 /* UIFont+GDIAdditions.m in Sources */,
				77F60C9215CF212F000AFF56 /* NSManagedObject+GDIOrderedSetAccessors.m in Sources */,
				77414AF015D560CA0048B157 /* GDIDatePicker.m in Sources */,
				7783437215D584C400A0D362 /* GDIPhoneNumberFormatting.m in Sources */,
				77EDB8C21614B414007F6CFE /* GDIPickerView.m in Sources */,
				776E78E1165AEB7500B9C524 /* GDIKeyboardObserver.m in Sources */,
				77D1DEC316976B5B008CD85C /* GDIProgressiveMigration.m in Sources */,
				77CE14FE169B7F8100C7F7F2 /* UIApplication+GDIAddtions.m in Sources */,
				77CB6FB216ACA806003BCA38 /* GDIPageIndicator.m in Sources */,
				7776030416F7A4D40042319C /* NSManagedObject+Clone.m in Sources */,
				77850A2B16F8E7A300006A35 /* GDIServer.m in Sources */,
				773F065217AB0CE400799365 /* UIScrollView+GDIAdditions.m in Sources */,
			);
			runOnlyForDeploymentPostprocessing = 0;
		};
		77DAEC5E15790DE80035EFC5 /* Sources */ = {
			isa = PBXSourcesBuildPhase;
			buildActionMask = 2147483647;
			files = (
				77A1CE471877CB9800550F4C /* GDIDeviceTests.m in Sources */,
				77A1CE451877C30A00550F4C /* GDIColorTests.m in Sources */,
			);
			runOnlyForDeploymentPostprocessing = 0;
		};
/* End PBXSourcesBuildPhase section */

/* Begin PBXTargetDependency section */
		77DAEC6A15790DE80035EFC5 /* PBXTargetDependency */ = {
			isa = PBXTargetDependency;
			target = 77DAEC5215790DE80035EFC5 /* Gravity */;
			targetProxy = 77DAEC6915790DE80035EFC5 /* PBXContainerItemProxy */;
		};
/* End PBXTargetDependency section */

/* Begin PBXVariantGroup section */
		77DAEC6F15790DE80035EFC5 /* InfoPlist.strings */ = {
			isa = PBXVariantGroup;
			children = (
				77DAEC7015790DE80035EFC5 /* en */,
			);
			name = InfoPlist.strings;
			sourceTree = "<group>";
		};
/* End PBXVariantGroup section */

/* Begin XCBuildConfiguration section */
		77395D34183EBE4900BBC978 /* AdHoc Distribution */ = {
			isa = XCBuildConfiguration;
			buildSettings = {
				ALWAYS_SEARCH_USER_PATHS = NO;
				CLANG_ENABLE_OBJC_ARC = YES;
				CLANG_WARN_BOOL_CONVERSION = YES;
				CLANG_WARN_CONSTANT_CONVERSION = YES;
				CLANG_WARN_EMPTY_BODY = YES;
				CLANG_WARN_ENUM_CONVERSION = YES;
				CLANG_WARN_INT_CONVERSION = YES;
				CLANG_WARN__DUPLICATE_METHOD_MATCH = YES;
				COPY_PHASE_STRIP = YES;
				GCC_C_LANGUAGE_STANDARD = gnu99;
				GCC_VERSION = com.apple.compilers.llvm.clang.1_0;
				GCC_WARN_64_TO_32_BIT_CONVERSION = YES;
				GCC_WARN_ABOUT_RETURN_TYPE = YES;
				GCC_WARN_UNDECLARED_SELECTOR = YES;
				GCC_WARN_UNINITIALIZED_AUTOS = YES;
				GCC_WARN_UNUSED_FUNCTION = YES;
				GCC_WARN_UNUSED_VARIABLE = YES;
				IPHONEOS_DEPLOYMENT_TARGET = 5.1;
				SDKROOT = iphoneos;
				VALIDATE_PRODUCT = YES;
			};
			name = "AdHoc Distribution";
		};
		77395D35183EBE4900BBC978 /* AdHoc Distribution */ = {
			isa = XCBuildConfiguration;
			buildSettings = {
				DSTROOT = /tmp/Gravity.dst;
				FRAMEWORK_SEARCH_PATHS = (
					"$(inherited)",
					"\"$(SYSTEM_APPS_DIR)/Xcode.app/Contents/Developer/Library/Frameworks\"",
				);
				GCC_PRECOMPILE_PREFIX_HEADER = YES;
				GCC_PREFIX_HEADER = "Gravity/Gravity-Prefix.pch";
				IPHONEOS_DEPLOYMENT_TARGET = 5.0;
				LIBRARY_SEARCH_PATHS = (
					"$(inherited)",
					"\"$(SDKROOT)/usr/lib/system\"",
				);
				ONLY_ACTIVE_ARCH = NO;
				OTHER_LDFLAGS = "-ObjC";
				PRIVATE_HEADERS_FOLDER_PATH = "$(PUBLIC_HEADERS_FOLDER_PATH)/Private";
				PRODUCT_NAME = "$(TARGET_NAME)";
				PUBLIC_HEADERS_FOLDER_PATH = ../../Headers/Gravity;
				SKIP_INSTALL = YES;
			};
			name = "AdHoc Distribution";
		};
		77395D36183EBE4900BBC978 /* AdHoc Distribution */ = {
			isa = XCBuildConfiguration;
			buildSettings = {
				ALWAYS_SEARCH_USER_PATHS = YES;
				FRAMEWORK_SEARCH_PATHS = (
					"$(SDKROOT)/Developer/Library/Frameworks",
					"$(inherited)",
					"$(DEVELOPER_FRAMEWORKS_DIR)",
				);
				GCC_PRECOMPILE_PREFIX_HEADER = YES;
				GCC_PREFIX_HEADER = "GravityTests/GravityTests-Prefix.pch";
				INFOPLIST_FILE = "GravityTests/GravityTests-Info.plist";
				ONLY_ACTIVE_ARCH = NO;
				OTHER_LDFLAGS = (
					"-ObjC",
					"-all_load",
				);
				PRODUCT_NAME = "$(TARGET_NAME)";
			};
			name = "AdHoc Distribution";
		};
		77DAEC7515790DE80035EFC5 /* Debug */ = {
			isa = XCBuildConfiguration;
			buildSettings = {
				ALWAYS_SEARCH_USER_PATHS = NO;
				CLANG_ENABLE_OBJC_ARC = YES;
				CLANG_WARN_BOOL_CONVERSION = YES;
				CLANG_WARN_CONSTANT_CONVERSION = YES;
				CLANG_WARN_EMPTY_BODY = YES;
				CLANG_WARN_ENUM_CONVERSION = YES;
				CLANG_WARN_INT_CONVERSION = YES;
				CLANG_WARN__DUPLICATE_METHOD_MATCH = YES;
				COPY_PHASE_STRIP = NO;
				GCC_C_LANGUAGE_STANDARD = gnu99;
				GCC_DYNAMIC_NO_PIC = NO;
				GCC_OPTIMIZATION_LEVEL = 0;
				GCC_PREPROCESSOR_DEFINITIONS = (
					"DEBUG=1",
					"$(inherited)",
				);
				GCC_SYMBOLS_PRIVATE_EXTERN = NO;
				GCC_VERSION = com.apple.compilers.llvm.clang.1_0;
				GCC_WARN_64_TO_32_BIT_CONVERSION = YES;
				GCC_WARN_ABOUT_RETURN_TYPE = YES;
				GCC_WARN_UNDECLARED_SELECTOR = YES;
				GCC_WARN_UNINITIALIZED_AUTOS = YES;
				GCC_WARN_UNUSED_FUNCTION = YES;
				GCC_WARN_UNUSED_VARIABLE = YES;
				IPHONEOS_DEPLOYMENT_TARGET = 5.1;
				ONLY_ACTIVE_ARCH = YES;
				SDKROOT = iphoneos;
			};
			name = Debug;
		};
		77DAEC7615790DE80035EFC5 /* Release */ = {
			isa = XCBuildConfiguration;
			buildSettings = {
				ALWAYS_SEARCH_USER_PATHS = NO;
				CLANG_ENABLE_OBJC_ARC = YES;
				CLANG_WARN_BOOL_CONVERSION = YES;
				CLANG_WARN_CONSTANT_CONVERSION = YES;
				CLANG_WARN_EMPTY_BODY = YES;
				CLANG_WARN_ENUM_CONVERSION = YES;
				CLANG_WARN_INT_CONVERSION = YES;
				CLANG_WARN__DUPLICATE_METHOD_MATCH = YES;
				COPY_PHASE_STRIP = YES;
				GCC_C_LANGUAGE_STANDARD = gnu99;
				GCC_VERSION = com.apple.compilers.llvm.clang.1_0;
				GCC_WARN_64_TO_32_BIT_CONVERSION = YES;
				GCC_WARN_ABOUT_RETURN_TYPE = YES;
				GCC_WARN_UNDECLARED_SELECTOR = YES;
				GCC_WARN_UNINITIALIZED_AUTOS = YES;
				GCC_WARN_UNUSED_FUNCTION = YES;
				GCC_WARN_UNUSED_VARIABLE = YES;
				IPHONEOS_DEPLOYMENT_TARGET = 5.1;
				SDKROOT = iphoneos;
				VALIDATE_PRODUCT = YES;
			};
			name = Release;
		};
		77DAEC7815790DE80035EFC5 /* Debug */ = {
			isa = XCBuildConfiguration;
			buildSettings = {
				DSTROOT = /tmp/Gravity.dst;
				FRAMEWORK_SEARCH_PATHS = (
					"$(inherited)",
					"\"$(SYSTEM_APPS_DIR)/Xcode.app/Contents/Developer/Library/Frameworks\"",
				);
				GCC_PRECOMPILE_PREFIX_HEADER = YES;
				GCC_PREFIX_HEADER = "Gravity/Gravity-Prefix.pch";
				IPHONEOS_DEPLOYMENT_TARGET = 5.0;
				LIBRARY_SEARCH_PATHS = (
					"$(inherited)",
					"\"$(SDKROOT)/usr/lib/system\"",
				);
				ONLY_ACTIVE_ARCH = NO;
				OTHER_LDFLAGS = "-ObjC";
				PRIVATE_HEADERS_FOLDER_PATH = "$(PUBLIC_HEADERS_FOLDER_PATH)/Private";
				PRODUCT_NAME = "$(TARGET_NAME)";
				PUBLIC_HEADERS_FOLDER_PATH = ../../Headers/Gravity;
				SKIP_INSTALL = YES;
			};
			name = Debug;
		};
		77DAEC7915790DE80035EFC5 /* Release */ = {
			isa = XCBuildConfiguration;
			buildSettings = {
				DSTROOT = /tmp/Gravity.dst;
				FRAMEWORK_SEARCH_PATHS = (
					"$(inherited)",
					"\"$(SYSTEM_APPS_DIR)/Xcode.app/Contents/Developer/Library/Frameworks\"",
				);
				GCC_PRECOMPILE_PREFIX_HEADER = YES;
				GCC_PREFIX_HEADER = "Gravity/Gravity-Prefix.pch";
				IPHONEOS_DEPLOYMENT_TARGET = 5.0;
				LIBRARY_SEARCH_PATHS = (
					"$(inherited)",
					"\"$(SDKROOT)/usr/lib/system\"",
				);
				ONLY_ACTIVE_ARCH = NO;
				OTHER_LDFLAGS = "-ObjC";
				PRIVATE_HEADERS_FOLDER_PATH = "$(PUBLIC_HEADERS_FOLDER_PATH)/Private";
				PRODUCT_NAME = "$(TARGET_NAME)";
				PUBLIC_HEADERS_FOLDER_PATH = ../../Headers/Gravity;
				SKIP_INSTALL = YES;
			};
			name = Release;
		};
		77DAEC7B15790DE80035EFC5 /* Debug */ = {
			isa = XCBuildConfiguration;
			buildSettings = {
				ALWAYS_SEARCH_USER_PATHS = YES;
				FRAMEWORK_SEARCH_PATHS = (
					"$(SDKROOT)/Developer/Library/Frameworks",
					"$(inherited)",
					"$(DEVELOPER_FRAMEWORKS_DIR)",
				);
				GCC_PRECOMPILE_PREFIX_HEADER = YES;
				GCC_PREFIX_HEADER = "GravityTests/GravityTests-Prefix.pch";
				INFOPLIST_FILE = "GravityTests/GravityTests-Info.plist";
				ONLY_ACTIVE_ARCH = NO;
				OTHER_LDFLAGS = (
					"-ObjC",
					"-all_load",
				);
				PRODUCT_NAME = "$(TARGET_NAME)";
			};
			name = Debug;
		};
		77DAEC7C15790DE80035EFC5 /* Release */ = {
			isa = XCBuildConfiguration;
			buildSettings = {
				ALWAYS_SEARCH_USER_PATHS = YES;
				FRAMEWORK_SEARCH_PATHS = (
					"$(SDKROOT)/Developer/Library/Frameworks",
					"$(inherited)",
					"$(DEVELOPER_FRAMEWORKS_DIR)",
				);
				GCC_PRECOMPILE_PREFIX_HEADER = YES;
				GCC_PREFIX_HEADER = "GravityTests/GravityTests-Prefix.pch";
				INFOPLIST_FILE = "GravityTests/GravityTests-Info.plist";
				ONLY_ACTIVE_ARCH = NO;
				OTHER_LDFLAGS = (
					"-ObjC",
					"-all_load",
				);
				PRODUCT_NAME = "$(TARGET_NAME)";
			};
			name = Release;
		};
/* End XCBuildConfiguration section */

/* Begin XCConfigurationList section */
		77DAEC4D15790DE80035EFC5 /* Build configuration list for PBXProject "Gravity" */ = {
			isa = XCConfigurationList;
			buildConfigurations = (
				77DAEC7515790DE80035EFC5 /* Debug */,
				77DAEC7615790DE80035EFC5 /* Release */,
				77395D34183EBE4900BBC978 /* AdHoc Distribution */,
			);
			defaultConfigurationIsVisible = 0;
			defaultConfigurationName = Release;
		};
		77DAEC7715790DE80035EFC5 /* Build configuration list for PBXNativeTarget "Gravity" */ = {
			isa = XCConfigurationList;
			buildConfigurations = (
				77DAEC7815790DE80035EFC5 /* Debug */,
				77DAEC7915790DE80035EFC5 /* Release */,
				77395D35183EBE4900BBC978 /* AdHoc Distribution */,
			);
			defaultConfigurationIsVisible = 0;
			defaultConfigurationName = Release;
		};
		77DAEC7A15790DE80035EFC5 /* Build configuration list for PBXNativeTarget "GravityTests" */ = {
			isa = XCConfigurationList;
			buildConfigurations = (
				77DAEC7B15790DE80035EFC5 /* Debug */,
				77DAEC7C15790DE80035EFC5 /* Release */,
				77395D36183EBE4900BBC978 /* AdHoc Distribution */,
			);
			defaultConfigurationIsVisible = 0;
			defaultConfigurationName = Release;
		};
/* End XCConfigurationList section */
	};
	rootObject = 77DAEC4A15790DE80035EFC5 /* Project object */;
}
