// !$*UTF8*$!
{
	archiveVersion = 1;
	classes = {
	};
	objectVersion = 46;
	objects = {

/* Begin PBXBuildFile section */
		7723890E1567EC62009FD06D /* UIKit.framework in Frameworks */ = {isa = PBXBuildFile; fileRef = 777F8A90152B629F00AF038D /* UIKit.framework */; };
		7723890F1567EC62009FD06D /* Foundation.framework in Frameworks */ = {isa = PBXBuildFile; fileRef = 777F8A92152B629F00AF038D /* Foundation.framework */; };
		772389101567EC62009FD06D /* CoreGraphics.framework in Frameworks */ = {isa = PBXBuildFile; fileRef = 777F8A94152B629F00AF038D /* CoreGraphics.framework */; };
		772389161567EC62009FD06D /* InfoPlist.strings in Resources */ = {isa = PBXBuildFile; fileRef = 772389141567EC62009FD06D /* InfoPlist.strings */; };
		772389181567EC62009FD06D /* main.m in Sources */ = {isa = PBXBuildFile; fileRef = 772389171567EC62009FD06D /* main.m */; };
		7723891C1567EC62009FD06D /* GDIAppDelegate.m in Sources */ = {isa = PBXBuildFile; fileRef = 7723891B1567EC62009FD06D /* GDIAppDelegate.m */; };
		7723891F1567EC62009FD06D /* GDIViewController.m in Sources */ = {isa = PBXBuildFile; fileRef = 7723891E1567EC62009FD06D /* GDIViewController.m */; };
		772389221567EC62009FD06D /* GDIViewController_iPhone.xib in Resources */ = {isa = PBXBuildFile; fileRef = 772389201567EC62009FD06D /* GDIViewController_iPhone.xib */; };
		772389251567EC62009FD06D /* GDIViewController_iPad.xib in Resources */ = {isa = PBXBuildFile; fileRef = 772389231567EC62009FD06D /* GDIViewController_iPad.xib */; };
		7723892F1567ED57009FD06D /* diablo3.jpg in Resources */ = {isa = PBXBuildFile; fileRef = 7723892E1567ED57009FD06D /* diablo3.jpg */; };
		772389331567EFE0009FD06D /* libGDICore.a in Frameworks */ = {isa = PBXBuildFile; fileRef = 777F8B18152B67D300AF038D /* libGDICore.a */; };
		772389341567F061009FD06D /* QuartzCore.framework in Frameworks */ = {isa = PBXBuildFile; fileRef = 777F8AEB152B648F00AF038D /* QuartzCore.framework */; };
		776A9FA1154AE5E1007966A4 /* SharedImageCache.h in Headers */ = {isa = PBXBuildFile; fileRef = 776A9F9B154AE5E1007966A4 /* SharedImageCache.h */; settings = {ATTRIBUTES = (Public, ); }; };
		776A9FA2154AE5E1007966A4 /* SharedImageCache.m in Sources */ = {isa = PBXBuildFile; fileRef = 776A9F9C154AE5E1007966A4 /* SharedImageCache.m */; };
		776A9FA3154AE5E1007966A4 /* ImageCacheObject.h in Headers */ = {isa = PBXBuildFile; fileRef = 776A9F9D154AE5E1007966A4 /* ImageCacheObject.h */; settings = {ATTRIBUTES = (Public, ); }; };
		776A9FA4154AE5E1007966A4 /* ImageCacheObject.m in Sources */ = {isa = PBXBuildFile; fileRef = 776A9F9E154AE5E1007966A4 /* ImageCacheObject.m */; };
		776A9FA5154AE5E1007966A4 /* ImageCache.h in Headers */ = {isa = PBXBuildFile; fileRef = 776A9F9F154AE5E1007966A4 /* ImageCache.h */; settings = {ATTRIBUTES = (Public, ); }; };
		776A9FA6154AE5E1007966A4 /* ImageCache.m in Sources */ = {isa = PBXBuildFile; fileRef = 776A9FA0154AE5E1007966A4 /* ImageCache.m */; };
		776A9FAF154AE77D007966A4 /* CAAnimation+Blocks.h in Headers */ = {isa = PBXBuildFile; fileRef = 777F8B97152B7F5B00AF038D /* CAAnimation+Blocks.h */; settings = {ATTRIBUTES = (Public, ); }; };
		777F8B19152B67D300AF038D /* Foundation.framework in Frameworks */ = {isa = PBXBuildFile; fileRef = 777F8A92152B629F00AF038D /* Foundation.framework */; };
		777F8B26152B67D400AF038D /* SenTestingKit.framework in Frameworks */ = {isa = PBXBuildFile; fileRef = 777F8AA8152B629F00AF038D /* SenTestingKit.framework */; };
		777F8B27152B67D400AF038D /* UIKit.framework in Frameworks */ = {isa = PBXBuildFile; fileRef = 777F8A90152B629F00AF038D /* UIKit.framework */; };
		777F8B28152B67D400AF038D /* Foundation.framework in Frameworks */ = {isa = PBXBuildFile; fileRef = 777F8A92152B629F00AF038D /* Foundation.framework */; };
		777F8B2B152B67D400AF038D /* libGDICore.a in Frameworks */ = {isa = PBXBuildFile; fileRef = 777F8B18152B67D300AF038D /* libGDICore.a */; };
		777F8B31152B67D400AF038D /* InfoPlist.strings in Resources */ = {isa = PBXBuildFile; fileRef = 777F8B2F152B67D400AF038D /* InfoPlist.strings */; };
		777F8B34152B67D400AF038D /* GDICoreTests.m in Sources */ = {isa = PBXBuildFile; fileRef = 777F8B33152B67D400AF038D /* GDICoreTests.m */; };
		777F8B3B152B693100AF038D /* GDITouchProxyView.m in Sources */ = {isa = PBXBuildFile; fileRef = 777F8AE6152B63C000AF038D /* GDITouchProxyView.m */; };
		777F8B3C152B693100AF038D /* UISearchBar+GDIAdditions.m in Sources */ = {isa = PBXBuildFile; fileRef = 777F8AE9152B63CF00AF038D /* UISearchBar+GDIAdditions.m */; };
		777F8B3D152B693100AF038D /* CoreGraphics+GDIAdditions.m in Sources */ = {isa = PBXBuildFile; fileRef = 777F8AC1152B634400AF038D /* CoreGraphics+GDIAdditions.m */; };
		777F8B3E152B693100AF038D /* UIView+GDIAdditions.m in Sources */ = {isa = PBXBuildFile; fileRef = 777F8AC3152B634400AF038D /* UIView+GDIAdditions.m */; };
		777F8B3F152B693100AF038D /* UIImage+GDIAdditions.m in Sources */ = {isa = PBXBuildFile; fileRef = 777F8AC5152B634400AF038D /* UIImage+GDIAdditions.m */; };
		777F8B40152B693100AF038D /* UIColor+GDIAdditions.m in Sources */ = {isa = PBXBuildFile; fileRef = 777F8AC7152B634400AF038D /* UIColor+GDIAdditions.m */; };
		777F8B41152B693100AF038D /* UILabel+GDIAdditions.m in Sources */ = {isa = PBXBuildFile; fileRef = 777F8AC9152B634400AF038D /* UILabel+GDIAdditions.m */; };
		777F8B42152B693100AF038D /* NSString+GDIAdditions.m in Sources */ = {isa = PBXBuildFile; fileRef = 777F8ACB152B634400AF038D /* NSString+GDIAdditions.m */; };
		777F8B43152B693100AF038D /* GDIMath.m in Sources */ = {isa = PBXBuildFile; fileRef = 777F8AD9152B635400AF038D /* GDIMath.m */; };
		777F8B44152B694600AF038D /* GDITouchProxyView.h in Headers */ = {isa = PBXBuildFile; fileRef = 777F8AE5152B63C000AF038D /* GDITouchProxyView.h */; settings = {ATTRIBUTES = (Public, ); }; };
		777F8B45152B694600AF038D /* UISearchBar+GDIAdditions.h in Headers */ = {isa = PBXBuildFile; fileRef = 777F8AE8152B63CF00AF038D /* UISearchBar+GDIAdditions.h */; settings = {ATTRIBUTES = (Public, ); }; };
		777F8B46152B694600AF038D /* CoreGraphics+GDIAdditions.h in Headers */ = {isa = PBXBuildFile; fileRef = 777F8AC0152B634400AF038D /* CoreGraphics+GDIAdditions.h */; settings = {ATTRIBUTES = (Public, ); }; };
		777F8B47152B694600AF038D /* UIView+GDIAdditions.h in Headers */ = {isa = PBXBuildFile; fileRef = 777F8AC2152B634400AF038D /* UIView+GDIAdditions.h */; settings = {ATTRIBUTES = (Public, ); }; };
		777F8B48152B694600AF038D /* UIImage+GDIAdditions.h in Headers */ = {isa = PBXBuildFile; fileRef = 777F8AC4152B634400AF038D /* UIImage+GDIAdditions.h */; settings = {ATTRIBUTES = (Public, ); }; };
		777F8B49152B694600AF038D /* UIColor+GDIAdditions.h in Headers */ = {isa = PBXBuildFile; fileRef = 777F8AC6152B634400AF038D /* UIColor+GDIAdditions.h */; settings = {ATTRIBUTES = (Public, ); }; };
		777F8B4A152B694600AF038D /* UILabel+GDIAdditions.h in Headers */ = {isa = PBXBuildFile; fileRef = 777F8AC8152B634400AF038D /* UILabel+GDIAdditions.h */; settings = {ATTRIBUTES = (Public, ); }; };
		777F8B4B152B694600AF038D /* NSString+GDIAdditions.h in Headers */ = {isa = PBXBuildFile; fileRef = 777F8ACA152B634400AF038D /* NSString+GDIAdditions.h */; settings = {ATTRIBUTES = (Public, ); }; };
		777F8B4C152B694600AF038D /* GDIMath.h in Headers */ = {isa = PBXBuildFile; fileRef = 777F8AD8152B635400AF038D /* GDIMath.h */; settings = {ATTRIBUTES = (Public, ); }; };
		777F8B50152B6A0100AF038D /* QuartzCore.framework in Frameworks */ = {isa = PBXBuildFile; fileRef = 777F8AEB152B648F00AF038D /* QuartzCore.framework */; };
		777F8B67152B6E9C00AF038D /* UIKit.framework in Frameworks */ = {isa = PBXBuildFile; fileRef = 777F8A90152B629F00AF038D /* UIKit.framework */; };
		777F8B6D152B725500AF038D /* GDICore.h in Headers */ = {isa = PBXBuildFile; fileRef = 777F8B1D152B67D300AF038D /* GDICore.h */; settings = {ATTRIBUTES = (Public, ); }; };
		777F8B9A152B7F5D00AF038D /* CAAnimation+Blocks.m in Sources */ = {isa = PBXBuildFile; fileRef = 777F8B98152B7F5C00AF038D /* CAAnimation+Blocks.m */; };
		779D764F156B0A71008FB936 /* UIImageView+GDIAdditions.h in Headers */ = {isa = PBXBuildFile; fileRef = 779D764D156B0A71008FB936 /* UIImageView+GDIAdditions.h */; settings = {ATTRIBUTES = (Public, ); }; };
		779D7650156B0A71008FB936 /* UIImageView+GDIAdditions.m in Sources */ = {isa = PBXBuildFile; fileRef = 779D764E156B0A71008FB936 /* UIImageView+GDIAdditions.m */; };
		77A5687F15309B19004E9C51 /* NSDate+GDIAdditions.h in Headers */ = {isa = PBXBuildFile; fileRef = 77A5687D15309B19004E9C51 /* NSDate+GDIAdditions.h */; settings = {ATTRIBUTES = (Public, ); }; };
		77A5688015309B19004E9C51 /* NSDate+GDIAdditions.m in Sources */ = {isa = PBXBuildFile; fileRef = 77A5687E15309B19004E9C51 /* NSDate+GDIAdditions.m */; };
		77CBC7851559A6F600EFEAEA /* NSData+GDIAdditions.h in Headers */ = {isa = PBXBuildFile; fileRef = 77CBC7831559A6F600EFEAEA /* NSData+GDIAdditions.h */; settings = {ATTRIBUTES = (Public, ); }; };
		77CBC7861559A6F600EFEAEA /* NSData+GDIAdditions.m in Sources */ = {isa = PBXBuildFile; fileRef = 77CBC7841559A6F600EFEAEA /* NSData+GDIAdditions.m */; };
		77D66C7815616C5D002173CA /* GDISignatureCaptureView.h in Headers */ = {isa = PBXBuildFile; fileRef = 77D66C7615616C5D002173CA /* GDISignatureCaptureView.h */; settings = {ATTRIBUTES = (Public, ); }; };
		77D66C7915616C5D002173CA /* GDISignatureCaptureView.m in Sources */ = {isa = PBXBuildFile; fileRef = 77D66C7715616C5D002173CA /* GDISignatureCaptureView.m */; };
		77DD7F4E1576A62C00695533 /* UIAlertView+GDIAdditions.h in Headers */ = {isa = PBXBuildFile; fileRef = 77DD7F4C1576A62C00695533 /* UIAlertView+GDIAdditions.h */; settings = {ATTRIBUTES = (Public, ); }; };
		77DD7F4F1576A62C00695533 /* UIAlertView+GDIAdditions.m in Sources */ = {isa = PBXBuildFile; fileRef = 77DD7F4D1576A62C00695533 /* UIAlertView+GDIAdditions.m */; };
		77F49C1C156E05FF0090C78F /* UIDevice+GDIAdditions.h in Headers */ = {isa = PBXBuildFile; fileRef = 77F49C1A156E05FF0090C78F /* UIDevice+GDIAdditions.h */; settings = {ATTRIBUTES = (Public, ); }; };
		77F49C1D156E05FF0090C78F /* UIDevice+GDIAdditions.m in Sources */ = {isa = PBXBuildFile; fileRef = 77F49C1B156E05FF0090C78F /* UIDevice+GDIAdditions.m */; };
/* End PBXBuildFile section */

/* Begin PBXContainerItemProxy section */
		772389311567EEE8009FD06D /* PBXContainerItemProxy */ = {
			isa = PBXContainerItemProxy;
			containerPortal = 777F8A83152B629E00AF038D /* Project object */;
			proxyType = 1;
			remoteGlobalIDString = 777F8B17152B67D300AF038D;
			remoteInfo = GDICore;
		};
		777F8B29152B67D400AF038D /* PBXContainerItemProxy */ = {
			isa = PBXContainerItemProxy;
			containerPortal = 777F8A83152B629E00AF038D /* Project object */;
			proxyType = 1;
			remoteGlobalIDString = 777F8B17152B67D300AF038D;
			remoteInfo = GDICore;
		};
/* End PBXContainerItemProxy section */

/* Begin PBXFileReference section */
		7723890C1567EC62009FD06D /* GDICoreWorkspace.app */ = {isa = PBXFileReference; explicitFileType = wrapper.application; includeInIndex = 0; path = GDICoreWorkspace.app; sourceTree = BUILT_PRODUCTS_DIR; };
		772389131567EC62009FD06D /* GDICoreWorkspace-Info.plist */ = {isa = PBXFileReference; lastKnownFileType = text.plist.xml; path = "GDICoreWorkspace-Info.plist"; sourceTree = "<group>"; };
		772389151567EC62009FD06D /* en */ = {isa = PBXFileReference; lastKnownFileType = text.plist.strings; name = en; path = en.lproj/InfoPlist.strings; sourceTree = "<group>"; };
		772389171567EC62009FD06D /* main.m */ = {isa = PBXFileReference; lastKnownFileType = sourcecode.c.objc; path = main.m; sourceTree = "<group>"; };
		772389191567EC62009FD06D /* GDICoreWorkspace-Prefix.pch */ = {isa = PBXFileReference; lastKnownFileType = sourcecode.c.h; path = "GDICoreWorkspace-Prefix.pch"; sourceTree = "<group>"; };
		7723891A1567EC62009FD06D /* GDIAppDelegate.h */ = {isa = PBXFileReference; lastKnownFileType = sourcecode.c.h; path = GDIAppDelegate.h; sourceTree = "<group>"; };
		7723891B1567EC62009FD06D /* GDIAppDelegate.m */ = {isa = PBXFileReference; lastKnownFileType = sourcecode.c.objc; path = GDIAppDelegate.m; sourceTree = "<group>"; };
		7723891D1567EC62009FD06D /* GDIViewController.h */ = {isa = PBXFileReference; lastKnownFileType = sourcecode.c.h; path = GDIViewController.h; sourceTree = "<group>"; };
		7723891E1567EC62009FD06D /* GDIViewController.m */ = {isa = PBXFileReference; lastKnownFileType = sourcecode.c.objc; path = GDIViewController.m; sourceTree = "<group>"; };
		772389211567EC62009FD06D /* en */ = {isa = PBXFileReference; lastKnownFileType = file.xib; name = en; path = en.lproj/GDIViewController_iPhone.xib; sourceTree = "<group>"; };
		772389241567EC62009FD06D /* en */ = {isa = PBXFileReference; lastKnownFileType = file.xib; name = en; path = en.lproj/GDIViewController_iPad.xib; sourceTree = "<group>"; };
		7723892E1567ED57009FD06D /* diablo3.jpg */ = {isa = PBXFileReference; lastKnownFileType = image.jpeg; name = diablo3.jpg; path = assets/images/diablo3.jpg; sourceTree = "<group>"; };
		776A9F9B154AE5E1007966A4 /* SharedImageCache.h */ = {isa = PBXFileReference; fileEncoding = 4; lastKnownFileType = sourcecode.c.h; path = SharedImageCache.h; sourceTree = "<group>"; };
		776A9F9C154AE5E1007966A4 /* SharedImageCache.m */ = {isa = PBXFileReference; fileEncoding = 4; lastKnownFileType = sourcecode.c.objc; path = SharedImageCache.m; sourceTree = "<group>"; };
		776A9F9D154AE5E1007966A4 /* ImageCacheObject.h */ = {isa = PBXFileReference; fileEncoding = 4; lastKnownFileType = sourcecode.c.h; path = ImageCacheObject.h; sourceTree = "<group>"; };
		776A9F9E154AE5E1007966A4 /* ImageCacheObject.m */ = {isa = PBXFileReference; fileEncoding = 4; lastKnownFileType = sourcecode.c.objc; path = ImageCacheObject.m; sourceTree = "<group>"; };
		776A9F9F154AE5E1007966A4 /* ImageCache.h */ = {isa = PBXFileReference; fileEncoding = 4; lastKnownFileType = sourcecode.c.h; path = ImageCache.h; sourceTree = "<group>"; };
		776A9FA0154AE5E1007966A4 /* ImageCache.m */ = {isa = PBXFileReference; fileEncoding = 4; lastKnownFileType = sourcecode.c.objc; path = ImageCache.m; sourceTree = "<group>"; };
		777F8A90152B629F00AF038D /* UIKit.framework */ = {isa = PBXFileReference; lastKnownFileType = wrapper.framework; name = UIKit.framework; path = System/Library/Frameworks/UIKit.framework; sourceTree = SDKROOT; };
		777F8A92152B629F00AF038D /* Foundation.framework */ = {isa = PBXFileReference; lastKnownFileType = wrapper.framework; name = Foundation.framework; path = System/Library/Frameworks/Foundation.framework; sourceTree = SDKROOT; };
		777F8A94152B629F00AF038D /* CoreGraphics.framework */ = {isa = PBXFileReference; lastKnownFileType = wrapper.framework; name = CoreGraphics.framework; path = System/Library/Frameworks/CoreGraphics.framework; sourceTree = SDKROOT; };
		777F8AA8152B629F00AF038D /* SenTestingKit.framework */ = {isa = PBXFileReference; lastKnownFileType = wrapper.framework; name = SenTestingKit.framework; path = Library/Frameworks/SenTestingKit.framework; sourceTree = DEVELOPER_DIR; };
		777F8AC0152B634400AF038D /* CoreGraphics+GDIAdditions.h */ = {isa = PBXFileReference; fileEncoding = 4; lastKnownFileType = sourcecode.c.h; path = "CoreGraphics+GDIAdditions.h"; sourceTree = "<group>"; };
		777F8AC1152B634400AF038D /* CoreGraphics+GDIAdditions.m */ = {isa = PBXFileReference; fileEncoding = 4; lastKnownFileType = sourcecode.c.objc; path = "CoreGraphics+GDIAdditions.m"; sourceTree = "<group>"; };
		777F8AC2152B634400AF038D /* UIView+GDIAdditions.h */ = {isa = PBXFileReference; fileEncoding = 4; lastKnownFileType = sourcecode.c.h; path = "UIView+GDIAdditions.h"; sourceTree = "<group>"; };
		777F8AC3152B634400AF038D /* UIView+GDIAdditions.m */ = {isa = PBXFileReference; fileEncoding = 4; lastKnownFileType = sourcecode.c.objc; path = "UIView+GDIAdditions.m"; sourceTree = "<group>"; };
		777F8AC4152B634400AF038D /* UIImage+GDIAdditions.h */ = {isa = PBXFileReference; fileEncoding = 4; lastKnownFileType = sourcecode.c.h; path = "UIImage+GDIAdditions.h"; sourceTree = "<group>"; };
		777F8AC5152B634400AF038D /* UIImage+GDIAdditions.m */ = {isa = PBXFileReference; fileEncoding = 4; lastKnownFileType = sourcecode.c.objc; path = "UIImage+GDIAdditions.m"; sourceTree = "<group>"; };
		777F8AC6152B634400AF038D /* UIColor+GDIAdditions.h */ = {isa = PBXFileReference; fileEncoding = 4; lastKnownFileType = sourcecode.c.h; path = "UIColor+GDIAdditions.h"; sourceTree = "<group>"; };
		777F8AC7152B634400AF038D /* UIColor+GDIAdditions.m */ = {isa = PBXFileReference; fileEncoding = 4; lastKnownFileType = sourcecode.c.objc; path = "UIColor+GDIAdditions.m"; sourceTree = "<group>"; };
		777F8AC8152B634400AF038D /* UILabel+GDIAdditions.h */ = {isa = PBXFileReference; fileEncoding = 4; lastKnownFileType = sourcecode.c.h; path = "UILabel+GDIAdditions.h"; sourceTree = "<group>"; };
		777F8AC9152B634400AF038D /* UILabel+GDIAdditions.m */ = {isa = PBXFileReference; fileEncoding = 4; lastKnownFileType = sourcecode.c.objc; path = "UILabel+GDIAdditions.m"; sourceTree = "<group>"; };
		777F8ACA152B634400AF038D /* NSString+GDIAdditions.h */ = {isa = PBXFileReference; fileEncoding = 4; lastKnownFileType = sourcecode.c.h; path = "NSString+GDIAdditions.h"; sourceTree = "<group>"; };
		777F8ACB152B634400AF038D /* NSString+GDIAdditions.m */ = {isa = PBXFileReference; fileEncoding = 4; lastKnownFileType = sourcecode.c.objc; path = "NSString+GDIAdditions.m"; sourceTree = "<group>"; };
		777F8AD8152B635400AF038D /* GDIMath.h */ = {isa = PBXFileReference; fileEncoding = 4; lastKnownFileType = sourcecode.c.h; path = GDIMath.h; sourceTree = "<group>"; };
		777F8AD9152B635400AF038D /* GDIMath.m */ = {isa = PBXFileReference; fileEncoding = 4; lastKnownFileType = sourcecode.c.objc; path = GDIMath.m; sourceTree = "<group>"; };
		777F8AE5152B63C000AF038D /* GDITouchProxyView.h */ = {isa = PBXFileReference; fileEncoding = 4; lastKnownFileType = sourcecode.c.h; path = GDITouchProxyView.h; sourceTree = "<group>"; };
		777F8AE6152B63C000AF038D /* GDITouchProxyView.m */ = {isa = PBXFileReference; fileEncoding = 4; lastKnownFileType = sourcecode.c.objc; path = GDITouchProxyView.m; sourceTree = "<group>"; };
		777F8AE8152B63CF00AF038D /* UISearchBar+GDIAdditions.h */ = {isa = PBXFileReference; fileEncoding = 4; lastKnownFileType = sourcecode.c.h; path = "UISearchBar+GDIAdditions.h"; sourceTree = "<group>"; };
		777F8AE9152B63CF00AF038D /* UISearchBar+GDIAdditions.m */ = {isa = PBXFileReference; fileEncoding = 4; lastKnownFileType = sourcecode.c.objc; path = "UISearchBar+GDIAdditions.m"; sourceTree = "<group>"; };
		777F8AEB152B648F00AF038D /* QuartzCore.framework */ = {isa = PBXFileReference; lastKnownFileType = wrapper.framework; name = QuartzCore.framework; path = System/Library/Frameworks/QuartzCore.framework; sourceTree = SDKROOT; };
		777F8B18152B67D300AF038D /* libGDICore.a */ = {isa = PBXFileReference; explicitFileType = archive.ar; includeInIndex = 0; path = libGDICore.a; sourceTree = BUILT_PRODUCTS_DIR; };
		777F8B1C152B67D300AF038D /* GDICore-Prefix.pch */ = {isa = PBXFileReference; lastKnownFileType = sourcecode.c.h; name = "GDICore-Prefix.pch"; path = "../GDICore/GDICore-Prefix.pch"; sourceTree = "<group>"; };
		777F8B1D152B67D300AF038D /* GDICore.h */ = {isa = PBXFileReference; lastKnownFileType = sourcecode.c.h; name = GDICore.h; path = ../GDICore/GDICore.h; sourceTree = "<group>"; };
		777F8B25152B67D400AF038D /* GDICoreTests.octest */ = {isa = PBXFileReference; explicitFileType = wrapper.cfbundle; includeInIndex = 0; path = GDICoreTests.octest; sourceTree = BUILT_PRODUCTS_DIR; };
		777F8B2E152B67D400AF038D /* GDICoreTests-Info.plist */ = {isa = PBXFileReference; lastKnownFileType = text.plist.xml; path = "GDICoreTests-Info.plist"; sourceTree = "<group>"; };
		777F8B30152B67D400AF038D /* en */ = {isa = PBXFileReference; lastKnownFileType = text.plist.strings; name = en; path = en.lproj/InfoPlist.strings; sourceTree = "<group>"; };
		777F8B32152B67D400AF038D /* GDICoreTests.h */ = {isa = PBXFileReference; lastKnownFileType = sourcecode.c.h; path = GDICoreTests.h; sourceTree = "<group>"; };
		777F8B33152B67D400AF038D /* GDICoreTests.m */ = {isa = PBXFileReference; lastKnownFileType = sourcecode.c.objc; path = GDICoreTests.m; sourceTree = "<group>"; };
		777F8B97152B7F5B00AF038D /* CAAnimation+Blocks.h */ = {isa = PBXFileReference; fileEncoding = 4; lastKnownFileType = sourcecode.c.h; path = "CAAnimation+Blocks.h"; sourceTree = "<group>"; };
		777F8B98152B7F5C00AF038D /* CAAnimation+Blocks.m */ = {isa = PBXFileReference; fileEncoding = 4; lastKnownFileType = sourcecode.c.objc; path = "CAAnimation+Blocks.m"; sourceTree = "<group>"; };
		779D764D156B0A71008FB936 /* UIImageView+GDIAdditions.h */ = {isa = PBXFileReference; fileEncoding = 4; lastKnownFileType = sourcecode.c.h; path = "UIImageView+GDIAdditions.h"; sourceTree = "<group>"; };
		779D764E156B0A71008FB936 /* UIImageView+GDIAdditions.m */ = {isa = PBXFileReference; fileEncoding = 4; lastKnownFileType = sourcecode.c.objc; path = "UIImageView+GDIAdditions.m"; sourceTree = "<group>"; };
		77A5687D15309B19004E9C51 /* NSDate+GDIAdditions.h */ = {isa = PBXFileReference; fileEncoding = 4; lastKnownFileType = sourcecode.c.h; path = "NSDate+GDIAdditions.h"; sourceTree = "<group>"; };
		77A5687E15309B19004E9C51 /* NSDate+GDIAdditions.m */ = {isa = PBXFileReference; fileEncoding = 4; lastKnownFileType = sourcecode.c.objc; path = "NSDate+GDIAdditions.m"; sourceTree = "<group>"; };
		77CBC7831559A6F600EFEAEA /* NSData+GDIAdditions.h */ = {isa = PBXFileReference; fileEncoding = 4; lastKnownFileType = sourcecode.c.h; path = "NSData+GDIAdditions.h"; sourceTree = "<group>"; };
		77CBC7841559A6F600EFEAEA /* NSData+GDIAdditions.m */ = {isa = PBXFileReference; fileEncoding = 4; lastKnownFileType = sourcecode.c.objc; path = "NSData+GDIAdditions.m"; sourceTree = "<group>"; };
		77CBC7881559A73800EFEAEA /* libcommonCrypto.dylib */ = {isa = PBXFileReference; lastKnownFileType = "compiled.mach-o.dylib"; name = libcommonCrypto.dylib; path = usr/lib/system/libcommonCrypto.dylib; sourceTree = SDKROOT; };
		77D66C7615616C5D002173CA /* GDISignatureCaptureView.h */ = {isa = PBXFileReference; fileEncoding = 4; lastKnownFileType = sourcecode.c.h; path = GDISignatureCaptureView.h; sourceTree = "<group>"; };
		77D66C7715616C5D002173CA /* GDISignatureCaptureView.m */ = {isa = PBXFileReference; fileEncoding = 4; lastKnownFileType = sourcecode.c.objc; path = GDISignatureCaptureView.m; sourceTree = "<group>"; };
		77DD7F4C1576A62C00695533 /* UIAlertView+GDIAdditions.h */ = {isa = PBXFileReference; fileEncoding = 4; lastKnownFileType = sourcecode.c.h; path = "UIAlertView+GDIAdditions.h"; sourceTree = "<group>"; };
		77DD7F4D1576A62C00695533 /* UIAlertView+GDIAdditions.m */ = {isa = PBXFileReference; fileEncoding = 4; lastKnownFileType = sourcecode.c.objc; path = "UIAlertView+GDIAdditions.m"; sourceTree = "<group>"; };
		77F49C1A156E05FF0090C78F /* UIDevice+GDIAdditions.h */ = {isa = PBXFileReference; fileEncoding = 4; lastKnownFileType = sourcecode.c.h; path = "UIDevice+GDIAdditions.h"; sourceTree = "<group>"; };
		77F49C1B156E05FF0090C78F /* UIDevice+GDIAdditions.m */ = {isa = PBXFileReference; fileEncoding = 4; lastKnownFileType = sourcecode.c.objc; path = "UIDevice+GDIAdditions.m"; sourceTree = "<group>"; };
/* End PBXFileReference section */

/* Begin PBXFrameworksBuildPhase section */
		772389091567EC62009FD06D /* Frameworks */ = {
			isa = PBXFrameworksBuildPhase;
			buildActionMask = 2147483647;
			files = (
				772389331567EFE0009FD06D /* libGDICore.a in Frameworks */,
				772389341567F061009FD06D /* QuartzCore.framework in Frameworks */,
				7723890E1567EC62009FD06D /* UIKit.framework in Frameworks */,
				7723890F1567EC62009FD06D /* Foundation.framework in Frameworks */,
				772389101567EC62009FD06D /* CoreGraphics.framework in Frameworks */,
			);
			runOnlyForDeploymentPostprocessing = 0;
		};
		777F8B15152B67D300AF038D /* Frameworks */ = {
			isa = PBXFrameworksBuildPhase;
			buildActionMask = 2147483647;
			files = (
				777F8B67152B6E9C00AF038D /* UIKit.framework in Frameworks */,
				777F8B19152B67D300AF038D /* Foundation.framework in Frameworks */,
				777F8B50152B6A0100AF038D /* QuartzCore.framework in Frameworks */,
			);
			runOnlyForDeploymentPostprocessing = 0;
		};
		777F8B21152B67D400AF038D /* Frameworks */ = {
			isa = PBXFrameworksBuildPhase;
			buildActionMask = 2147483647;
			files = (
				777F8B26152B67D400AF038D /* SenTestingKit.framework in Frameworks */,
				777F8B27152B67D400AF038D /* UIKit.framework in Frameworks */,
				777F8B28152B67D400AF038D /* Foundation.framework in Frameworks */,
				777F8B2B152B67D400AF038D /* libGDICore.a in Frameworks */,
			);
			runOnlyForDeploymentPostprocessing = 0;
		};
/* End PBXFrameworksBuildPhase section */

/* Begin PBXGroup section */
		772389111567EC62009FD06D /* GDICoreWorkspace */ = {
			isa = PBXGroup;
			children = (
				7723891A1567EC62009FD06D /* GDIAppDelegate.h */,
				7723891B1567EC62009FD06D /* GDIAppDelegate.m */,
				7723891D1567EC62009FD06D /* GDIViewController.h */,
				7723891E1567EC62009FD06D /* GDIViewController.m */,
				772389201567EC62009FD06D /* GDIViewController_iPhone.xib */,
				772389231567EC62009FD06D /* GDIViewController_iPad.xib */,
				772389121567EC62009FD06D /* Supporting Files */,
			);
			path = GDICoreWorkspace;
			sourceTree = "<group>";
		};
		772389121567EC62009FD06D /* Supporting Files */ = {
			isa = PBXGroup;
			children = (
				7723892C1567ED4B009FD06D /* assets */,
				772389131567EC62009FD06D /* GDICoreWorkspace-Info.plist */,
				772389141567EC62009FD06D /* InfoPlist.strings */,
				772389171567EC62009FD06D /* main.m */,
				772389191567EC62009FD06D /* GDICoreWorkspace-Prefix.pch */,
			);
			name = "Supporting Files";
			sourceTree = "<group>";
		};
		7723892C1567ED4B009FD06D /* assets */ = {
			isa = PBXGroup;
			children = (
				7723892D1567ED50009FD06D /* images */,
			);
			name = assets;
			sourceTree = "<group>";
		};
		7723892D1567ED50009FD06D /* images */ = {
			isa = PBXGroup;
			children = (
				7723892E1567ED57009FD06D /* diablo3.jpg */,
			);
			name = images;
			sourceTree = "<group>";
		};
		776A9FA8154AE5E7007966A4 /* Image Cache */ = {
			isa = PBXGroup;
			children = (
				776A9F9B154AE5E1007966A4 /* SharedImageCache.h */,
				776A9F9C154AE5E1007966A4 /* SharedImageCache.m */,
				776A9F9D154AE5E1007966A4 /* ImageCacheObject.h */,
				776A9F9E154AE5E1007966A4 /* ImageCacheObject.m */,
				776A9F9F154AE5E1007966A4 /* ImageCache.h */,
				776A9FA0154AE5E1007966A4 /* ImageCache.m */,
			);
			name = "Image Cache";
			sourceTree = "<group>";
		};
		777F8A81152B629E00AF038D = {
			isa = PBXGroup;
			children = (
				777F8A96152B629F00AF038D /* GDICore */,
				777F8B2C152B67D400AF038D /* GDICoreTests */,
				772389111567EC62009FD06D /* GDICoreWorkspace */,
				777F8A8F152B629F00AF038D /* Frameworks */,
				777F8A8D152B629F00AF038D /* Products */,
			);
			sourceTree = "<group>";
		};
		777F8A8D152B629F00AF038D /* Products */ = {
			isa = PBXGroup;
			children = (
				777F8B18152B67D300AF038D /* libGDICore.a */,
				777F8B25152B67D400AF038D /* GDICoreTests.octest */,
				7723890C1567EC62009FD06D /* GDICoreWorkspace.app */,
			);
			name = Products;
			sourceTree = "<group>";
		};
		777F8A8F152B629F00AF038D /* Frameworks */ = {
			isa = PBXGroup;
			children = (
				77CBC7881559A73800EFEAEA /* libcommonCrypto.dylib */,
				777F8AEB152B648F00AF038D /* QuartzCore.framework */,
				777F8A90152B629F00AF038D /* UIKit.framework */,
				777F8A92152B629F00AF038D /* Foundation.framework */,
				777F8A94152B629F00AF038D /* CoreGraphics.framework */,
				777F8AA8152B629F00AF038D /* SenTestingKit.framework */,
			);
			name = Frameworks;
			sourceTree = "<group>";
		};
		777F8A96152B629F00AF038D /* GDICore */ = {
			isa = PBXGroup;
			children = (
				777F8B1D152B67D300AF038D /* GDICore.h */,
				776A9FA8154AE5E7007966A4 /* Image Cache */,
				777F8ADC152B637900AF038D /* Components */,
				777F8ABF152B62D500AF038D /* Categories */,
				777F8B70152B748E00AF038D /* Utility */,
				777F8A97152B629F00AF038D /* Supporting Files */,
			);
			name = GDICore;
			path = "GDI iOS Core";
			sourceTree = "<group>";
		};
		777F8A97152B629F00AF038D /* Supporting Files */ = {
			isa = PBXGroup;
			children = (
				777F8B1C152B67D300AF038D /* GDICore-Prefix.pch */,
			);
			name = "Supporting Files";
			sourceTree = "<group>";
		};
		777F8ABF152B62D500AF038D /* Categories */ = {
			isa = PBXGroup;
			children = (
				77DD7F541576A68C00695533 /* UIKit */,
				77DD7F531576A68200695533 /* Foundation */,
				77DD7F511576A66A00695533 /* Core Animation */,
				77DD7F521576A67300695533 /* Core Graphics */,
			);
			name = Categories;
			sourceTree = "<group>";
		};
		777F8ADC152B637900AF038D /* Components */ = {
			isa = PBXGroup;
			children = (
				777F8AE5152B63C000AF038D /* GDITouchProxyView.h */,
				777F8AE6152B63C000AF038D /* GDITouchProxyView.m */,
				77D66C7615616C5D002173CA /* GDISignatureCaptureView.h */,
				77D66C7715616C5D002173CA /* GDISignatureCaptureView.m */,
			);
			name = Components;
			sourceTree = "<group>";
		};
		777F8B2C152B67D400AF038D /* GDICoreTests */ = {
			isa = PBXGroup;
			children = (
				777F8B32152B67D400AF038D /* GDICoreTests.h */,
				777F8B33152B67D400AF038D /* GDICoreTests.m */,
				777F8B2D152B67D400AF038D /* Supporting Files */,
			);
			path = GDICoreTests;
			sourceTree = "<group>";
		};
		777F8B2D152B67D400AF038D /* Supporting Files */ = {
			isa = PBXGroup;
			children = (
				777F8B2E152B67D400AF038D /* GDICoreTests-Info.plist */,
				777F8B2F152B67D400AF038D /* InfoPlist.strings */,
			);
			name = "Supporting Files";
			sourceTree = "<group>";
		};
		777F8B70152B748E00AF038D /* Utility */ = {
			isa = PBXGroup;
			children = (
				777F8AD8152B635400AF038D /* GDIMath.h */,
				777F8AD9152B635400AF038D /* GDIMath.m */,
			);
			name = Utility;
			sourceTree = "<group>";
		};
		77DD7F511576A66A00695533 /* Core Animation */ = {
			isa = PBXGroup;
			children = (
				777F8B97152B7F5B00AF038D /* CAAnimation+Blocks.h */,
				777F8B98152B7F5C00AF038D /* CAAnimation+Blocks.m */,
			);
			name = "Core Animation";
			sourceTree = "<group>";
		};
		77DD7F521576A67300695533 /* Core Graphics */ = {
			isa = PBXGroup;
			children = (
				777F8AC0152B634400AF038D /* CoreGraphics+GDIAdditions.h */,
				777F8AC1152B634400AF038D /* CoreGraphics+GDIAdditions.m */,
			);
			name = "Core Graphics";
			sourceTree = "<group>";
		};
		77DD7F531576A68200695533 /* Foundation */ = {
			isa = PBXGroup;
			children = (
				77CBC7831559A6F600EFEAEA /* NSData+GDIAdditions.h */,
				77CBC7841559A6F600EFEAEA /* NSData+GDIAdditions.m */,
				77A5687D15309B19004E9C51 /* NSDate+GDIAdditions.h */,
				77A5687E15309B19004E9C51 /* NSDate+GDIAdditions.m */,
				777F8ACA152B634400AF038D /* NSString+GDIAdditions.h */,
				777F8ACB152B634400AF038D /* NSString+GDIAdditions.m */,
			);
			name = Foundation;
			sourceTree = "<group>";
		};
		77DD7F541576A68C00695533 /* UIKit */ = {
			isa = PBXGroup;
			children = (
				77DD7F4C1576A62C00695533 /* UIAlertView+GDIAdditions.h */,
				77DD7F4D1576A62C00695533 /* UIAlertView+GDIAdditions.m */,
				777F8AC6152B634400AF038D /* UIColor+GDIAdditions.h */,
				777F8AC7152B634400AF038D /* UIColor+GDIAdditions.m */,
				77F49C1A156E05FF0090C78F /* UIDevice+GDIAdditions.h */,
				77F49C1B156E05FF0090C78F /* UIDevice+GDIAdditions.m */,
				777F8AC4152B634400AF038D /* UIImage+GDIAdditions.h */,
				777F8AC5152B634400AF038D /* UIImage+GDIAdditions.m */,
				779D764D156B0A71008FB936 /* UIImageView+GDIAdditions.h */,
				779D764E156B0A71008FB936 /* UIImageView+GDIAdditions.m */,
				777F8AC8152B634400AF038D /* UILabel+GDIAdditions.h */,
				777F8AC9152B634400AF038D /* UILabel+GDIAdditions.m */,
				777F8AE8152B63CF00AF038D /* UISearchBar+GDIAdditions.h */,
				777F8AE9152B63CF00AF038D /* UISearchBar+GDIAdditions.m */,
				777F8AC2152B634400AF038D /* UIView+GDIAdditions.h */,
				777F8AC3152B634400AF038D /* UIView+GDIAdditions.m */,
			);
			name = UIKit;
			sourceTree = "<group>";
		};
/* End PBXGroup section */

/* Begin PBXHeadersBuildPhase section */
		777F8B16152B67D300AF038D /* Headers */ = {
			isa = PBXHeadersBuildPhase;
			buildActionMask = 2147483647;
			files = (
				777F8B6D152B725500AF038D /* GDICore.h in Headers */,
				777F8B44152B694600AF038D /* GDITouchProxyView.h in Headers */,
				777F8B45152B694600AF038D /* UISearchBar+GDIAdditions.h in Headers */,
				777F8B46152B694600AF038D /* CoreGraphics+GDIAdditions.h in Headers */,
				777F8B47152B694600AF038D /* UIView+GDIAdditions.h in Headers */,
				777F8B48152B694600AF038D /* UIImage+GDIAdditions.h in Headers */,
				777F8B49152B694600AF038D /* UIColor+GDIAdditions.h in Headers */,
				776A9FAF154AE77D007966A4 /* CAAnimation+Blocks.h in Headers */,
				77A5687F15309B19004E9C51 /* NSDate+GDIAdditions.h in Headers */,
				777F8B4A152B694600AF038D /* UILabel+GDIAdditions.h in Headers */,
				777F8B4B152B694600AF038D /* NSString+GDIAdditions.h in Headers */,
				777F8B4C152B694600AF038D /* GDIMath.h in Headers */,
				77CBC7851559A6F600EFEAEA /* NSData+GDIAdditions.h in Headers */,
				776A9FA1154AE5E1007966A4 /* SharedImageCache.h in Headers */,
				776A9FA3154AE5E1007966A4 /* ImageCacheObject.h in Headers */,
				77DD7F4E1576A62C00695533 /* UIAlertView+GDIAdditions.h in Headers */,
				776A9FA5154AE5E1007966A4 /* ImageCache.h in Headers */,
				77D66C7815616C5D002173CA /* GDISignatureCaptureView.h in Headers */,
				779D764F156B0A71008FB936 /* UIImageView+GDIAdditions.h in Headers */,
				77F49C1C156E05FF0090C78F /* UIDevice+GDIAdditions.h in Headers */,
			);
			runOnlyForDeploymentPostprocessing = 0;
		};
/* End PBXHeadersBuildPhase section */

/* Begin PBXNativeTarget section */
		7723890B1567EC62009FD06D /* GDICoreWorkspace */ = {
			isa = PBXNativeTarget;
			buildConfigurationList = 772389281567EC62009FD06D /* Build configuration list for PBXNativeTarget "GDICoreWorkspace" */;
			buildPhases = (
				772389081567EC62009FD06D /* Sources */,
				772389091567EC62009FD06D /* Frameworks */,
				7723890A1567EC62009FD06D /* Resources */,
			);
			buildRules = (
			);
			dependencies = (
				772389321567EEE8009FD06D /* PBXTargetDependency */,
			);
			name = GDICoreWorkspace;
			productName = GDICoreWorkspace;
			productReference = 7723890C1567EC62009FD06D /* GDICoreWorkspace.app */;
			productType = "com.apple.product-type.application";
		};
		777F8B17152B67D300AF038D /* GDICore */ = {
			isa = PBXNativeTarget;
			buildConfigurationList = 777F8B35152B67D400AF038D /* Build configuration list for PBXNativeTarget "GDICore" */;
			buildPhases = (
				777F8B14152B67D300AF038D /* Sources */,
				777F8B15152B67D300AF038D /* Frameworks */,
				777F8B16152B67D300AF038D /* Headers */,
			);
			buildRules = (
			);
			dependencies = (
			);
			name = GDICore;
			productName = GDICore;
			productReference = 777F8B18152B67D300AF038D /* libGDICore.a */;
			productType = "com.apple.product-type.library.static";
		};
		777F8B24152B67D400AF038D /* GDICoreTests */ = {
			isa = PBXNativeTarget;
			buildConfigurationList = 777F8B38152B67D400AF038D /* Build configuration list for PBXNativeTarget "GDICoreTests" */;
			buildPhases = (
				777F8B20152B67D400AF038D /* Sources */,
				777F8B21152B67D400AF038D /* Frameworks */,
				777F8B22152B67D400AF038D /* Resources */,
				777F8B23152B67D400AF038D /* ShellScript */,
			);
			buildRules = (
			);
			dependencies = (
				777F8B2A152B67D400AF038D /* PBXTargetDependency */,
			);
			name = GDICoreTests;
			productName = GDICoreTests;
			productReference = 777F8B25152B67D400AF038D /* GDICoreTests.octest */;
			productType = "com.apple.product-type.bundle";
		};
/* End PBXNativeTarget section */

/* Begin PBXProject section */
		777F8A83152B629E00AF038D /* Project object */ = {
			isa = PBXProject;
			attributes = {
				CLASSPREFIX = GDI;
				LastUpgradeCheck = 0430;
				ORGANIZATIONNAME = "Grant Davis Interactive, LLC";
			};
			buildConfigurationList = 777F8A86152B629E00AF038D /* Build configuration list for PBXProject "GDI iOS Core" */;
			compatibilityVersion = "Xcode 3.2";
			developmentRegion = English;
			hasScannedForEncodings = 0;
			knownRegions = (
				en,
			);
			mainGroup = 777F8A81152B629E00AF038D;
			productRefGroup = 777F8A8D152B629F00AF038D /* Products */;
			projectDirPath = "";
			projectRoot = "";
			targets = (
				777F8B17152B67D300AF038D /* GDICore */,
				777F8B24152B67D400AF038D /* GDICoreTests */,
				7723890B1567EC62009FD06D /* GDICoreWorkspace */,
			);
		};
/* End PBXProject section */

/* Begin PBXResourcesBuildPhase section */
		7723890A1567EC62009FD06D /* Resources */ = {
			isa = PBXResourcesBuildPhase;
			buildActionMask = 2147483647;
			files = (
				772389161567EC62009FD06D /* InfoPlist.strings in Resources */,
				772389221567EC62009FD06D /* GDIViewController_iPhone.xib in Resources */,
				772389251567EC62009FD06D /* GDIViewController_iPad.xib in Resources */,
				7723892F1567ED57009FD06D /* diablo3.jpg in Resources */,
			);
			runOnlyForDeploymentPostprocessing = 0;
		};
		777F8B22152B67D400AF038D /* Resources */ = {
			isa = PBXResourcesBuildPhase;
			buildActionMask = 2147483647;
			files = (
				777F8B31152B67D400AF038D /* InfoPlist.strings in Resources */,
			);
			runOnlyForDeploymentPostprocessing = 0;
		};
/* End PBXResourcesBuildPhase section */

/* Begin PBXShellScriptBuildPhase section */
		777F8B23152B67D400AF038D /* ShellScript */ = {
			isa = PBXShellScriptBuildPhase;
			buildActionMask = 2147483647;
			files = (
			);
			inputPaths = (
			);
			outputPaths = (
			);
			runOnlyForDeploymentPostprocessing = 0;
			shellPath = /bin/sh;
			shellScript = "# Run the unit tests in this test bundle.\n\"${SYSTEM_DEVELOPER_DIR}/Tools/RunUnitTests\"\n";
		};
/* End PBXShellScriptBuildPhase section */

/* Begin PBXSourcesBuildPhase section */
		772389081567EC62009FD06D /* Sources */ = {
			isa = PBXSourcesBuildPhase;
			buildActionMask = 2147483647;
			files = (
				772389181567EC62009FD06D /* main.m in Sources */,
				7723891C1567EC62009FD06D /* GDIAppDelegate.m in Sources */,
				7723891F1567EC62009FD06D /* GDIViewController.m in Sources */,
			);
			runOnlyForDeploymentPostprocessing = 0;
		};
		777F8B14152B67D300AF038D /* Sources */ = {
			isa = PBXSourcesBuildPhase;
			buildActionMask = 2147483647;
			files = (
				777F8B3B152B693100AF038D /* GDITouchProxyView.m in Sources */,
				777F8B3C152B693100AF038D /* UISearchBar+GDIAdditions.m in Sources */,
				777F8B3D152B693100AF038D /* CoreGraphics+GDIAdditions.m in Sources */,
				777F8B3E152B693100AF038D /* UIView+GDIAdditions.m in Sources */,
				777F8B3F152B693100AF038D /* UIImage+GDIAdditions.m in Sources */,
				777F8B40152B693100AF038D /* UIColor+GDIAdditions.m in Sources */,
				777F8B41152B693100AF038D /* UILabel+GDIAdditions.m in Sources */,
				777F8B42152B693100AF038D /* NSString+GDIAdditions.m in Sources */,
				777F8B43152B693100AF038D /* GDIMath.m in Sources */,
				777F8B9A152B7F5D00AF038D /* CAAnimation+Blocks.m in Sources */,
				77A5688015309B19004E9C51 /* NSDate+GDIAdditions.m in Sources */,
				77CBC7861559A6F600EFEAEA /* NSData+GDIAdditions.m in Sources */,
				776A9FA2154AE5E1007966A4 /* SharedImageCache.m in Sources */,
				776A9FA4154AE5E1007966A4 /* ImageCacheObject.m in Sources */,
				776A9FA6154AE5E1007966A4 /* ImageCache.m in Sources */,
				77D66C7915616C5D002173CA /* GDISignatureCaptureView.m in Sources */,
				779D7650156B0A71008FB936 /* UIImageView+GDIAdditions.m in Sources */,
				77F49C1D156E05FF0090C78F /* UIDevice+GDIAdditions.m in Sources */,
				77DD7F4F1576A62C00695533 /* UIAlertView+GDIAdditions.m in Sources */,
			);
			runOnlyForDeploymentPostprocessing = 0;
		};
		777F8B20152B67D400AF038D /* Sources */ = {
			isa = PBXSourcesBuildPhase;
			buildActionMask = 2147483647;
			files = (
				777F8B34152B67D400AF038D /* GDICoreTests.m in Sources */,
			);
			runOnlyForDeploymentPostprocessing = 0;
		};
/* End PBXSourcesBuildPhase section */

/* Begin PBXTargetDependency section */
		772389321567EEE8009FD06D /* PBXTargetDependency */ = {
			isa = PBXTargetDependency;
			target = 777F8B17152B67D300AF038D /* GDICore */;
			targetProxy = 772389311567EEE8009FD06D /* PBXContainerItemProxy */;
		};
		777F8B2A152B67D400AF038D /* PBXTargetDependency */ = {
			isa = PBXTargetDependency;
			target = 777F8B17152B67D300AF038D /* GDICore */;
			targetProxy = 777F8B29152B67D400AF038D /* PBXContainerItemProxy */;
		};
/* End PBXTargetDependency section */

/* Begin PBXVariantGroup section */
		772389141567EC62009FD06D /* InfoPlist.strings */ = {
			isa = PBXVariantGroup;
			children = (
				772389151567EC62009FD06D /* en */,
			);
			name = InfoPlist.strings;
			sourceTree = "<group>";
		};
		772389201567EC62009FD06D /* GDIViewController_iPhone.xib */ = {
			isa = PBXVariantGroup;
			children = (
				772389211567EC62009FD06D /* en */,
			);
			name = GDIViewController_iPhone.xib;
			sourceTree = "<group>";
		};
		772389231567EC62009FD06D /* GDIViewController_iPad.xib */ = {
			isa = PBXVariantGroup;
			children = (
				772389241567EC62009FD06D /* en */,
			);
			name = GDIViewController_iPad.xib;
			sourceTree = "<group>";
		};
		777F8B2F152B67D400AF038D /* InfoPlist.strings */ = {
			isa = PBXVariantGroup;
			children = (
				777F8B30152B67D400AF038D /* en */,
			);
			name = InfoPlist.strings;
			sourceTree = "<group>";
		};
/* End PBXVariantGroup section */

/* Begin XCBuildConfiguration section */
		772389261567EC62009FD06D /* Debug */ = {
			isa = XCBuildConfiguration;
			buildSettings = {
				ALWAYS_SEARCH_USER_PATHS = YES;
				"CODE_SIGN_IDENTITY[sdk=iphoneos*]" = "iPhone Developer";
				FRAMEWORK_SEARCH_PATHS = "\"$(SRCROOT)\"/**";
				GCC_PRECOMPILE_PREFIX_HEADER = YES;
				GCC_PREFIX_HEADER = "GDICoreWorkspace/GDICoreWorkspace-Prefix.pch";
				GCC_VERSION = com.apple.compilers.llvm.clang.1_0;
				HEADER_SEARCH_PATHS = "\"$(SRCROOT)\"/**";
				INFOPLIST_FILE = "GDICoreWorkspace/GDICoreWorkspace-Info.plist";
				LIBRARY_SEARCH_PATHS = (
					"$(inherited)",
					"\"$(SDKROOT)/usr/lib/system\"",
				);
				OTHER_LDFLAGS = (
					"-all_load",
					"-ObjC",
				);
				PRODUCT_NAME = "$(TARGET_NAME)";
				WRAPPER_EXTENSION = app;
			};
			name = Debug;
		};
		772389271567EC62009FD06D /* Release */ = {
			isa = XCBuildConfiguration;
			buildSettings = {
				ALWAYS_SEARCH_USER_PATHS = YES;
				"CODE_SIGN_IDENTITY[sdk=iphoneos*]" = "iPhone Developer";
				FRAMEWORK_SEARCH_PATHS = "\"$(SRCROOT)\"/**";
				GCC_PRECOMPILE_PREFIX_HEADER = YES;
				GCC_PREFIX_HEADER = "GDICoreWorkspace/GDICoreWorkspace-Prefix.pch";
				GCC_VERSION = com.apple.compilers.llvm.clang.1_0;
				HEADER_SEARCH_PATHS = "\"$(SRCROOT)\"/**";
				INFOPLIST_FILE = "GDICoreWorkspace/GDICoreWorkspace-Info.plist";
				LIBRARY_SEARCH_PATHS = (
					"$(inherited)",
					"\"$(SDKROOT)/usr/lib/system\"",
				);
				OTHER_LDFLAGS = (
					"-all_load",
					"-ObjC",
				);
				PRODUCT_NAME = "$(TARGET_NAME)";
				WRAPPER_EXTENSION = app;
			};
			name = Release;
		};
		777F8AB7152B629F00AF038D /* Debug */ = {
			isa = XCBuildConfiguration;
			buildSettings = {
				ALWAYS_SEARCH_USER_PATHS = NO;
				ARCHS = "$(ARCHS_STANDARD_32_BIT)";
				CLANG_ENABLE_OBJC_ARC = YES;
				"CODE_SIGN_IDENTITY[sdk=iphoneos*]" = "iPhone Developer";
				COPY_PHASE_STRIP = NO;
				GCC_C_LANGUAGE_STANDARD = gnu99;
				GCC_DYNAMIC_NO_PIC = NO;
				GCC_OPTIMIZATION_LEVEL = 0;
				GCC_PREPROCESSOR_DEFINITIONS = (
					"DEBUG=1",
					"$(inherited)",
				);
				GCC_SYMBOLS_PRIVATE_EXTERN = NO;
				GCC_VERSION = "";
				GCC_WARN_ABOUT_RETURN_TYPE = YES;
				GCC_WARN_UNINITIALIZED_AUTOS = YES;
				GCC_WARN_UNUSED_VARIABLE = YES;
				IPHONEOS_DEPLOYMENT_TARGET = 5.0;
				SDKROOT = iphoneos;
				SKIP_INSTALL = YES;
				TARGETED_DEVICE_FAMILY = "1,2";
			};
			name = Debug;
		};
		777F8AB8152B629F00AF038D /* Release */ = {
			isa = XCBuildConfiguration;
			buildSettings = {
				ALWAYS_SEARCH_USER_PATHS = NO;
				ARCHS = "$(ARCHS_STANDARD_32_BIT)";
				CLANG_ENABLE_OBJC_ARC = YES;
				"CODE_SIGN_IDENTITY[sdk=iphoneos*]" = "iPhone Developer";
				COPY_PHASE_STRIP = YES;
				GCC_C_LANGUAGE_STANDARD = gnu99;
				GCC_VERSION = "";
				GCC_WARN_ABOUT_RETURN_TYPE = YES;
				GCC_WARN_UNINITIALIZED_AUTOS = YES;
				GCC_WARN_UNUSED_VARIABLE = YES;
				IPHONEOS_DEPLOYMENT_TARGET = 5.0;
				OTHER_CFLAGS = "-DNS_BLOCK_ASSERTIONS=1";
				SDKROOT = iphoneos;
				SKIP_INSTALL = YES;
				TARGETED_DEVICE_FAMILY = "1,2";
				VALIDATE_PRODUCT = YES;
			};
			name = Release;
		};
		777F8B36152B67D400AF038D /* Debug */ = {
			isa = XCBuildConfiguration;
			buildSettings = {
				DSTROOT = /tmp/GDICore.dst;
				GCC_PRECOMPILE_PREFIX_HEADER = YES;
				GCC_PREFIX_HEADER = "GDICore/GDICore-Prefix.pch";
				IPHONEOS_DEPLOYMENT_TARGET = 4.0;
				LIBRARY_SEARCH_PATHS = (
					"$(inherited)",
					"\"$(SDKROOT)/usr/lib/system\"",
				);
				OTHER_LDFLAGS = "-ObjC";
				PRIVATE_HEADERS_FOLDER_PATH = /include/GDICore/Private;
				PRODUCT_NAME = "$(TARGET_NAME)";
				PUBLIC_HEADERS_FOLDER_PATH = /include/GDICore;
				RUN_CLANG_STATIC_ANALYZER = YES;
				SKIP_INSTALL = YES;
				VALIDATE_PRODUCT = NO;
			};
			name = Debug;
		};
		777F8B37152B67D400AF038D /* Release */ = {
			isa = XCBuildConfiguration;
			buildSettings = {
				DSTROOT = /tmp/GDICore.dst;
				GCC_PRECOMPILE_PREFIX_HEADER = YES;
				GCC_PREFIX_HEADER = "GDICore/GDICore-Prefix.pch";
				IPHONEOS_DEPLOYMENT_TARGET = 4.0;
				LIBRARY_SEARCH_PATHS = (
					"$(inherited)",
					"\"$(SDKROOT)/usr/lib/system\"",
				);
				OTHER_LDFLAGS = "-ObjC";
				PRIVATE_HEADERS_FOLDER_PATH = /include/GDICore/Private;
				PRODUCT_NAME = "$(TARGET_NAME)";
				PUBLIC_HEADERS_FOLDER_PATH = /include/GDICore;
				RUN_CLANG_STATIC_ANALYZER = YES;
				SKIP_INSTALL = YES;
			};
			name = Release;
		};
		777F8B39152B67D400AF038D /* Debug */ = {
			isa = XCBuildConfiguration;
			buildSettings = {
				FRAMEWORK_SEARCH_PATHS = (
					"$(SDKROOT)/Developer/Library/Frameworks",
					"$(DEVELOPER_LIBRARY_DIR)/Frameworks",
				);
				GCC_PRECOMPILE_PREFIX_HEADER = YES;
				GCC_PREFIX_HEADER = "GDICore/GDICore-Prefix.pch";
				INFOPLIST_FILE = "GDICoreTests/GDICoreTests-Info.plist";
				PRODUCT_NAME = "$(TARGET_NAME)";
				SKIP_INSTALL = YES;
				WRAPPER_EXTENSION = octest;
			};
			name = Debug;
		};
		777F8B3A152B67D400AF038D /* Release */ = {
			isa = XCBuildConfiguration;
			buildSettings = {
				FRAMEWORK_SEARCH_PATHS = (
					"$(SDKROOT)/Developer/Library/Frameworks",
					"$(DEVELOPER_LIBRARY_DIR)/Frameworks",
				);
				GCC_PRECOMPILE_PREFIX_HEADER = YES;
				GCC_PREFIX_HEADER = "GDICore/GDICore-Prefix.pch";
				INFOPLIST_FILE = "GDICoreTests/GDICoreTests-Info.plist";
				PRODUCT_NAME = "$(TARGET_NAME)";
				SKIP_INSTALL = YES;
				WRAPPER_EXTENSION = octest;
			};
			name = Release;
		};
/* End XCBuildConfiguration section */

/* Begin XCConfigurationList section */
		772389281567EC62009FD06D /* Build configuration list for PBXNativeTarget "GDICoreWorkspace" */ = {
			isa = XCConfigurationList;
			buildConfigurations = (
				772389261567EC62009FD06D /* Debug */,
				772389271567EC62009FD06D /* Release */,
			);
			defaultConfigurationIsVisible = 0;
			defaultConfigurationName = Release;
		};
		777F8A86152B629E00AF038D /* Build configuration list for PBXProject "GDI iOS Core" */ = {
			isa = XCConfigurationList;
			buildConfigurations = (
				777F8AB7152B629F00AF038D /* Debug */,
				777F8AB8152B629F00AF038D /* Release */,
			);
			defaultConfigurationIsVisible = 0;
			defaultConfigurationName = Release;
		};
		777F8B35152B67D400AF038D /* Build configuration list for PBXNativeTarget "GDICore" */ = {
			isa = XCConfigurationList;
			buildConfigurations = (
				777F8B36152B67D400AF038D /* Debug */,
				777F8B37152B67D400AF038D /* Release */,
			);
			defaultConfigurationIsVisible = 0;
			defaultConfigurationName = Release;
		};
		777F8B38152B67D400AF038D /* Build configuration list for PBXNativeTarget "GDICoreTests" */ = {
			isa = XCConfigurationList;
			buildConfigurations = (
				777F8B39152B67D400AF038D /* Debug */,
				777F8B3A152B67D400AF038D /* Release */,
			);
			defaultConfigurationIsVisible = 0;
			defaultConfigurationName = Release;
		};
/* End XCConfigurationList section */
	};
	rootObject = 777F8A83152B629E00AF038D /* Project object */;
}
