// !$*UTF8*$!
{
	archiveVersion = 1;
	classes = {
	};
	objectVersion = 46;
	objects = {

/* Begin PBXBuildFile section */
		770DADBF194A33FA00224FF4 /* Foundation.framework in Frameworks */ = {isa = PBXBuildFile; fileRef = 770DADBE194A33FA00224FF4 /* Foundation.framework */; };
		770DADC1194A33FA00224FF4 /* CoreGraphics.framework in Frameworks */ = {isa = PBXBuildFile; fileRef = 770DADC0194A33FA00224FF4 /* CoreGraphics.framework */; };
		770DADC3194A33FA00224FF4 /* UIKit.framework in Frameworks */ = {isa = PBXBuildFile; fileRef = 770DADC2194A33FA00224FF4 /* UIKit.framework */; };
		770DADC9194A33FA00224FF4 /* InfoPlist.strings in Resources */ = {isa = PBXBuildFile; fileRef = 770DADC7194A33FA00224FF4 /* InfoPlist.strings */; };
		770DADCB194A33FA00224FF4 /* main.m in Sources */ = {isa = PBXBuildFile; fileRef = 770DADCA194A33FA00224FF4 /* main.m */; };
		770DADCF194A33FA00224FF4 /* GDIAppDelegate.m in Sources */ = {isa = PBXBuildFile; fileRef = 770DADCE194A33FA00224FF4 /* GDIAppDelegate.m */; };
		770DADD2194A33FA00224FF4 /* Main_iPhone.storyboard in Resources */ = {isa = PBXBuildFile; fileRef = 770DADD0194A33FA00224FF4 /* Main_iPhone.storyboard */; };
		770DADD5194A33FA00224FF4 /* Main_iPad.storyboard in Resources */ = {isa = PBXBuildFile; fileRef = 770DADD3194A33FA00224FF4 /* Main_iPad.storyboard */; };
		770DADD8194A33FA00224FF4 /* GDIViewController.m in Sources */ = {isa = PBXBuildFile; fileRef = 770DADD7194A33FA00224FF4 /* GDIViewController.m */; };
		770DADDA194A33FA00224FF4 /* Images.xcassets in Resources */ = {isa = PBXBuildFile; fileRef = 770DADD9194A33FA00224FF4 /* Images.xcassets */; };
		770DADE1194A33FB00224FF4 /* XCTest.framework in Frameworks */ = {isa = PBXBuildFile; fileRef = 770DADE0194A33FB00224FF4 /* XCTest.framework */; };
		770DADE2194A33FB00224FF4 /* Foundation.framework in Frameworks */ = {isa = PBXBuildFile; fileRef = 770DADBE194A33FA00224FF4 /* Foundation.framework */; };
		770DADE3194A33FB00224FF4 /* UIKit.framework in Frameworks */ = {isa = PBXBuildFile; fileRef = 770DADC2194A33FA00224FF4 /* UIKit.framework */; };
		770DADEB194A33FB00224FF4 /* InfoPlist.strings in Resources */ = {isa = PBXBuildFile; fileRef = 770DADE9194A33FB00224FF4 /* InfoPlist.strings */; };
		770DADED194A33FB00224FF4 /* GravityDemoTests.m in Sources */ = {isa = PBXBuildFile; fileRef = 770DADEC194A33FB00224FF4 /* GravityDemoTests.m */; };
/* End PBXBuildFile section */

/* Begin PBXContainerItemProxy section */
		770DADE4194A33FB00224FF4 /* PBXContainerItemProxy */ = {
			isa = PBXContainerItemProxy;
			containerPortal = 770DADB3194A33FA00224FF4 /* Project object */;
			proxyType = 1;
			remoteGlobalIDString = 770DADBA194A33FA00224FF4;
			remoteInfo = GravityDemo;
		};
/* End PBXContainerItemProxy section */

/* Begin PBXFileReference section */
		770DADBB194A33FA00224FF4 /* GravityDemo.app */ = {isa = PBXFileReference; explicitFileType = wrapper.application; includeInIndex = 0; path = GravityDemo.app; sourceTree = BUILT_PRODUCTS_DIR; };
		770DADBE194A33FA00224FF4 /* Foundation.framework */ = {isa = PBXFileReference; lastKnownFileType = wrapper.framework; name = Foundation.framework; path = System/Library/Frameworks/Foundation.framework; sourceTree = SDKROOT; };
		770DADC0194A33FA00224FF4 /* CoreGraphics.framework */ = {isa = PBXFileReference; lastKnownFileType = wrapper.framework; name = CoreGraphics.framework; path = System/Library/Frameworks/CoreGraphics.framework; sourceTree = SDKROOT; };
		770DADC2194A33FA00224FF4 /* UIKit.framework */ = {isa = PBXFileReference; lastKnownFileType = wrapper.framework; name = UIKit.framework; path = System/Library/Frameworks/UIKit.framework; sourceTree = SDKROOT; };
		770DADC6194A33FA00224FF4 /* GravityDemo-Info.plist */ = {isa = PBXFileReference; lastKnownFileType = text.plist.xml; path = "GravityDemo-Info.plist"; sourceTree = "<group>"; };
		770DADC8194A33FA00224FF4 /* en */ = {isa = PBXFileReference; lastKnownFileType = text.plist.strings; name = en; path = en.lproj/InfoPlist.strings; sourceTree = "<group>"; };
		770DADCA194A33FA00224FF4 /* main.m */ = {isa = PBXFileReference; lastKnownFileType = sourcecode.c.objc; path = main.m; sourceTree = "<group>"; };
		770DADCC194A33FA00224FF4 /* GravityDemo-Prefix.pch */ = {isa = PBXFileReference; lastKnownFileType = sourcecode.c.h; path = "GravityDemo-Prefix.pch"; sourceTree = "<group>"; };
		770DADCD194A33FA00224FF4 /* GDIAppDelegate.h */ = {isa = PBXFileReference; lastKnownFileType = sourcecode.c.h; path = GDIAppDelegate.h; sourceTree = "<group>"; };
		770DADCE194A33FA00224FF4 /* GDIAppDelegate.m */ = {isa = PBXFileReference; lastKnownFileType = sourcecode.c.objc; path = GDIAppDelegate.m; sourceTree = "<group>"; };
		770DADD1194A33FA00224FF4 /* Base */ = {isa = PBXFileReference; lastKnownFileType = file.storyboard; name = Base; path = Base.lproj/Main_iPhone.storyboard; sourceTree = "<group>"; };
		770DADD4194A33FA00224FF4 /* Base */ = {isa = PBXFileReference; lastKnownFileType = file.storyboard; name = Base; path = Base.lproj/Main_iPad.storyboard; sourceTree = "<group>"; };
		770DADD6194A33FA00224FF4 /* GDIViewController.h */ = {isa = PBXFileReference; lastKnownFileType = sourcecode.c.h; path = GDIViewController.h; sourceTree = "<group>"; };
		770DADD7194A33FA00224FF4 /* GDIViewController.m */ = {isa = PBXFileReference; lastKnownFileType = sourcecode.c.objc; path = GDIViewController.m; sourceTree = "<group>"; };
		770DADD9194A33FA00224FF4 /* Images.xcassets */ = {isa = PBXFileReference; lastKnownFileType = folder.assetcatalog; path = Images.xcassets; sourceTree = "<group>"; };
		770DADDF194A33FB00224FF4 /* GravityDemoTests.xctest */ = {isa = PBXFileReference; explicitFileType = wrapper.cfbundle; includeInIndex = 0; path = GravityDemoTests.xctest; sourceTree = BUILT_PRODUCTS_DIR; };
		770DADE0194A33FB00224FF4 /* XCTest.framework */ = {isa = PBXFileReference; lastKnownFileType = wrapper.framework; name = XCTest.framework; path = Library/Frameworks/XCTest.framework; sourceTree = DEVELOPER_DIR; };
		770DADE8194A33FB00224FF4 /* GravityDemoTests-Info.plist */ = {isa = PBXFileReference; lastKnownFileType = text.plist.xml; path = "GravityDemoTests-Info.plist"; sourceTree = "<group>"; };
		770DADEA194A33FB00224FF4 /* en */ = {isa = PBXFileReference; lastKnownFileType = text.plist.strings; name = en; path = en.lproj/InfoPlist.strings; sourceTree = "<group>"; };
		770DADEC194A33FB00224FF4 /* GravityDemoTests.m */ = {isa = PBXFileReference; lastKnownFileType = sourcecode.c.objc; path = GravityDemoTests.m; sourceTree = "<group>"; };
/* End PBXFileReference section */

/* Begin PBXFrameworksBuildPhase section */
		770DADB8194A33FA00224FF4 /* Frameworks */ = {
			isa = PBXFrameworksBuildPhase;
			buildActionMask = 2147483647;
			files = (
				770DADC1194A33FA00224FF4 /* CoreGraphics.framework in Frameworks */,
				770DADC3194A33FA00224FF4 /* UIKit.framework in Frameworks */,
				770DADBF194A33FA00224FF4 /* Foundation.framework in Frameworks */,
			);
			runOnlyForDeploymentPostprocessing = 0;
		};
		770DADDC194A33FA00224FF4 /* Frameworks */ = {
			isa = PBXFrameworksBuildPhase;
			buildActionMask = 2147483647;
			files = (
				770DADE1194A33FB00224FF4 /* XCTest.framework in Frameworks */,
				770DADE3194A33FB00224FF4 /* UIKit.framework in Frameworks */,
				770DADE2194A33FB00224FF4 /* Foundation.framework in Frameworks */,
			);
			runOnlyForDeploymentPostprocessing = 0;
		};
/* End PBXFrameworksBuildPhase section */

/* Begin PBXGroup section */
		770DADB2194A33FA00224FF4 = {
			isa = PBXGroup;
			children = (
				770DADC4194A33FA00224FF4 /* GravityDemo */,
				770DADE6194A33FB00224FF4 /* GravityDemoTests */,
				770DADBD194A33FA00224FF4 /* Frameworks */,
				770DADBC194A33FA00224FF4 /* Products */,
			);
			sourceTree = "<group>";
		};
		770DADBC194A33FA00224FF4 /* Products */ = {
			isa = PBXGroup;
			children = (
				770DADBB194A33FA00224FF4 /* GravityDemo.app */,
				770DADDF194A33FB00224FF4 /* GravityDemoTests.xctest */,
			);
			name = Products;
			sourceTree = "<group>";
		};
		770DADBD194A33FA00224FF4 /* Frameworks */ = {
			isa = PBXGroup;
			children = (
				770DADBE194A33FA00224FF4 /* Foundation.framework */,
				770DADC0194A33FA00224FF4 /* CoreGraphics.framework */,
				770DADC2194A33FA00224FF4 /* UIKit.framework */,
				770DADE0194A33FB00224FF4 /* XCTest.framework */,
			);
			name = Frameworks;
			sourceTree = "<group>";
		};
		770DADC4194A33FA00224FF4 /* GravityDemo */ = {
			isa = PBXGroup;
			children = (
				770DADCD194A33FA00224FF4 /* GDIAppDelegate.h */,
				770DADCE194A33FA00224FF4 /* GDIAppDelegate.m */,
				770DADD0194A33FA00224FF4 /* Main_iPhone.storyboard */,
				770DADD3194A33FA00224FF4 /* Main_iPad.storyboard */,
				770DADD6194A33FA00224FF4 /* GDIViewController.h */,
				770DADD7194A33FA00224FF4 /* GDIViewController.m */,
				770DADD9194A33FA00224FF4 /* Images.xcassets */,
				770DADC5194A33FA00224FF4 /* Supporting Files */,
			);
			path = GravityDemo;
			sourceTree = "<group>";
		};
		770DADC5194A33FA00224FF4 /* Supporting Files */ = {
			isa = PBXGroup;
			children = (
				770DADC6194A33FA00224FF4 /* GravityDemo-Info.plist */,
				770DADC7194A33FA00224FF4 /* InfoPlist.strings */,
				770DADCA194A33FA00224FF4 /* main.m */,
				770DADCC194A33FA00224FF4 /* GravityDemo-Prefix.pch */,
			);
			name = "Supporting Files";
			sourceTree = "<group>";
		};
		770DADE6194A33FB00224FF4 /* GravityDemoTests */ = {
			isa = PBXGroup;
			children = (
				770DADEC194A33FB00224FF4 /* GravityDemoTests.m */,
				770DADE7194A33FB00224FF4 /* Supporting Files */,
			);
			path = GravityDemoTests;
			sourceTree = "<group>";
		};
		770DADE7194A33FB00224FF4 /* Supporting Files */ = {
			isa = PBXGroup;
			children = (
				770DADE8194A33FB00224FF4 /* GravityDemoTests-Info.plist */,
				770DADE9194A33FB00224FF4 /* InfoPlist.strings */,
			);
			name = "Supporting Files";
			sourceTree = "<group>";
		};
/* End PBXGroup section */

/* Begin PBXNativeTarget section */
		770DADBA194A33FA00224FF4 /* GravityDemo */ = {
			isa = PBXNativeTarget;
			buildConfigurationList = 770DADF0194A33FB00224FF4 /* Build configuration list for PBXNativeTarget "GravityDemo" */;
			buildPhases = (
				770DADB7194A33FA00224FF4 /* Sources */,
				770DADB8194A33FA00224FF4 /* Frameworks */,
				770DADB9194A33FA00224FF4 /* Resources */,
			);
			buildRules = (
			);
			dependencies = (
			);
			name = GravityDemo;
			productName = GravityDemo;
			productReference = 770DADBB194A33FA00224FF4 /* GravityDemo.app */;
			productType = "com.apple.product-type.application";
		};
		770DADDE194A33FA00224FF4 /* GravityDemoTests */ = {
			isa = PBXNativeTarget;
			buildConfigurationList = 770DADF3194A33FB00224FF4 /* Build configuration list for PBXNativeTarget "GravityDemoTests" */;
			buildPhases = (
				770DADDB194A33FA00224FF4 /* Sources */,
				770DADDC194A33FA00224FF4 /* Frameworks */,
				770DADDD194A33FA00224FF4 /* Resources */,
			);
			buildRules = (
			);
			dependencies = (
				770DADE5194A33FB00224FF4 /* PBXTargetDependency */,
			);
			name = GravityDemoTests;
			productName = GravityDemoTests;
			productReference = 770DADDF194A33FB00224FF4 /* GravityDemoTests.xctest */;
			productType = "com.apple.product-type.bundle.unit-test";
		};
/* End PBXNativeTarget section */

/* Begin PBXProject section */
		770DADB3194A33FA00224FF4 /* Project object */ = {
			isa = PBXProject;
			attributes = {
				CLASSPREFIX = GDI;
				LastUpgradeCheck = 0510;
				ORGANIZATIONNAME = "Grant Davis Interactive, LLC";
				TargetAttributes = {
					770DADDE194A33FA00224FF4 = {
						TestTargetID = 770DADBA194A33FA00224FF4;
					};
				};
			};
			buildConfigurationList = 770DADB6194A33FA00224FF4 /* Build configuration list for PBXProject "GravityDemo" */;
			compatibilityVersion = "Xcode 3.2";
			developmentRegion = English;
			hasScannedForEncodings = 0;
			knownRegions = (
				en,
				Base,
			);
			mainGroup = 770DADB2194A33FA00224FF4;
			productRefGroup = 770DADBC194A33FA00224FF4 /* Products */;
			projectDirPath = "";
			projectRoot = "";
			targets = (
				770DADBA194A33FA00224FF4 /* GravityDemo */,
				770DADDE194A33FA00224FF4 /* GravityDemoTests */,
			);
		};
/* End PBXProject section */

/* Begin PBXResourcesBuildPhase section */
		770DADB9194A33FA00224FF4 /* Resources */ = {
			isa = PBXResourcesBuildPhase;
			buildActionMask = 2147483647;
			files = (
				770DADD5194A33FA00224FF4 /* Main_iPad.storyboard in Resources */,
				770DADDA194A33FA00224FF4 /* Images.xcassets in Resources */,
				770DADD2194A33FA00224FF4 /* Main_iPhone.storyboard in Resources */,
				770DADC9194A33FA00224FF4 /* InfoPlist.strings in Resources */,
			);
			runOnlyForDeploymentPostprocessing = 0;
		};
		770DADDD194A33FA00224FF4 /* Resources */ = {
			isa = PBXResourcesBuildPhase;
			buildActionMask = 2147483647;
			files = (
				770DADEB194A33FB00224FF4 /* InfoPlist.strings in Resources */,
			);
			runOnlyForDeploymentPostprocessing = 0;
		};
/* End PBXResourcesBuildPhase section */

/* Begin PBXSourcesBuildPhase section */
		770DADB7194A33FA00224FF4 /* Sources */ = {
			isa = PBXSourcesBuildPhase;
			buildActionMask = 2147483647;
			files = (
				770DADD8194A33FA00224FF4 /* GDIViewController.m in Sources */,
				770DADCB194A33FA00224FF4 /* main.m in Sources */,
				770DADCF194A33FA00224FF4 /* GDIAppDelegate.m in Sources */,
			);
			runOnlyForDeploymentPostprocessing = 0;
		};
		770DADDB194A33FA00224FF4 /* Sources */ = {
			isa = PBXSourcesBuildPhase;
			buildActionMask = 2147483647;
			files = (
				770DADED194A33FB00224FF4 /* GravityDemoTests.m in Sources */,
			);
			runOnlyForDeploymentPostprocessing = 0;
		};
/* End PBXSourcesBuildPhase section */

/* Begin PBXTargetDependency section */
		770DADE5194A33FB00224FF4 /* PBXTargetDependency */ = {
			isa = PBXTargetDependency;
			target = 770DADBA194A33FA00224FF4 /* GravityDemo */;
			targetProxy = 770DADE4194A33FB00224FF4 /* PBXContainerItemProxy */;
		};
/* End PBXTargetDependency section */

/* Begin PBXVariantGroup section */
		770DADC7194A33FA00224FF4 /* InfoPlist.strings */ = {
			isa = PBXVariantGroup;
			children = (
				770DADC8194A33FA00224FF4 /* en */,
			);
			name = InfoPlist.strings;
			sourceTree = "<group>";
		};
		770DADD0194A33FA00224FF4 /* Main_iPhone.storyboard */ = {
			isa = PBXVariantGroup;
			children = (
				770DADD1194A33FA00224FF4 /* Base */,
			);
			name = Main_iPhone.storyboard;
			sourceTree = "<group>";
		};
		770DADD3194A33FA00224FF4 /* Main_iPad.storyboard */ = {
			isa = PBXVariantGroup;
			children = (
				770DADD4194A33FA00224FF4 /* Base */,
			);
			name = Main_iPad.storyboard;
			sourceTree = "<group>";
		};
		770DADE9194A33FB00224FF4 /* InfoPlist.strings */ = {
			isa = PBXVariantGroup;
			children = (
				770DADEA194A33FB00224FF4 /* en */,
			);
			name = InfoPlist.strings;
			sourceTree = "<group>";
		};
/* End PBXVariantGroup section */

/* Begin XCBuildConfiguration section */
		770DADEE194A33FB00224FF4 /* Debug */ = {
			isa = XCBuildConfiguration;
			buildSettings = {
				ALWAYS_SEARCH_USER_PATHS = NO;
				CLANG_CXX_LANGUAGE_STANDARD = "gnu++0x";
				CLANG_CXX_LIBRARY = "libc++";
				CLANG_ENABLE_MODULES = YES;
				CLANG_ENABLE_OBJC_ARC = YES;
				CLANG_WARN_BOOL_CONVERSION = YES;
				CLANG_WARN_CONSTANT_CONVERSION = YES;
				CLANG_WARN_DIRECT_OBJC_ISA_USAGE = YES_ERROR;
				CLANG_WARN_EMPTY_BODY = YES;
				CLANG_WARN_ENUM_CONVERSION = YES;
				CLANG_WARN_INT_CONVERSION = YES;
				CLANG_WARN_OBJC_ROOT_CLASS = YES_ERROR;
				CLANG_WARN__DUPLICATE_METHOD_MATCH = YES;
				"CODE_SIGN_IDENTITY[sdk=iphoneos*]" = "iPhone Developer";
				COPY_PHASE_STRIP = NO;
				GCC_C_LANGUAGE_STANDARD = gnu99;
				GCC_DYNAMIC_NO_PIC = NO;
				GCC_OPTIMIZATION_LEVEL = 0;
				GCC_PREPROCESSOR_DEFINITIONS = (
					"DEBUG=1",
					"$(inherited)",
				);
				GCC_SYMBOLS_PRIVATE_EXTERN = NO;
				GCC_WARN_64_TO_32_BIT_CONVERSION = YES;
				GCC_WARN_ABOUT_RETURN_TYPE = YES_ERROR;
				GCC_WARN_UNDECLARED_SELECTOR = YES;
				GCC_WARN_UNINITIALIZED_AUTOS = YES_AGGRESSIVE;
				GCC_WARN_UNUSED_FUNCTION = YES;
				GCC_WARN_UNUSED_VARIABLE = YES;
				IPHONEOS_DEPLOYMENT_TARGET = 7.1;
				ONLY_ACTIVE_ARCH = YES;
				SDKROOT = iphoneos;
				TARGETED_DEVICE_FAMILY = "1,2";
			};
			name = Debug;
		};
		770DADEF194A33FB00224FF4 /* Release */ = {
			isa = XCBuildConfiguration;
			buildSettings = {
				ALWAYS_SEARCH_USER_PATHS = NO;
				CLANG_CXX_LANGUAGE_STANDARD = "gnu++0x";
				CLANG_CXX_LIBRARY = "libc++";
				CLANG_ENABLE_MODULES = YES;
				CLANG_ENABLE_OBJC_ARC = YES;
				CLANG_WARN_BOOL_CONVERSION = YES;
				CLANG_WARN_CONSTANT_CONVERSION = YES;
				CLANG_WARN_DIRECT_OBJC_ISA_USAGE = YES_ERROR;
				CLANG_WARN_EMPTY_BODY = YES;
				CLANG_WARN_ENUM_CONVERSION = YES;
				CLANG_WARN_INT_CONVERSION = YES;
				CLANG_WARN_OBJC_ROOT_CLASS = YES_ERROR;
				CLANG_WARN__DUPLICATE_METHOD_MATCH = YES;
				"CODE_SIGN_IDENTITY[sdk=iphoneos*]" = "iPhone Developer";
				COPY_PHASE_STRIP = YES;
				ENABLE_NS_ASSERTIONS = NO;
				GCC_C_LANGUAGE_STANDARD = gnu99;
				GCC_WARN_64_TO_32_BIT_CONVERSION = YES;
				GCC_WARN_ABOUT_RETURN_TYPE = YES_ERROR;
				GCC_WARN_UNDECLARED_SELECTOR = YES;
				GCC_WARN_UNINITIALIZED_AUTOS = YES_AGGRESSIVE;
				GCC_WARN_UNUSED_FUNCTION = YES;
				GCC_WARN_UNUSED_VARIABLE = YES;
				IPHONEOS_DEPLOYMENT_TARGET = 7.1;
				SDKROOT = iphoneos;
				TARGETED_DEVICE_FAMILY = "1,2";
				VALIDATE_PRODUCT = YES;
			};
			name = Release;
		};
		770DADF1194A33FB00224FF4 /* Debug */ = {
			isa = XCBuildConfiguration;
			buildSettings = {
				ASSETCATALOG_COMPILER_APPICON_NAME = AppIcon;
				ASSETCATALOG_COMPILER_LAUNCHIMAGE_NAME = LaunchImage;
				GCC_PRECOMPILE_PREFIX_HEADER = YES;
				GCC_PREFIX_HEADER = "GravityDemo/GravityDemo-Prefix.pch";
				INFOPLIST_FILE = "GravityDemo/GravityDemo-Info.plist";
				PRODUCT_NAME = "$(TARGET_NAME)";
				WRAPPER_EXTENSION = app;
			};
			name = Debug;
		};
		770DADF2194A33FB00224FF4 /* Release */ = {
			isa = XCBuildConfiguration;
			buildSettings = {
				ASSETCATALOG_COMPILER_APPICON_NAME = AppIcon;
				ASSETCATALOG_COMPILER_LAUNCHIMAGE_NAME = LaunchImage;
				GCC_PRECOMPILE_PREFIX_HEADER = YES;
				GCC_PREFIX_HEADER = "GravityDemo/GravityDemo-Prefix.pch";
				INFOPLIST_FILE = "GravityDemo/GravityDemo-Info.plist";
				PRODUCT_NAME = "$(TARGET_NAME)";
				WRAPPER_EXTENSION = app;
			};
			name = Release;
		};
		770DADF4194A33FB00224FF4 /* Debug */ = {
			isa = XCBuildConfiguration;
			buildSettings = {
				BUNDLE_LOADER = "$(BUILT_PRODUCTS_DIR)/GravityDemo.app/GravityDemo";
				FRAMEWORK_SEARCH_PATHS = (
					"$(SDKROOT)/Developer/Library/Frameworks",
					"$(inherited)",
					"$(DEVELOPER_FRAMEWORKS_DIR)",
				);
				GCC_PRECOMPILE_PREFIX_HEADER = YES;
				GCC_PREFIX_HEADER = "GravityDemo/GravityDemo-Prefix.pch";
				GCC_PREPROCESSOR_DEFINITIONS = (
					"DEBUG=1",
					"$(inherited)",
				);
				INFOPLIST_FILE = "GravityDemoTests/GravityDemoTests-Info.plist";
				PRODUCT_NAME = "$(TARGET_NAME)";
				TEST_HOST = "$(BUNDLE_LOADER)";
				WRAPPER_EXTENSION = xctest;
			};
			name = Debug;
		};
		770DADF5194A33FB00224FF4 /* Release */ = {
			isa = XCBuildConfiguration;
			buildSettings = {
				BUNDLE_LOADER = "$(BUILT_PRODUCTS_DIR)/GravityDemo.app/GravityDemo";
				FRAMEWORK_SEARCH_PATHS = (
					"$(SDKROOT)/Developer/Library/Frameworks",
					"$(inherited)",
					"$(DEVELOPER_FRAMEWORKS_DIR)",
				);
				GCC_PRECOMPILE_PREFIX_HEADER = YES;
				GCC_PREFIX_HEADER = "GravityDemo/GravityDemo-Prefix.pch";
				INFOPLIST_FILE = "GravityDemoTests/GravityDemoTests-Info.plist";
				PRODUCT_NAME = "$(TARGET_NAME)";
				TEST_HOST = "$(BUNDLE_LOADER)";
				WRAPPER_EXTENSION = xctest;
			};
			name = Release;
		};
/* End XCBuildConfiguration section */

/* Begin XCConfigurationList section */
		770DADB6194A33FA00224FF4 /* Build configuration list for PBXProject "GravityDemo" */ = {
			isa = XCConfigurationList;
			buildConfigurations = (
				770DADEE194A33FB00224FF4 /* Debug */,
				770DADEF194A33FB00224FF4 /* Release */,
			);
			defaultConfigurationIsVisible = 0;
			defaultConfigurationName = Release;
		};
		770DADF0194A33FB00224FF4 /* Build configuration list for PBXNativeTarget "GravityDemo" */ = {
			isa = XCConfigurationList;
			buildConfigurations = (
				770DADF1194A33FB00224FF4 /* Debug */,
				770DADF2194A33FB00224FF4 /* Release */,
			);
			defaultConfigurationIsVisible = 0;
		};
		770DADF3194A33FB00224FF4 /* Build configuration list for PBXNativeTarget "GravityDemoTests" */ = {
			isa = XCConfigurationList;
			buildConfigurations = (
				770DADF4194A33FB00224FF4 /* Debug */,
				770DADF5194A33FB00224FF4 /* Release */,
			);
			defaultConfigurationIsVisible = 0;
		};
/* End XCConfigurationList section */
	};
	rootObject = 770DADB3194A33FA00224FF4 /* Project object */;
}
